
Microsoft Visual Studio Solution File, Format Version 12.00
# Visual Studio 14
VisualStudioVersion = 14.0.25420.1
MinimumVisualStudioVersion = 10.0.40219.1
Project("{FAE04EC0-301F-11D3-BF4B-00C04F79EFBC}") = "_28_08_2016_1.Droid", "28-08-2016-1\_28_08_2016_1.Droid\_28_08_2016_1.Droid.csproj", "{5745ED81-DD63-4653-83CA-90FFAAB63932}"
EndProject
Project("{FAE04EC0-301F-11D3-BF4B-00C04F79EFBC}") = "_28_08_2016_1.iOS", "28-08-2016-1\_28_08_2016_1.iOS\_28_08_2016_1.iOS.csproj", "{44071AB5-6555-446D-B0F8-F614CF1E8992}"
EndProject
Project("{FAE04EC0-301F-11D3-BF4B-00C04F79EFBC}") = "_28_08_2016_1.WinPhone", "28-08-2016-1\_28_08_2016_1.WinPhone\_28_08_2016_1.WinPhone.csproj", "{D5E07DAC-9849-43CC-8540-0585A3C9E90A}"
EndProject
Project("{FAE04EC0-301F-11D3-BF4B-00C04F79EFBC}") = "_28_08_2016_1.UWP", "28-08-2016-1\_28_08_2016_1.UWP\_28_08_2016_1.UWP.csproj", "{17B97C0C-6DD3-4346-A919-2CF4AB645AAC}"
EndProject
Project("{FAE04EC0-301F-11D3-BF4B-00C04F79EFBC}") = "_28_08_2016_1.Windows", "28-08-2016-1\_28_08_2016_1.Windows\_28_08_2016_1.Windows.csproj", "{0F645592-1658-40C8-89EF-4AAA07F20242}"
EndProject
Project("{FAE04EC0-301F-11D3-BF4B-00C04F79EFBC}") = "_28_08_2016_1", "28-08-2016-1\_28_08_2016_1\_28_08_2016_1.csproj", "{4707446B-C463-49EE-8AD5-60C4700A535C}"
EndProject
Global
	GlobalSection(SolutionConfigurationPlatforms) = preSolution
		Ad-Hoc|Any CPU = Ad-Hoc|Any CPU
		Ad-Hoc|ARM = Ad-Hoc|ARM
		Ad-Hoc|iPhone = Ad-Hoc|iPhone
		Ad-Hoc|iPhoneSimulator = Ad-Hoc|iPhoneSimulator
		Ad-Hoc|x64 = Ad-Hoc|x64
		Ad-Hoc|x86 = Ad-Hoc|x86
		AppStore|Any CPU = AppStore|Any CPU
		AppStore|ARM = AppStore|ARM
		AppStore|iPhone = AppStore|iPhone
		AppStore|iPhoneSimulator = AppStore|iPhoneSimulator
		AppStore|x64 = AppStore|x64
		AppStore|x86 = AppStore|x86
		Debug|Any CPU = Debug|Any CPU
		Debug|ARM = Debug|ARM
		Debug|iPhone = Debug|iPhone
		Debug|iPhoneSimulator = Debug|iPhoneSimulator
		Debug|x64 = Debug|x64
		Debug|x86 = Debug|x86
		Release|Any CPU = Release|Any CPU
		Release|ARM = Release|ARM
		Release|iPhone = Release|iPhone
		Release|iPhoneSimulator = Release|iPhoneSimulator
		Release|x64 = Release|x64
		Release|x86 = Release|x86
	EndGlobalSection
	GlobalSection(ProjectConfigurationPlatforms) = postSolution
		{5745ED81-DD63-4653-83CA-90FFAAB63932}.Ad-Hoc|Any CPU.ActiveCfg = Release|Any CPU
		{5745ED81-DD63-4653-83CA-90FFAAB63932}.Ad-Hoc|Any CPU.Build.0 = Release|Any CPU
		{5745ED81-DD63-4653-83CA-90FFAAB63932}.Ad-Hoc|Any CPU.Deploy.0 = Release|Any CPU
		{5745ED81-DD63-4653-83CA-90FFAAB63932}.Ad-Hoc|ARM.ActiveCfg = Release|Any CPU
		{5745ED81-DD63-4653-83CA-90FFAAB63932}.Ad-Hoc|ARM.Build.0 = Release|Any CPU
		{5745ED81-DD63-4653-83CA-90FFAAB63932}.Ad-Hoc|ARM.Deploy.0 = Release|Any CPU
		{5745ED81-DD63-4653-83CA-90FFAAB63932}.Ad-Hoc|iPhone.ActiveCfg = Release|Any CPU
		{5745ED81-DD63-4653-83CA-90FFAAB63932}.Ad-Hoc|iPhone.Build.0 = Release|Any CPU
		{5745ED81-DD63-4653-83CA-90FFAAB63932}.Ad-Hoc|iPhone.Deploy.0 = Release|Any CPU
		{5745ED81-DD63-4653-83CA-90FFAAB63932}.Ad-Hoc|iPhoneSimulator.ActiveCfg = Release|Any CPU
		{5745ED81-DD63-4653-83CA-90FFAAB63932}.Ad-Hoc|iPhoneSimulator.Build.0 = Release|Any CPU
		{5745ED81-DD63-4653-83CA-90FFAAB63932}.Ad-Hoc|iPhoneSimulator.Deploy.0 = Release|Any CPU
		{5745ED81-DD63-4653-83CA-90FFAAB63932}.Ad-Hoc|x64.ActiveCfg = Release|Any CPU
		{5745ED81-DD63-4653-83CA-90FFAAB63932}.Ad-Hoc|x64.Build.0 = Release|Any CPU
		{5745ED81-DD63-4653-83CA-90FFAAB63932}.Ad-Hoc|x64.Deploy.0 = Release|Any CPU
		{5745ED81-DD63-4653-83CA-90FFAAB63932}.Ad-Hoc|x86.ActiveCfg = Release|Any CPU
		{5745ED81-DD63-4653-83CA-90FFAAB63932}.Ad-Hoc|x86.Build.0 = Release|Any CPU
		{5745ED81-DD63-4653-83CA-90FFAAB63932}.Ad-Hoc|x86.Deploy.0 = Release|Any CPU
		{5745ED81-DD63-4653-83CA-90FFAAB63932}.AppStore|Any CPU.ActiveCfg = Release|Any CPU
		{5745ED81-DD63-4653-83CA-90FFAAB63932}.AppStore|Any CPU.Build.0 = Release|Any CPU
		{5745ED81-DD63-4653-83CA-90FFAAB63932}.AppStore|Any CPU.Deploy.0 = Release|Any CPU
		{5745ED81-DD63-4653-83CA-90FFAAB63932}.AppStore|ARM.ActiveCfg = Release|Any CPU
		{5745ED81-DD63-4653-83CA-90FFAAB63932}.AppStore|ARM.Build.0 = Release|Any CPU
		{5745ED81-DD63-4653-83CA-90FFAAB63932}.AppStore|ARM.Deploy.0 = Release|Any CPU
		{5745ED81-DD63-4653-83CA-90FFAAB63932}.AppStore|iPhone.ActiveCfg = Release|Any CPU
		{5745ED81-DD63-4653-83CA-90FFAAB63932}.AppStore|iPhone.Build.0 = Release|Any CPU
		{5745ED81-DD63-4653-83CA-90FFAAB63932}.AppStore|iPhone.Deploy.0 = Release|Any CPU
		{5745ED81-DD63-4653-83CA-90FFAAB63932}.AppStore|iPhoneSimulator.ActiveCfg = Release|Any CPU
		{5745ED81-DD63-4653-83CA-90FFAAB63932}.AppStore|iPhoneSimulator.Build.0 = Release|Any CPU
		{5745ED81-DD63-4653-83CA-90FFAAB63932}.AppStore|iPhoneSimulator.Deploy.0 = Release|Any CPU
		{5745ED81-DD63-4653-83CA-90FFAAB63932}.AppStore|x64.ActiveCfg = Release|Any CPU
		{5745ED81-DD63-4653-83CA-90FFAAB63932}.AppStore|x64.Build.0 = Release|Any CPU
		{5745ED81-DD63-4653-83CA-90FFAAB63932}.AppStore|x64.Deploy.0 = Release|Any CPU
		{5745ED81-DD63-4653-83CA-90FFAAB63932}.AppStore|x86.ActiveCfg = Release|Any CPU
		{5745ED81-DD63-4653-83CA-90FFAAB63932}.AppStore|x86.Build.0 = Release|Any CPU
		{5745ED81-DD63-4653-83CA-90FFAAB63932}.AppStore|x86.Deploy.0 = Release|Any CPU
		{5745ED81-DD63-4653-83CA-90FFAAB63932}.Debug|Any CPU.ActiveCfg = Debug|Any CPU
		{5745ED81-DD63-4653-83CA-90FFAAB63932}.Debug|Any CPU.Build.0 = Debug|Any CPU
		{5745ED81-DD63-4653-83CA-90FFAAB63932}.Debug|Any CPU.Deploy.0 = Debug|Any CPU
		{5745ED81-DD63-4653-83CA-90FFAAB63932}.Debug|ARM.ActiveCfg = Debug|Any CPU
		{5745ED81-DD63-4653-83CA-90FFAAB63932}.Debug|ARM.Build.0 = Debug|Any CPU
		{5745ED81-DD63-4653-83CA-90FFAAB63932}.Debug|ARM.Deploy.0 = Debug|Any CPU
		{5745ED81-DD63-4653-83CA-90FFAAB63932}.Debug|iPhone.ActiveCfg = Debug|Any CPU
		{5745ED81-DD63-4653-83CA-90FFAAB63932}.Debug|iPhone.Build.0 = Debug|Any CPU
		{5745ED81-DD63-4653-83CA-90FFAAB63932}.Debug|iPhone.Deploy.0 = Debug|Any CPU
		{5745ED81-DD63-4653-83CA-90FFAAB63932}.Debug|iPhoneSimulator.ActiveCfg = Debug|Any CPU
		{5745ED81-DD63-4653-83CA-90FFAAB63932}.Debug|iPhoneSimulator.Build.0 = Debug|Any CPU
		{5745ED81-DD63-4653-83CA-90FFAAB63932}.Debug|iPhoneSimulator.Deploy.0 = Debug|Any CPU
		{5745ED81-DD63-4653-83CA-90FFAAB63932}.Debug|x64.ActiveCfg = Debug|Any CPU
		{5745ED81-DD63-4653-83CA-90FFAAB63932}.Debug|x64.Build.0 = Debug|Any CPU
		{5745ED81-DD63-4653-83CA-90FFAAB63932}.Debug|x64.Deploy.0 = Debug|Any CPU
		{5745ED81-DD63-4653-83CA-90FFAAB63932}.Debug|x86.ActiveCfg = Debug|Any CPU
		{5745ED81-DD63-4653-83CA-90FFAAB63932}.Debug|x86.Build.0 = Debug|Any CPU
		{5745ED81-DD63-4653-83CA-90FFAAB63932}.Debug|x86.Deploy.0 = Debug|Any CPU
		{5745ED81-DD63-4653-83CA-90FFAAB63932}.Release|Any CPU.ActiveCfg = Release|Any CPU
		{5745ED81-DD63-4653-83CA-90FFAAB63932}.Release|Any CPU.Build.0 = Release|Any CPU
		{5745ED81-DD63-4653-83CA-90FFAAB63932}.Release|Any CPU.Deploy.0 = Release|Any CPU
		{5745ED81-DD63-4653-83CA-90FFAAB63932}.Release|ARM.ActiveCfg = Release|Any CPU
		{5745ED81-DD63-4653-83CA-90FFAAB63932}.Release|ARM.Build.0 = Release|Any CPU
		{5745ED81-DD63-4653-83CA-90FFAAB63932}.Release|ARM.Deploy.0 = Release|Any CPU
		{5745ED81-DD63-4653-83CA-90FFAAB63932}.Release|iPhone.ActiveCfg = Release|Any CPU
		{5745ED81-DD63-4653-83CA-90FFAAB63932}.Release|iPhone.Build.0 = Release|Any CPU
		{5745ED81-DD63-4653-83CA-90FFAAB63932}.Release|iPhone.Deploy.0 = Release|Any CPU
		{5745ED81-DD63-4653-83CA-90FFAAB63932}.Release|iPhoneSimulator.ActiveCfg = Release|Any CPU
		{5745ED81-DD63-4653-83CA-90FFAAB63932}.Release|iPhoneSimulator.Build.0 = Release|Any CPU
		{5745ED81-DD63-4653-83CA-90FFAAB63932}.Release|iPhoneSimulator.Deploy.0 = Release|Any CPU
		{5745ED81-DD63-4653-83CA-90FFAAB63932}.Release|x64.ActiveCfg = Release|Any CPU
		{5745ED81-DD63-4653-83CA-90FFAAB63932}.Release|x64.Build.0 = Release|Any CPU
		{5745ED81-DD63-4653-83CA-90FFAAB63932}.Release|x64.Deploy.0 = Release|Any CPU
		{5745ED81-DD63-4653-83CA-90FFAAB63932}.Release|x86.ActiveCfg = Release|Any CPU
		{5745ED81-DD63-4653-83CA-90FFAAB63932}.Release|x86.Build.0 = Release|Any CPU
		{5745ED81-DD63-4653-83CA-90FFAAB63932}.Release|x86.Deploy.0 = Release|Any CPU
		{44071AB5-6555-446D-B0F8-F614CF1E8992}.Ad-Hoc|Any CPU.ActiveCfg = Ad-Hoc|iPhone
		{44071AB5-6555-446D-B0F8-F614CF1E8992}.Ad-Hoc|ARM.ActiveCfg = Ad-Hoc|iPhone
		{44071AB5-6555-446D-B0F8-F614CF1E8992}.Ad-Hoc|iPhone.ActiveCfg = Ad-Hoc|iPhone
		{44071AB5-6555-446D-B0F8-F614CF1E8992}.Ad-Hoc|iPhone.Build.0 = Ad-Hoc|iPhone
		{44071AB5-6555-446D-B0F8-F614CF1E8992}.Ad-Hoc|iPhoneSimulator.ActiveCfg = Ad-Hoc|iPhoneSimulator
		{44071AB5-6555-446D-B0F8-F614CF1E8992}.Ad-Hoc|iPhoneSimulator.Build.0 = Ad-Hoc|iPhoneSimulator
		{44071AB5-6555-446D-B0F8-F614CF1E8992}.Ad-Hoc|x64.ActiveCfg = Ad-Hoc|iPhone
		{44071AB5-6555-446D-B0F8-F614CF1E8992}.Ad-Hoc|x86.ActiveCfg = Ad-Hoc|iPhone
		{44071AB5-6555-446D-B0F8-F614CF1E8992}.AppStore|Any CPU.ActiveCfg = AppStore|iPhone
		{44071AB5-6555-446D-B0F8-F614CF1E8992}.AppStore|ARM.ActiveCfg = AppStore|iPhone
		{44071AB5-6555-446D-B0F8-F614CF1E8992}.AppStore|iPhone.ActiveCfg = AppStore|iPhone
		{44071AB5-6555-446D-B0F8-F614CF1E8992}.AppStore|iPhone.Build.0 = AppStore|iPhone
		{44071AB5-6555-446D-B0F8-F614CF1E8992}.AppStore|iPhoneSimulator.ActiveCfg = AppStore|iPhoneSimulator
		{44071AB5-6555-446D-B0F8-F614CF1E8992}.AppStore|iPhoneSimulator.Build.0 = AppStore|iPhoneSimulator
		{44071AB5-6555-446D-B0F8-F614CF1E8992}.AppStore|x64.ActiveCfg = AppStore|iPhone
		{44071AB5-6555-446D-B0F8-F614CF1E8992}.AppStore|x86.ActiveCfg = AppStore|iPhone
		{44071AB5-6555-446D-B0F8-F614CF1E8992}.Debug|Any CPU.ActiveCfg = Debug|iPhone
		{44071AB5-6555-446D-B0F8-F614CF1E8992}.Debug|ARM.ActiveCfg = Debug|iPhone
		{44071AB5-6555-446D-B0F8-F614CF1E8992}.Debug|iPhone.ActiveCfg = Debug|iPhone
		{44071AB5-6555-446D-B0F8-F614CF1E8992}.Debug|iPhone.Build.0 = Debug|iPhone
		{44071AB5-6555-446D-B0F8-F614CF1E8992}.Debug|iPhoneSimulator.ActiveCfg = Debug|iPhoneSimulator
		{44071AB5-6555-446D-B0F8-F614CF1E8992}.Debug|iPhoneSimulator.Build.0 = Debug|iPhoneSimulator
		{44071AB5-6555-446D-B0F8-F614CF1E8992}.Debug|x64.ActiveCfg = Debug|iPhone
		{44071AB5-6555-446D-B0F8-F614CF1E8992}.Debug|x86.ActiveCfg = Debug|iPhone
		{44071AB5-6555-446D-B0F8-F614CF1E8992}.Release|Any CPU.ActiveCfg = Release|iPhone
		{44071AB5-6555-446D-B0F8-F614CF1E8992}.Release|ARM.ActiveCfg = Release|iPhone
		{44071AB5-6555-446D-B0F8-F614CF1E8992}.Release|iPhone.ActiveCfg = Release|iPhone
		{44071AB5-6555-446D-B0F8-F614CF1E8992}.Release|iPhone.Build.0 = Release|iPhone
		{44071AB5-6555-446D-B0F8-F614CF1E8992}.Release|iPhoneSimulator.ActiveCfg = Release|iPhoneSimulator
		{44071AB5-6555-446D-B0F8-F614CF1E8992}.Release|iPhoneSimulator.Build.0 = Release|iPhoneSimulator
		{44071AB5-6555-446D-B0F8-F614CF1E8992}.Release|x64.ActiveCfg = Release|iPhone
		{44071AB5-6555-446D-B0F8-F614CF1E8992}.Release|x86.ActiveCfg = Release|iPhone
		{D5E07DAC-9849-43CC-8540-0585A3C9E90A}.Ad-Hoc|Any CPU.ActiveCfg = Release|Any CPU
		{D5E07DAC-9849-43CC-8540-0585A3C9E90A}.Ad-Hoc|Any CPU.Build.0 = Release|Any CPU
		{D5E07DAC-9849-43CC-8540-0585A3C9E90A}.Ad-Hoc|Any CPU.Deploy.0 = Release|Any CPU
		{D5E07DAC-9849-43CC-8540-0585A3C9E90A}.Ad-Hoc|ARM.ActiveCfg = Release|ARM
		{D5E07DAC-9849-43CC-8540-0585A3C9E90A}.Ad-Hoc|ARM.Build.0 = Release|ARM
		{D5E07DAC-9849-43CC-8540-0585A3C9E90A}.Ad-Hoc|ARM.Deploy.0 = Release|ARM
		{D5E07DAC-9849-43CC-8540-0585A3C9E90A}.Ad-Hoc|iPhone.ActiveCfg = Release|Any CPU
		{D5E07DAC-9849-43CC-8540-0585A3C9E90A}.Ad-Hoc|iPhone.Build.0 = Release|Any CPU
		{D5E07DAC-9849-43CC-8540-0585A3C9E90A}.Ad-Hoc|iPhone.Deploy.0 = Release|Any CPU
		{D5E07DAC-9849-43CC-8540-0585A3C9E90A}.Ad-Hoc|iPhoneSimulator.ActiveCfg = Release|Any CPU
		{D5E07DAC-9849-43CC-8540-0585A3C9E90A}.Ad-Hoc|iPhoneSimulator.Build.0 = Release|Any CPU
		{D5E07DAC-9849-43CC-8540-0585A3C9E90A}.Ad-Hoc|iPhoneSimulator.Deploy.0 = Release|Any CPU
		{D5E07DAC-9849-43CC-8540-0585A3C9E90A}.Ad-Hoc|x64.ActiveCfg = Release|Any CPU
		{D5E07DAC-9849-43CC-8540-0585A3C9E90A}.Ad-Hoc|x64.Build.0 = Release|Any CPU
		{D5E07DAC-9849-43CC-8540-0585A3C9E90A}.Ad-Hoc|x64.Deploy.0 = Release|Any CPU
		{D5E07DAC-9849-43CC-8540-0585A3C9E90A}.Ad-Hoc|x86.ActiveCfg = Release|x86
		{D5E07DAC-9849-43CC-8540-0585A3C9E90A}.Ad-Hoc|x86.Build.0 = Release|x86
		{D5E07DAC-9849-43CC-8540-0585A3C9E90A}.Ad-Hoc|x86.Deploy.0 = Release|x86
		{D5E07DAC-9849-43CC-8540-0585A3C9E90A}.AppStore|Any CPU.ActiveCfg = Release|Any CPU
		{D5E07DAC-9849-43CC-8540-0585A3C9E90A}.AppStore|Any CPU.Build.0 = Release|Any CPU
		{D5E07DAC-9849-43CC-8540-0585A3C9E90A}.AppStore|Any CPU.Deploy.0 = Release|Any CPU
		{D5E07DAC-9849-43CC-8540-0585A3C9E90A}.AppStore|ARM.ActiveCfg = Release|ARM
		{D5E07DAC-9849-43CC-8540-0585A3C9E90A}.AppStore|ARM.Build.0 = Release|ARM
		{D5E07DAC-9849-43CC-8540-0585A3C9E90A}.AppStore|ARM.Deploy.0 = Release|ARM
		{D5E07DAC-9849-43CC-8540-0585A3C9E90A}.AppStore|iPhone.ActiveCfg = Release|Any CPU
		{D5E07DAC-9849-43CC-8540-0585A3C9E90A}.AppStore|iPhone.Build.0 = Release|Any CPU
		{D5E07DAC-9849-43CC-8540-0585A3C9E90A}.AppStore|iPhone.Deploy.0 = Release|Any CPU
		{D5E07DAC-9849-43CC-8540-0585A3C9E90A}.AppStore|iPhoneSimulator.ActiveCfg = Release|Any CPU
		{D5E07DAC-9849-43CC-8540-0585A3C9E90A}.AppStore|iPhoneSimulator.Build.0 = Release|Any CPU
		{D5E07DAC-9849-43CC-8540-0585A3C9E90A}.AppStore|iPhoneSimulator.Deploy.0 = Release|Any CPU
		{D5E07DAC-9849-43CC-8540-0585A3C9E90A}.AppStore|x64.ActiveCfg = Release|Any CPU
		{D5E07DAC-9849-43CC-8540-0585A3C9E90A}.AppStore|x64.Build.0 = Release|Any CPU
		{D5E07DAC-9849-43CC-8540-0585A3C9E90A}.AppStore|x64.Deploy.0 = Release|Any CPU
		{D5E07DAC-9849-43CC-8540-0585A3C9E90A}.AppStore|x86.ActiveCfg = Release|x86
		{D5E07DAC-9849-43CC-8540-0585A3C9E90A}.AppStore|x86.Build.0 = Release|x86
		{D5E07DAC-9849-43CC-8540-0585A3C9E90A}.AppStore|x86.Deploy.0 = Release|x86
		{D5E07DAC-9849-43CC-8540-0585A3C9E90A}.Debug|Any CPU.ActiveCfg = Debug|Any CPU
		{D5E07DAC-9849-43CC-8540-0585A3C9E90A}.Debug|Any CPU.Build.0 = Debug|Any CPU
		{D5E07DAC-9849-43CC-8540-0585A3C9E90A}.Debug|Any CPU.Deploy.0 = Debug|Any CPU
		{D5E07DAC-9849-43CC-8540-0585A3C9E90A}.Debug|ARM.ActiveCfg = Debug|ARM
		{D5E07DAC-9849-43CC-8540-0585A3C9E90A}.Debug|ARM.Build.0 = Debug|ARM
		{D5E07DAC-9849-43CC-8540-0585A3C9E90A}.Debug|ARM.Deploy.0 = Debug|ARM
		{D5E07DAC-9849-43CC-8540-0585A3C9E90A}.Debug|iPhone.ActiveCfg = Debug|Any CPU
		{D5E07DAC-9849-43CC-8540-0585A3C9E90A}.Debug|iPhone.Build.0 = Debug|Any CPU
		{D5E07DAC-9849-43CC-8540-0585A3C9E90A}.Debug|iPhone.Deploy.0 = Debug|Any CPU
		{D5E07DAC-9849-43CC-8540-0585A3C9E90A}.Debug|iPhoneSimulator.ActiveCfg = Debug|Any CPU
		{D5E07DAC-9849-43CC-8540-0585A3C9E90A}.Debug|iPhoneSimulator.Build.0 = Debug|Any CPU
		{D5E07DAC-9849-43CC-8540-0585A3C9E90A}.Debug|iPhoneSimulator.Deploy.0 = Debug|Any CPU
		{D5E07DAC-9849-43CC-8540-0585A3C9E90A}.Debug|x64.ActiveCfg = Debug|Any CPU
		{D5E07DAC-9849-43CC-8540-0585A3C9E90A}.Debug|x64.Build.0 = Debug|Any CPU
		{D5E07DAC-9849-43CC-8540-0585A3C9E90A}.Debug|x64.Deploy.0 = Debug|Any CPU
		{D5E07DAC-9849-43CC-8540-0585A3C9E90A}.Debug|x86.ActiveCfg = Debug|x86
		{D5E07DAC-9849-43CC-8540-0585A3C9E90A}.Debug|x86.Build.0 = Debug|x86
		{D5E07DAC-9849-43CC-8540-0585A3C9E90A}.Debug|x86.Deploy.0 = Debug|x86
		{D5E07DAC-9849-43CC-8540-0585A3C9E90A}.Release|Any CPU.ActiveCfg = Release|Any CPU
		{D5E07DAC-9849-43CC-8540-0585A3C9E90A}.Release|Any CPU.Build.0 = Release|Any CPU
		{D5E07DAC-9849-43CC-8540-0585A3C9E90A}.Release|Any CPU.Deploy.0 = Release|Any CPU
		{D5E07DAC-9849-43CC-8540-0585A3C9E90A}.Release|ARM.ActiveCfg = Release|ARM
		{D5E07DAC-9849-43CC-8540-0585A3C9E90A}.Release|ARM.Build.0 = Release|ARM
		{D5E07DAC-9849-43CC-8540-0585A3C9E90A}.Release|ARM.Deploy.0 = Release|ARM
		{D5E07DAC-9849-43CC-8540-0585A3C9E90A}.Release|iPhone.ActiveCfg = Release|Any CPU
		{D5E07DAC-9849-43CC-8540-0585A3C9E90A}.Release|iPhone.Build.0 = Release|Any CPU
		{D5E07DAC-9849-43CC-8540-0585A3C9E90A}.Release|iPhone.Deploy.0 = Release|Any CPU
		{D5E07DAC-9849-43CC-8540-0585A3C9E90A}.Release|iPhoneSimulator.ActiveCfg = Release|Any CPU
		{D5E07DAC-9849-43CC-8540-0585A3C9E90A}.Release|iPhoneSimulator.Build.0 = Release|Any CPU
		{D5E07DAC-9849-43CC-8540-0585A3C9E90A}.Release|iPhoneSimulator.Deploy.0 = Release|Any CPU
		{D5E07DAC-9849-43CC-8540-0585A3C9E90A}.Release|x64.ActiveCfg = Release|Any CPU
		{D5E07DAC-9849-43CC-8540-0585A3C9E90A}.Release|x64.Build.0 = Release|Any CPU
		{D5E07DAC-9849-43CC-8540-0585A3C9E90A}.Release|x64.Deploy.0 = Release|Any CPU
		{D5E07DAC-9849-43CC-8540-0585A3C9E90A}.Release|x86.ActiveCfg = Release|x86
		{D5E07DAC-9849-43CC-8540-0585A3C9E90A}.Release|x86.Build.0 = Release|x86
		{D5E07DAC-9849-43CC-8540-0585A3C9E90A}.Release|x86.Deploy.0 = Release|x86
		{17B97C0C-6DD3-4346-A919-2CF4AB645AAC}.Ad-Hoc|Any CPU.ActiveCfg = Release|x86
		{17B97C0C-6DD3-4346-A919-2CF4AB645AAC}.Ad-Hoc|Any CPU.Build.0 = Release|x86
		{17B97C0C-6DD3-4346-A919-2CF4AB645AAC}.Ad-Hoc|Any CPU.Deploy.0 = Release|x86
		{17B97C0C-6DD3-4346-A919-2CF4AB645AAC}.Ad-Hoc|ARM.ActiveCfg = Release|ARM
		{17B97C0C-6DD3-4346-A919-2CF4AB645AAC}.Ad-Hoc|ARM.Build.0 = Release|ARM
		{17B97C0C-6DD3-4346-A919-2CF4AB645AAC}.Ad-Hoc|ARM.Deploy.0 = Release|ARM
		{17B97C0C-6DD3-4346-A919-2CF4AB645AAC}.Ad-Hoc|iPhone.ActiveCfg = Release|x86
		{17B97C0C-6DD3-4346-A919-2CF4AB645AAC}.Ad-Hoc|iPhone.Build.0 = Release|x86
		{17B97C0C-6DD3-4346-A919-2CF4AB645AAC}.Ad-Hoc|iPhone.Deploy.0 = Release|x86
		{17B97C0C-6DD3-4346-A919-2CF4AB645AAC}.Ad-Hoc|iPhoneSimulator.ActiveCfg = Release|x86
		{17B97C0C-6DD3-4346-A919-2CF4AB645AAC}.Ad-Hoc|iPhoneSimulator.Build.0 = Release|x86
		{17B97C0C-6DD3-4346-A919-2CF4AB645AAC}.Ad-Hoc|iPhoneSimulator.Deploy.0 = Release|x86
		{17B97C0C-6DD3-4346-A919-2CF4AB645AAC}.Ad-Hoc|x64.ActiveCfg = Release|x64
		{17B97C0C-6DD3-4346-A919-2CF4AB645AAC}.Ad-Hoc|x64.Build.0 = Release|x64
		{17B97C0C-6DD3-4346-A919-2CF4AB645AAC}.Ad-Hoc|x64.Deploy.0 = Release|x64
		{17B97C0C-6DD3-4346-A919-2CF4AB645AAC}.Ad-Hoc|x86.ActiveCfg = Release|x86
		{17B97C0C-6DD3-4346-A919-2CF4AB645AAC}.Ad-Hoc|x86.Build.0 = Release|x86
		{17B97C0C-6DD3-4346-A919-2CF4AB645AAC}.Ad-Hoc|x86.Deploy.0 = Release|x86
		{17B97C0C-6DD3-4346-A919-2CF4AB645AAC}.AppStore|Any CPU.ActiveCfg = Release|x86
		{17B97C0C-6DD3-4346-A919-2CF4AB645AAC}.AppStore|Any CPU.Build.0 = Release|x86
		{17B97C0C-6DD3-4346-A919-2CF4AB645AAC}.AppStore|Any CPU.Deploy.0 = Release|x86
		{17B97C0C-6DD3-4346-A919-2CF4AB645AAC}.AppStore|ARM.ActiveCfg = Release|ARM
		{17B97C0C-6DD3-4346-A919-2CF4AB645AAC}.AppStore|ARM.Build.0 = Release|ARM
		{17B97C0C-6DD3-4346-A919-2CF4AB645AAC}.AppStore|ARM.Deploy.0 = Release|ARM
		{17B97C0C-6DD3-4346-A919-2CF4AB645AAC}.AppStore|iPhone.ActiveCfg = Release|x86
		{17B97C0C-6DD3-4346-A919-2CF4AB645AAC}.AppStore|iPhone.Build.0 = Release|x86
		{17B97C0C-6DD3-4346-A919-2CF4AB645AAC}.AppStore|iPhone.Deploy.0 = Release|x86
		{17B97C0C-6DD3-4346-A919-2CF4AB645AAC}.AppStore|iPhoneSimulator.ActiveCfg = Release|x86
		{17B97C0C-6DD3-4346-A919-2CF4AB645AAC}.AppStore|iPhoneSimulator.Build.0 = Release|x86
		{17B97C0C-6DD3-4346-A919-2CF4AB645AAC}.AppStore|iPhoneSimulator.Deploy.0 = Release|x86
		{17B97C0C-6DD3-4346-A919-2CF4AB645AAC}.AppStore|x64.ActiveCfg = Release|x64
		{17B97C0C-6DD3-4346-A919-2CF4AB645AAC}.AppStore|x64.Build.0 = Release|x64
		{17B97C0C-6DD3-4346-A919-2CF4AB645AAC}.AppStore|x64.Deploy.0 = Release|x64
		{17B97C0C-6DD3-4346-A919-2CF4AB645AAC}.AppStore|x86.ActiveCfg = Release|x86
		{17B97C0C-6DD3-4346-A919-2CF4AB645AAC}.AppStore|x86.Build.0 = Release|x86
		{17B97C0C-6DD3-4346-A919-2CF4AB645AAC}.AppStore|x86.Deploy.0 = Release|x86
		{17B97C0C-6DD3-4346-A919-2CF4AB645AAC}.Debug|Any CPU.ActiveCfg = Debug|x86
		{17B97C0C-6DD3-4346-A919-2CF4AB645AAC}.Debug|ARM.ActiveCfg = Debug|ARM
		{17B97C0C-6DD3-4346-A919-2CF4AB645AAC}.Debug|ARM.Build.0 = Debug|ARM
		{17B97C0C-6DD3-4346-A919-2CF4AB645AAC}.Debug|ARM.Deploy.0 = Debug|ARM
		{17B97C0C-6DD3-4346-A919-2CF4AB645AAC}.Debug|iPhone.ActiveCfg = Debug|x86
		{17B97C0C-6DD3-4346-A919-2CF4AB645AAC}.Debug|iPhoneSimulator.ActiveCfg = Debug|x86
		{17B97C0C-6DD3-4346-A919-2CF4AB645AAC}.Debug|x64.ActiveCfg = Debug|x64
		{17B97C0C-6DD3-4346-A919-2CF4AB645AAC}.Debug|x64.Build.0 = Debug|x64
		{17B97C0C-6DD3-4346-A919-2CF4AB645AAC}.Debug|x64.Deploy.0 = Debug|x64
		{17B97C0C-6DD3-4346-A919-2CF4AB645AAC}.Debug|x86.ActiveCfg = Debug|x86
		{17B97C0C-6DD3-4346-A919-2CF4AB645AAC}.Debug|x86.Build.0 = Debug|x86
		{17B97C0C-6DD3-4346-A919-2CF4AB645AAC}.Debug|x86.Deploy.0 = Debug|x86
		{17B97C0C-6DD3-4346-A919-2CF4AB645AAC}.Release|Any CPU.ActiveCfg = Release|x86
		{17B97C0C-6DD3-4346-A919-2CF4AB645AAC}.Release|ARM.ActiveCfg = Release|ARM
		{17B97C0C-6DD3-4346-A919-2CF4AB645AAC}.Release|ARM.Build.0 = Release|ARM
		{17B97C0C-6DD3-4346-A919-2CF4AB645AAC}.Release|ARM.Deploy.0 = Release|ARM
		{17B97C0C-6DD3-4346-A919-2CF4AB645AAC}.Release|iPhone.ActiveCfg = Release|x86
		{17B97C0C-6DD3-4346-A919-2CF4AB645AAC}.Release|iPhoneSimulator.ActiveCfg = Release|x86
		{17B97C0C-6DD3-4346-A919-2CF4AB645AAC}.Release|x64.ActiveCfg = Release|x64
		{17B97C0C-6DD3-4346-A919-2CF4AB645AAC}.Release|x64.Build.0 = Release|x64
		{17B97C0C-6DD3-4346-A919-2CF4AB645AAC}.Release|x64.Deploy.0 = Release|x64
		{17B97C0C-6DD3-4346-A919-2CF4AB645AAC}.Release|x86.ActiveCfg = Release|x86
		{17B97C0C-6DD3-4346-A919-2CF4AB645AAC}.Release|x86.Build.0 = Release|x86
		{17B97C0C-6DD3-4346-A919-2CF4AB645AAC}.Release|x86.Deploy.0 = Release|x86
		{0F645592-1658-40C8-89EF-4AAA07F20242}.Ad-Hoc|Any CPU.ActiveCfg = Release|Any CPU
		{0F645592-1658-40C8-89EF-4AAA07F20242}.Ad-Hoc|Any CPU.Build.0 = Release|Any CPU
		{0F645592-1658-40C8-89EF-4AAA07F20242}.Ad-Hoc|Any CPU.Deploy.0 = Release|Any CPU
		{0F645592-1658-40C8-89EF-4AAA07F20242}.Ad-Hoc|ARM.ActiveCfg = Release|ARM
		{0F645592-1658-40C8-89EF-4AAA07F20242}.Ad-Hoc|ARM.Build.0 = Release|ARM
		{0F645592-1658-40C8-89EF-4AAA07F20242}.Ad-Hoc|ARM.Deploy.0 = Release|ARM
		{0F645592-1658-40C8-89EF-4AAA07F20242}.Ad-Hoc|iPhone.ActiveCfg = Release|Any CPU
		{0F645592-1658-40C8-89EF-4AAA07F20242}.Ad-Hoc|iPhone.Build.0 = Release|Any CPU
		{0F645592-1658-40C8-89EF-4AAA07F20242}.Ad-Hoc|iPhone.Deploy.0 = Release|Any CPU
		{0F645592-1658-40C8-89EF-4AAA07F20242}.Ad-Hoc|iPhoneSimulator.ActiveCfg = Release|Any CPU
		{0F645592-1658-40C8-89EF-4AAA07F20242}.Ad-Hoc|iPhoneSimulator.Build.0 = Release|Any CPU
		{0F645592-1658-40C8-89EF-4AAA07F20242}.Ad-Hoc|iPhoneSimulator.Deploy.0 = Release|Any CPU
		{0F645592-1658-40C8-89EF-4AAA07F20242}.Ad-Hoc|x64.ActiveCfg = Release|x64
		{0F645592-1658-40C8-89EF-4AAA07F20242}.Ad-Hoc|x64.Build.0 = Release|x64
		{0F645592-1658-40C8-89EF-4AAA07F20242}.Ad-Hoc|x64.Deploy.0 = Release|x64
		{0F645592-1658-40C8-89EF-4AAA07F20242}.Ad-Hoc|x86.ActiveCfg = Release|x86
		{0F645592-1658-40C8-89EF-4AAA07F20242}.Ad-Hoc|x86.Build.0 = Release|x86
		{0F645592-1658-40C8-89EF-4AAA07F20242}.Ad-Hoc|x86.Deploy.0 = Release|x86
		{0F645592-1658-40C8-89EF-4AAA07F20242}.AppStore|Any CPU.ActiveCfg = Release|Any CPU
		{0F645592-1658-40C8-89EF-4AAA07F20242}.AppStore|Any CPU.Build.0 = Release|Any CPU
		{0F645592-1658-40C8-89EF-4AAA07F20242}.AppStore|Any CPU.Deploy.0 = Release|Any CPU
		{0F645592-1658-40C8-89EF-4AAA07F20242}.AppStore|ARM.ActiveCfg = Release|ARM
		{0F645592-1658-40C8-89EF-4AAA07F20242}.AppStore|ARM.Build.0 = Release|ARM
		{0F645592-1658-40C8-89EF-4AAA07F20242}.AppStore|ARM.Deploy.0 = Release|ARM
		{0F645592-1658-40C8-89EF-4AAA07F20242}.AppStore|iPhone.ActiveCfg = Release|Any CPU
		{0F645592-1658-40C8-89EF-4AAA07F20242}.AppStore|iPhone.Build.0 = Release|Any CPU
		{0F645592-1658-40C8-89EF-4AAA07F20242}.AppStore|iPhone.Deploy.0 = Release|Any CPU
		{0F645592-1658-40C8-89EF-4AAA07F20242}.AppStore|iPhoneSimulator.ActiveCfg = Release|Any CPU
		{0F645592-1658-40C8-89EF-4AAA07F20242}.AppStore|iPhoneSimulator.Build.0 = Release|Any CPU
		{0F645592-1658-40C8-89EF-4AAA07F20242}.AppStore|iPhoneSimulator.Deploy.0 = Release|Any CPU
		{0F645592-1658-40C8-89EF-4AAA07F20242}.AppStore|x64.ActiveCfg = Release|x64
		{0F645592-1658-40C8-89EF-4AAA07F20242}.AppStore|x64.Build.0 = Release|x64
		{0F645592-1658-40C8-89EF-4AAA07F20242}.AppStore|x64.Deploy.0 = Release|x64
		{0F645592-1658-40C8-89EF-4AAA07F20242}.AppStore|x86.ActiveCfg = Release|x86
		{0F645592-1658-40C8-89EF-4AAA07F20242}.AppStore|x86.Build.0 = Release|x86
		{0F645592-1658-40C8-89EF-4AAA07F20242}.AppStore|x86.Deploy.0 = Release|x86
		{0F645592-1658-40C8-89EF-4AAA07F20242}.Debug|Any CPU.ActiveCfg = Debug|Any CPU
		{0F645592-1658-40C8-89EF-4AAA07F20242}.Debug|Any CPU.Build.0 = Debug|Any CPU
		{0F645592-1658-40C8-89EF-4AAA07F20242}.Debug|Any CPU.Deploy.0 = Debug|Any CPU
		{0F645592-1658-40C8-89EF-4AAA07F20242}.Debug|ARM.ActiveCfg = Debug|ARM
		{0F645592-1658-40C8-89EF-4AAA07F20242}.Debug|ARM.Build.0 = Debug|ARM
		{0F645592-1658-40C8-89EF-4AAA07F20242}.Debug|ARM.Deploy.0 = Debug|ARM
		{0F645592-1658-40C8-89EF-4AAA07F20242}.Debug|iPhone.ActiveCfg = Debug|Any CPU
		{0F645592-1658-40C8-89EF-4AAA07F20242}.Debug|iPhone.Build.0 = Debug|Any CPU
		{0F645592-1658-40C8-89EF-4AAA07F20242}.Debug|iPhone.Deploy.0 = Debug|Any CPU
		{0F645592-1658-40C8-89EF-4AAA07F20242}.Debug|iPhoneSimulator.ActiveCfg = Debug|Any CPU
		{0F645592-1658-40C8-89EF-4AAA07F20242}.Debug|iPhoneSimulator.Build.0 = Debug|Any CPU
		{0F645592-1658-40C8-89EF-4AAA07F20242}.Debug|iPhoneSimulator.Deploy.0 = Debug|Any CPU
		{0F645592-1658-40C8-89EF-4AAA07F20242}.Debug|x64.ActiveCfg = Debug|x64
		{0F645592-1658-40C8-89EF-4AAA07F20242}.Debug|x64.Build.0 = Debug|x64
		{0F645592-1658-40C8-89EF-4AAA07F20242}.Debug|x64.Deploy.0 = Debug|x64
		{0F645592-1658-40C8-89EF-4AAA07F20242}.Debug|x86.ActiveCfg = Debug|x86
		{0F645592-1658-40C8-89EF-4AAA07F20242}.Debug|x86.Build.0 = Debug|x86
		{0F645592-1658-40C8-89EF-4AAA07F20242}.Debug|x86.Deploy.0 = Debug|x86
		{0F645592-1658-40C8-89EF-4AAA07F20242}.Release|Any CPU.ActiveCfg = Release|Any CPU
		{0F645592-1658-40C8-89EF-4AAA07F20242}.Release|Any CPU.Build.0 = Release|Any CPU
		{0F645592-1658-40C8-89EF-4AAA07F20242}.Release|Any CPU.Deploy.0 = Release|Any CPU
		{0F645592-1658-40C8-89EF-4AAA07F20242}.Release|ARM.ActiveCfg = Release|ARM
		{0F645592-1658-40C8-89EF-4AAA07F20242}.Release|ARM.Build.0 = Release|ARM
		{0F645592-1658-40C8-89EF-4AAA07F20242}.Release|ARM.Deploy.0 = Release|ARM
		{0F645592-1658-40C8-89EF-4AAA07F20242}.Release|iPhone.ActiveCfg = Release|Any CPU
		{0F645592-1658-40C8-89EF-4AAA07F20242}.Release|iPhone.Build.0 = Release|Any CPU
		{0F645592-1658-40C8-89EF-4AAA07F20242}.Release|iPhone.Deploy.0 = Release|Any CPU
		{0F645592-1658-40C8-89EF-4AAA07F20242}.Release|iPhoneSimulator.ActiveCfg = Release|Any CPU
		{0F645592-1658-40C8-89EF-4AAA07F20242}.Release|iPhoneSimulator.Build.0 = Release|Any CPU
		{0F645592-1658-40C8-89EF-4AAA07F20242}.Release|iPhoneSimulator.Deploy.0 = Release|Any CPU
		{0F645592-1658-40C8-89EF-4AAA07F20242}.Release|x64.ActiveCfg = Release|x64
		{0F645592-1658-40C8-89EF-4AAA07F20242}.Release|x64.Build.0 = Release|x64
		{0F645592-1658-40C8-89EF-4AAA07F20242}.Release|x64.Deploy.0 = Release|x64
		{0F645592-1658-40C8-89EF-4AAA07F20242}.Release|x86.ActiveCfg = Release|x86
		{0F645592-1658-40C8-89EF-4AAA07F20242}.Release|x86.Build.0 = Release|x86
		{0F645592-1658-40C8-89EF-4AAA07F20242}.Release|x86.Deploy.0 = Release|x86
		{4707446B-C463-49EE-8AD5-60C4700A535C}.Ad-Hoc|Any CPU.ActiveCfg = Release|Any CPU
		{4707446B-C463-49EE-8AD5-60C4700A535C}.Ad-Hoc|Any CPU.Build.0 = Release|Any CPU
		{4707446B-C463-49EE-8AD5-60C4700A535C}.Ad-Hoc|ARM.ActiveCfg = Release|Any CPU
		{4707446B-C463-49EE-8AD5-60C4700A535C}.Ad-Hoc|ARM.Build.0 = Release|Any CPU
		{4707446B-C463-49EE-8AD5-60C4700A535C}.Ad-Hoc|iPhone.ActiveCfg = Release|Any CPU
		{4707446B-C463-49EE-8AD5-60C4700A535C}.Ad-Hoc|iPhone.Build.0 = Release|Any CPU
		{4707446B-C463-49EE-8AD5-60C4700A535C}.Ad-Hoc|iPhoneSimulator.ActiveCfg = Release|Any CPU
		{4707446B-C463-49EE-8AD5-60C4700A535C}.Ad-Hoc|iPhoneSimulator.Build.0 = Release|Any CPU
		{4707446B-C463-49EE-8AD5-60C4700A535C}.Ad-Hoc|x64.ActiveCfg = Release|Any CPU
		{4707446B-C463-49EE-8AD5-60C4700A535C}.Ad-Hoc|x64.Build.0 = Release|Any CPU
		{4707446B-C463-49EE-8AD5-60C4700A535C}.Ad-Hoc|x86.ActiveCfg = Release|Any CPU
		{4707446B-C463-49EE-8AD5-60C4700A535C}.Ad-Hoc|x86.Build.0 = Release|Any CPU
		{4707446B-C463-49EE-8AD5-60C4700A535C}.AppStore|Any CPU.ActiveCfg = Release|Any CPU
		{4707446B-C463-49EE-8AD5-60C4700A535C}.AppStore|Any CPU.Build.0 = Release|Any CPU
		{4707446B-C463-49EE-8AD5-60C4700A535C}.AppStore|ARM.ActiveCfg = Release|Any CPU
		{4707446B-C463-49EE-8AD5-60C4700A535C}.AppStore|ARM.Build.0 = Release|Any CPU
		{4707446B-C463-49EE-8AD5-60C4700A535C}.AppStore|iPhone.ActiveCfg = Release|Any CPU
		{4707446B-C463-49EE-8AD5-60C4700A535C}.AppStore|iPhone.Build.0 = Release|Any CPU
		{4707446B-C463-49EE-8AD5-60C4700A535C}.AppStore|iPhoneSimulator.ActiveCfg = Release|Any CPU
		{4707446B-C463-49EE-8AD5-60C4700A535C}.AppStore|iPhoneSimulator.Build.0 = Release|Any CPU
		{4707446B-C463-49EE-8AD5-60C4700A535C}.AppStore|x64.ActiveCfg = Release|Any CPU
		{4707446B-C463-49EE-8AD5-60C4700A535C}.AppStore|x64.Build.0 = Release|Any CPU
		{4707446B-C463-49EE-8AD5-60C4700A535C}.AppStore|x86.ActiveCfg = Release|Any CPU
		{4707446B-C463-49EE-8AD5-60C4700A535C}.AppStore|x86.Build.0 = Release|Any CPU
		{4707446B-C463-49EE-8AD5-60C4700A535C}.Debug|Any CPU.ActiveCfg = Debug|Any CPU
		{4707446B-C463-49EE-8AD5-60C4700A535C}.Debug|Any CPU.Build.0 = Debug|Any CPU
		{4707446B-C463-49EE-8AD5-60C4700A535C}.Debug|ARM.ActiveCfg = Debug|Any CPU
		{4707446B-C463-49EE-8AD5-60C4700A535C}.Debug|ARM.Build.0 = Debug|Any CPU
		{4707446B-C463-49EE-8AD5-60C4700A535C}.Debug|iPhone.ActiveCfg = Debug|Any CPU
		{4707446B-C463-49EE-8AD5-60C4700A535C}.Debug|iPhone.Build.0 = Debug|Any CPU
		{4707446B-C463-49EE-8AD5-60C4700A535C}.Debug|iPhoneSimulator.ActiveCfg = Debug|Any CPU
		{4707446B-C463-49EE-8AD5-60C4700A535C}.Debug|iPhoneSimulator.Build.0 = Debug|Any CPU
		{4707446B-C463-49EE-8AD5-60C4700A535C}.Debug|x64.ActiveCfg = Debug|Any CPU
		{4707446B-C463-49EE-8AD5-60C4700A535C}.Debug|x64.Build.0 = Debug|Any CPU
		{4707446B-C463-49EE-8AD5-60C4700A535C}.Debug|x86.ActiveCfg = Debug|Any CPU
		{4707446B-C463-49EE-8AD5-60C4700A535C}.Debug|x86.Build.0 = Debug|Any CPU
		{4707446B-C463-49EE-8AD5-60C4700A535C}.Release|Any CPU.ActiveCfg = Release|Any CPU
		{4707446B-C463-49EE-8AD5-60C4700A535C}.Release|Any CPU.Build.0 = Release|Any CPU
		{4707446B-C463-49EE-8AD5-60C4700A535C}.Release|ARM.ActiveCfg = Release|Any CPU
		{4707446B-C463-49EE-8AD5-60C4700A535C}.Release|ARM.Build.0 = Release|Any CPU
		{4707446B-C463-49EE-8AD5-60C4700A535C}.Release|iPhone.ActiveCfg = Release|Any CPU
		{4707446B-C463-49EE-8AD5-60C4700A535C}.Release|iPhone.Build.0 = Release|Any CPU
		{4707446B-C463-49EE-8AD5-60C4700A535C}.Release|iPhoneSimulator.ActiveCfg = Release|Any CPU
		{4707446B-C463-49EE-8AD5-60C4700A535C}.Release|iPhoneSimulator.Build.0 = Release|Any CPU
		{4707446B-C463-49EE-8AD5-60C4700A535C}.Release|x64.ActiveCfg = Release|Any CPU
		{4707446B-C463-49EE-8AD5-60C4700A535C}.Release|x64.Build.0 = Release|Any CPU
		{4707446B-C463-49EE-8AD5-60C4700A535C}.Release|x86.ActiveCfg = Release|Any CPU
		{4707446B-C463-49EE-8AD5-60C4700A535C}.Release|x86.Build.0 = Release|Any CPU
	EndGlobalSection
	GlobalSection(SolutionProperties) = preSolution
		HideSolutionNode = FALSE
	EndGlobalSection
EndGlobal
