
Microsoft Visual Studio Solution File, Format Version 12.00
# Visual Studio 14
VisualStudioVersion = 14.0.25420.1
MinimumVisualStudioVersion = 10.0.40219.1
Project("{FAE04EC0-301F-11D3-BF4B-00C04F79EFBC}") = "ComponentStoreExample.Droid", "ComponentStoreExample\ComponentStoreExample.Droid\ComponentStoreExample.Droid.csproj", "{0DC42D5F-D409-4B90-B4E6-4741B62BDF35}"
EndProject
Project("{FAE04EC0-301F-11D3-BF4B-00C04F79EFBC}") = "ComponentStoreExample.iOS", "ComponentStoreExample\ComponentStoreExample.iOS\ComponentStoreExample.iOS.csproj", "{AA79081B-575F-499C-852B-6212CCC9993D}"
EndProject
Project("{FAE04EC0-301F-11D3-BF4B-00C04F79EFBC}") = "ComponentStoreExample.WinPhone", "ComponentStoreExample\ComponentStoreExample.WinPhone\ComponentStoreExample.WinPhone.csproj", "{904F80BD-E00D-420B-8953-0B8BBBCC610E}"
EndProject
Project("{FAE04EC0-301F-11D3-BF4B-00C04F79EFBC}") = "ComponentStoreExample.UWP", "ComponentStoreExample\ComponentStoreExample.UWP\ComponentStoreExample.UWP.csproj", "{BF5A2A60-FCA8-4B87-AE30-5B21568A9777}"
EndProject
Project("{FAE04EC0-301F-11D3-BF4B-00C04F79EFBC}") = "ComponentStoreExample.Windows", "ComponentStoreExample\ComponentStoreExample.Windows\ComponentStoreExample.Windows.csproj", "{DB2E4055-17E6-4F90-A542-270166BD2123}"
EndProject
Project("{FAE04EC0-301F-11D3-BF4B-00C04F79EFBC}") = "ComponentStoreExample", "ComponentStoreExample\ComponentStoreExample\ComponentStoreExample.csproj", "{ABAA5387-04F4-476F-B41E-E2889291D4C4}"
EndProject
Global
	GlobalSection(SolutionConfigurationPlatforms) = preSolution
		Ad-Hoc|Any CPU = Ad-Hoc|Any CPU
		Ad-Hoc|ARM = Ad-Hoc|ARM
		Ad-Hoc|iPhone = Ad-Hoc|iPhone
		Ad-Hoc|iPhoneSimulator = Ad-Hoc|iPhoneSimulator
		Ad-Hoc|x64 = Ad-Hoc|x64
		Ad-Hoc|x86 = Ad-Hoc|x86
		AppStore|Any CPU = AppStore|Any CPU
		AppStore|ARM = AppStore|ARM
		AppStore|iPhone = AppStore|iPhone
		AppStore|iPhoneSimulator = AppStore|iPhoneSimulator
		AppStore|x64 = AppStore|x64
		AppStore|x86 = AppStore|x86
		Debug|Any CPU = Debug|Any CPU
		Debug|ARM = Debug|ARM
		Debug|iPhone = Debug|iPhone
		Debug|iPhoneSimulator = Debug|iPhoneSimulator
		Debug|x64 = Debug|x64
		Debug|x86 = Debug|x86
		Release|Any CPU = Release|Any CPU
		Release|ARM = Release|ARM
		Release|iPhone = Release|iPhone
		Release|iPhoneSimulator = Release|iPhoneSimulator
		Release|x64 = Release|x64
		Release|x86 = Release|x86
	EndGlobalSection
	GlobalSection(ProjectConfigurationPlatforms) = postSolution
		{0DC42D5F-D409-4B90-B4E6-4741B62BDF35}.Ad-Hoc|Any CPU.ActiveCfg = Release|Any CPU
		{0DC42D5F-D409-4B90-B4E6-4741B62BDF35}.Ad-Hoc|Any CPU.Build.0 = Release|Any CPU
		{0DC42D5F-D409-4B90-B4E6-4741B62BDF35}.Ad-Hoc|Any CPU.Deploy.0 = Release|Any CPU
		{0DC42D5F-D409-4B90-B4E6-4741B62BDF35}.Ad-Hoc|ARM.ActiveCfg = Release|Any CPU
		{0DC42D5F-D409-4B90-B4E6-4741B62BDF35}.Ad-Hoc|ARM.Build.0 = Release|Any CPU
		{0DC42D5F-D409-4B90-B4E6-4741B62BDF35}.Ad-Hoc|ARM.Deploy.0 = Release|Any CPU
		{0DC42D5F-D409-4B90-B4E6-4741B62BDF35}.Ad-Hoc|iPhone.ActiveCfg = Release|Any CPU
		{0DC42D5F-D409-4B90-B4E6-4741B62BDF35}.Ad-Hoc|iPhone.Build.0 = Release|Any CPU
		{0DC42D5F-D409-4B90-B4E6-4741B62BDF35}.Ad-Hoc|iPhone.Deploy.0 = Release|Any CPU
		{0DC42D5F-D409-4B90-B4E6-4741B62BDF35}.Ad-Hoc|iPhoneSimulator.ActiveCfg = Release|Any CPU
		{0DC42D5F-D409-4B90-B4E6-4741B62BDF35}.Ad-Hoc|iPhoneSimulator.Build.0 = Release|Any CPU
		{0DC42D5F-D409-4B90-B4E6-4741B62BDF35}.Ad-Hoc|iPhoneSimulator.Deploy.0 = Release|Any CPU
		{0DC42D5F-D409-4B90-B4E6-4741B62BDF35}.Ad-Hoc|x64.ActiveCfg = Release|Any CPU
		{0DC42D5F-D409-4B90-B4E6-4741B62BDF35}.Ad-Hoc|x64.Build.0 = Release|Any CPU
		{0DC42D5F-D409-4B90-B4E6-4741B62BDF35}.Ad-Hoc|x64.Deploy.0 = Release|Any CPU
		{0DC42D5F-D409-4B90-B4E6-4741B62BDF35}.Ad-Hoc|x86.ActiveCfg = Release|Any CPU
		{0DC42D5F-D409-4B90-B4E6-4741B62BDF35}.Ad-Hoc|x86.Build.0 = Release|Any CPU
		{0DC42D5F-D409-4B90-B4E6-4741B62BDF35}.Ad-Hoc|x86.Deploy.0 = Release|Any CPU
		{0DC42D5F-D409-4B90-B4E6-4741B62BDF35}.AppStore|Any CPU.ActiveCfg = Release|Any CPU
		{0DC42D5F-D409-4B90-B4E6-4741B62BDF35}.AppStore|Any CPU.Build.0 = Release|Any CPU
		{0DC42D5F-D409-4B90-B4E6-4741B62BDF35}.AppStore|Any CPU.Deploy.0 = Release|Any CPU
		{0DC42D5F-D409-4B90-B4E6-4741B62BDF35}.AppStore|ARM.ActiveCfg = Release|Any CPU
		{0DC42D5F-D409-4B90-B4E6-4741B62BDF35}.AppStore|ARM.Build.0 = Release|Any CPU
		{0DC42D5F-D409-4B90-B4E6-4741B62BDF35}.AppStore|ARM.Deploy.0 = Release|Any CPU
		{0DC42D5F-D409-4B90-B4E6-4741B62BDF35}.AppStore|iPhone.ActiveCfg = Release|Any CPU
		{0DC42D5F-D409-4B90-B4E6-4741B62BDF35}.AppStore|iPhone.Build.0 = Release|Any CPU
		{0DC42D5F-D409-4B90-B4E6-4741B62BDF35}.AppStore|iPhone.Deploy.0 = Release|Any CPU
		{0DC42D5F-D409-4B90-B4E6-4741B62BDF35}.AppStore|iPhoneSimulator.ActiveCfg = Release|Any CPU
		{0DC42D5F-D409-4B90-B4E6-4741B62BDF35}.AppStore|iPhoneSimulator.Build.0 = Release|Any CPU
		{0DC42D5F-D409-4B90-B4E6-4741B62BDF35}.AppStore|iPhoneSimulator.Deploy.0 = Release|Any CPU
		{0DC42D5F-D409-4B90-B4E6-4741B62BDF35}.AppStore|x64.ActiveCfg = Release|Any CPU
		{0DC42D5F-D409-4B90-B4E6-4741B62BDF35}.AppStore|x64.Build.0 = Release|Any CPU
		{0DC42D5F-D409-4B90-B4E6-4741B62BDF35}.AppStore|x64.Deploy.0 = Release|Any CPU
		{0DC42D5F-D409-4B90-B4E6-4741B62BDF35}.AppStore|x86.ActiveCfg = Release|Any CPU
		{0DC42D5F-D409-4B90-B4E6-4741B62BDF35}.AppStore|x86.Build.0 = Release|Any CPU
		{0DC42D5F-D409-4B90-B4E6-4741B62BDF35}.AppStore|x86.Deploy.0 = Release|Any CPU
		{0DC42D5F-D409-4B90-B4E6-4741B62BDF35}.Debug|Any CPU.ActiveCfg = Debug|Any CPU
		{0DC42D5F-D409-4B90-B4E6-4741B62BDF35}.Debug|Any CPU.Build.0 = Debug|Any CPU
		{0DC42D5F-D409-4B90-B4E6-4741B62BDF35}.Debug|Any CPU.Deploy.0 = Debug|Any CPU
		{0DC42D5F-D409-4B90-B4E6-4741B62BDF35}.Debug|ARM.ActiveCfg = Debug|Any CPU
		{0DC42D5F-D409-4B90-B4E6-4741B62BDF35}.Debug|ARM.Build.0 = Debug|Any CPU
		{0DC42D5F-D409-4B90-B4E6-4741B62BDF35}.Debug|ARM.Deploy.0 = Debug|Any CPU
		{0DC42D5F-D409-4B90-B4E6-4741B62BDF35}.Debug|iPhone.ActiveCfg = Debug|Any CPU
		{0DC42D5F-D409-4B90-B4E6-4741B62BDF35}.Debug|iPhone.Build.0 = Debug|Any CPU
		{0DC42D5F-D409-4B90-B4E6-4741B62BDF35}.Debug|iPhone.Deploy.0 = Debug|Any CPU
		{0DC42D5F-D409-4B90-B4E6-4741B62BDF35}.Debug|iPhoneSimulator.ActiveCfg = Debug|Any CPU
		{0DC42D5F-D409-4B90-B4E6-4741B62BDF35}.Debug|iPhoneSimulator.Build.0 = Debug|Any CPU
		{0DC42D5F-D409-4B90-B4E6-4741B62BDF35}.Debug|iPhoneSimulator.Deploy.0 = Debug|Any CPU
		{0DC42D5F-D409-4B90-B4E6-4741B62BDF35}.Debug|x64.ActiveCfg = Debug|Any CPU
		{0DC42D5F-D409-4B90-B4E6-4741B62BDF35}.Debug|x64.Build.0 = Debug|Any CPU
		{0DC42D5F-D409-4B90-B4E6-4741B62BDF35}.Debug|x64.Deploy.0 = Debug|Any CPU
		{0DC42D5F-D409-4B90-B4E6-4741B62BDF35}.Debug|x86.ActiveCfg = Debug|Any CPU
		{0DC42D5F-D409-4B90-B4E6-4741B62BDF35}.Debug|x86.Build.0 = Debug|Any CPU
		{0DC42D5F-D409-4B90-B4E6-4741B62BDF35}.Debug|x86.Deploy.0 = Debug|Any CPU
		{0DC42D5F-D409-4B90-B4E6-4741B62BDF35}.Release|Any CPU.ActiveCfg = Release|Any CPU
		{0DC42D5F-D409-4B90-B4E6-4741B62BDF35}.Release|Any CPU.Build.0 = Release|Any CPU
		{0DC42D5F-D409-4B90-B4E6-4741B62BDF35}.Release|Any CPU.Deploy.0 = Release|Any CPU
		{0DC42D5F-D409-4B90-B4E6-4741B62BDF35}.Release|ARM.ActiveCfg = Release|Any CPU
		{0DC42D5F-D409-4B90-B4E6-4741B62BDF35}.Release|ARM.Build.0 = Release|Any CPU
		{0DC42D5F-D409-4B90-B4E6-4741B62BDF35}.Release|ARM.Deploy.0 = Release|Any CPU
		{0DC42D5F-D409-4B90-B4E6-4741B62BDF35}.Release|iPhone.ActiveCfg = Release|Any CPU
		{0DC42D5F-D409-4B90-B4E6-4741B62BDF35}.Release|iPhone.Build.0 = Release|Any CPU
		{0DC42D5F-D409-4B90-B4E6-4741B62BDF35}.Release|iPhone.Deploy.0 = Release|Any CPU
		{0DC42D5F-D409-4B90-B4E6-4741B62BDF35}.Release|iPhoneSimulator.ActiveCfg = Release|Any CPU
		{0DC42D5F-D409-4B90-B4E6-4741B62BDF35}.Release|iPhoneSimulator.Build.0 = Release|Any CPU
		{0DC42D5F-D409-4B90-B4E6-4741B62BDF35}.Release|iPhoneSimulator.Deploy.0 = Release|Any CPU
		{0DC42D5F-D409-4B90-B4E6-4741B62BDF35}.Release|x64.ActiveCfg = Release|Any CPU
		{0DC42D5F-D409-4B90-B4E6-4741B62BDF35}.Release|x64.Build.0 = Release|Any CPU
		{0DC42D5F-D409-4B90-B4E6-4741B62BDF35}.Release|x64.Deploy.0 = Release|Any CPU
		{0DC42D5F-D409-4B90-B4E6-4741B62BDF35}.Release|x86.ActiveCfg = Release|Any CPU
		{0DC42D5F-D409-4B90-B4E6-4741B62BDF35}.Release|x86.Build.0 = Release|Any CPU
		{0DC42D5F-D409-4B90-B4E6-4741B62BDF35}.Release|x86.Deploy.0 = Release|Any CPU
		{AA79081B-575F-499C-852B-6212CCC9993D}.Ad-Hoc|Any CPU.ActiveCfg = Ad-Hoc|iPhone
		{AA79081B-575F-499C-852B-6212CCC9993D}.Ad-Hoc|ARM.ActiveCfg = Ad-Hoc|iPhone
		{AA79081B-575F-499C-852B-6212CCC9993D}.Ad-Hoc|iPhone.ActiveCfg = Ad-Hoc|iPhone
		{AA79081B-575F-499C-852B-6212CCC9993D}.Ad-Hoc|iPhone.Build.0 = Ad-Hoc|iPhone
		{AA79081B-575F-499C-852B-6212CCC9993D}.Ad-Hoc|iPhoneSimulator.ActiveCfg = Ad-Hoc|iPhoneSimulator
		{AA79081B-575F-499C-852B-6212CCC9993D}.Ad-Hoc|iPhoneSimulator.Build.0 = Ad-Hoc|iPhoneSimulator
		{AA79081B-575F-499C-852B-6212CCC9993D}.Ad-Hoc|x64.ActiveCfg = Ad-Hoc|iPhone
		{AA79081B-575F-499C-852B-6212CCC9993D}.Ad-Hoc|x86.ActiveCfg = Ad-Hoc|iPhone
		{AA79081B-575F-499C-852B-6212CCC9993D}.AppStore|Any CPU.ActiveCfg = AppStore|iPhone
		{AA79081B-575F-499C-852B-6212CCC9993D}.AppStore|ARM.ActiveCfg = AppStore|iPhone
		{AA79081B-575F-499C-852B-6212CCC9993D}.AppStore|iPhone.ActiveCfg = AppStore|iPhone
		{AA79081B-575F-499C-852B-6212CCC9993D}.AppStore|iPhone.Build.0 = AppStore|iPhone
		{AA79081B-575F-499C-852B-6212CCC9993D}.AppStore|iPhoneSimulator.ActiveCfg = AppStore|iPhoneSimulator
		{AA79081B-575F-499C-852B-6212CCC9993D}.AppStore|iPhoneSimulator.Build.0 = AppStore|iPhoneSimulator
		{AA79081B-575F-499C-852B-6212CCC9993D}.AppStore|x64.ActiveCfg = AppStore|iPhone
		{AA79081B-575F-499C-852B-6212CCC9993D}.AppStore|x86.ActiveCfg = AppStore|iPhone
		{AA79081B-575F-499C-852B-6212CCC9993D}.Debug|Any CPU.ActiveCfg = Debug|iPhone
		{AA79081B-575F-499C-852B-6212CCC9993D}.Debug|ARM.ActiveCfg = Debug|iPhone
		{AA79081B-575F-499C-852B-6212CCC9993D}.Debug|iPhone.ActiveCfg = Debug|iPhone
		{AA79081B-575F-499C-852B-6212CCC9993D}.Debug|iPhone.Build.0 = Debug|iPhone
		{AA79081B-575F-499C-852B-6212CCC9993D}.Debug|iPhoneSimulator.ActiveCfg = Debug|iPhoneSimulator
		{AA79081B-575F-499C-852B-6212CCC9993D}.Debug|iPhoneSimulator.Build.0 = Debug|iPhoneSimulator
		{AA79081B-575F-499C-852B-6212CCC9993D}.Debug|x64.ActiveCfg = Debug|iPhone
		{AA79081B-575F-499C-852B-6212CCC9993D}.Debug|x86.ActiveCfg = Debug|iPhone
		{AA79081B-575F-499C-852B-6212CCC9993D}.Release|Any CPU.ActiveCfg = Release|iPhone
		{AA79081B-575F-499C-852B-6212CCC9993D}.Release|ARM.ActiveCfg = Release|iPhone
		{AA79081B-575F-499C-852B-6212CCC9993D}.Release|iPhone.ActiveCfg = Release|iPhone
		{AA79081B-575F-499C-852B-6212CCC9993D}.Release|iPhone.Build.0 = Release|iPhone
		{AA79081B-575F-499C-852B-6212CCC9993D}.Release|iPhoneSimulator.ActiveCfg = Release|iPhoneSimulator
		{AA79081B-575F-499C-852B-6212CCC9993D}.Release|iPhoneSimulator.Build.0 = Release|iPhoneSimulator
		{AA79081B-575F-499C-852B-6212CCC9993D}.Release|x64.ActiveCfg = Release|iPhone
		{AA79081B-575F-499C-852B-6212CCC9993D}.Release|x86.ActiveCfg = Release|iPhone
		{904F80BD-E00D-420B-8953-0B8BBBCC610E}.Ad-Hoc|Any CPU.ActiveCfg = Release|Any CPU
		{904F80BD-E00D-420B-8953-0B8BBBCC610E}.Ad-Hoc|Any CPU.Build.0 = Release|Any CPU
		{904F80BD-E00D-420B-8953-0B8BBBCC610E}.Ad-Hoc|Any CPU.Deploy.0 = Release|Any CPU
		{904F80BD-E00D-420B-8953-0B8BBBCC610E}.Ad-Hoc|ARM.ActiveCfg = Release|ARM
		{904F80BD-E00D-420B-8953-0B8BBBCC610E}.Ad-Hoc|ARM.Build.0 = Release|ARM
		{904F80BD-E00D-420B-8953-0B8BBBCC610E}.Ad-Hoc|ARM.Deploy.0 = Release|ARM
		{904F80BD-E00D-420B-8953-0B8BBBCC610E}.Ad-Hoc|iPhone.ActiveCfg = Release|Any CPU
		{904F80BD-E00D-420B-8953-0B8BBBCC610E}.Ad-Hoc|iPhone.Build.0 = Release|Any CPU
		{904F80BD-E00D-420B-8953-0B8BBBCC610E}.Ad-Hoc|iPhone.Deploy.0 = Release|Any CPU
		{904F80BD-E00D-420B-8953-0B8BBBCC610E}.Ad-Hoc|iPhoneSimulator.ActiveCfg = Release|Any CPU
		{904F80BD-E00D-420B-8953-0B8BBBCC610E}.Ad-Hoc|iPhoneSimulator.Build.0 = Release|Any CPU
		{904F80BD-E00D-420B-8953-0B8BBBCC610E}.Ad-Hoc|iPhoneSimulator.Deploy.0 = Release|Any CPU
		{904F80BD-E00D-420B-8953-0B8BBBCC610E}.Ad-Hoc|x64.ActiveCfg = Release|Any CPU
		{904F80BD-E00D-420B-8953-0B8BBBCC610E}.Ad-Hoc|x64.Build.0 = Release|Any CPU
		{904F80BD-E00D-420B-8953-0B8BBBCC610E}.Ad-Hoc|x64.Deploy.0 = Release|Any CPU
		{904F80BD-E00D-420B-8953-0B8BBBCC610E}.Ad-Hoc|x86.ActiveCfg = Release|x86
		{904F80BD-E00D-420B-8953-0B8BBBCC610E}.Ad-Hoc|x86.Build.0 = Release|x86
		{904F80BD-E00D-420B-8953-0B8BBBCC610E}.Ad-Hoc|x86.Deploy.0 = Release|x86
		{904F80BD-E00D-420B-8953-0B8BBBCC610E}.AppStore|Any CPU.ActiveCfg = Release|Any CPU
		{904F80BD-E00D-420B-8953-0B8BBBCC610E}.AppStore|Any CPU.Build.0 = Release|Any CPU
		{904F80BD-E00D-420B-8953-0B8BBBCC610E}.AppStore|Any CPU.Deploy.0 = Release|Any CPU
		{904F80BD-E00D-420B-8953-0B8BBBCC610E}.AppStore|ARM.ActiveCfg = Release|ARM
		{904F80BD-E00D-420B-8953-0B8BBBCC610E}.AppStore|ARM.Build.0 = Release|ARM
		{904F80BD-E00D-420B-8953-0B8BBBCC610E}.AppStore|ARM.Deploy.0 = Release|ARM
		{904F80BD-E00D-420B-8953-0B8BBBCC610E}.AppStore|iPhone.ActiveCfg = Release|Any CPU
		{904F80BD-E00D-420B-8953-0B8BBBCC610E}.AppStore|iPhone.Build.0 = Release|Any CPU
		{904F80BD-E00D-420B-8953-0B8BBBCC610E}.AppStore|iPhone.Deploy.0 = Release|Any CPU
		{904F80BD-E00D-420B-8953-0B8BBBCC610E}.AppStore|iPhoneSimulator.ActiveCfg = Release|Any CPU
		{904F80BD-E00D-420B-8953-0B8BBBCC610E}.AppStore|iPhoneSimulator.Build.0 = Release|Any CPU
		{904F80BD-E00D-420B-8953-0B8BBBCC610E}.AppStore|iPhoneSimulator.Deploy.0 = Release|Any CPU
		{904F80BD-E00D-420B-8953-0B8BBBCC610E}.AppStore|x64.ActiveCfg = Release|Any CPU
		{904F80BD-E00D-420B-8953-0B8BBBCC610E}.AppStore|x64.Build.0 = Release|Any CPU
		{904F80BD-E00D-420B-8953-0B8BBBCC610E}.AppStore|x64.Deploy.0 = Release|Any CPU
		{904F80BD-E00D-420B-8953-0B8BBBCC610E}.AppStore|x86.ActiveCfg = Release|x86
		{904F80BD-E00D-420B-8953-0B8BBBCC610E}.AppStore|x86.Build.0 = Release|x86
		{904F80BD-E00D-420B-8953-0B8BBBCC610E}.AppStore|x86.Deploy.0 = Release|x86
		{904F80BD-E00D-420B-8953-0B8BBBCC610E}.Debug|Any CPU.ActiveCfg = Debug|Any CPU
		{904F80BD-E00D-420B-8953-0B8BBBCC610E}.Debug|Any CPU.Build.0 = Debug|Any CPU
		{904F80BD-E00D-420B-8953-0B8BBBCC610E}.Debug|Any CPU.Deploy.0 = Debug|Any CPU
		{904F80BD-E00D-420B-8953-0B8BBBCC610E}.Debug|ARM.ActiveCfg = Debug|ARM
		{904F80BD-E00D-420B-8953-0B8BBBCC610E}.Debug|ARM.Build.0 = Debug|ARM
		{904F80BD-E00D-420B-8953-0B8BBBCC610E}.Debug|ARM.Deploy.0 = Debug|ARM
		{904F80BD-E00D-420B-8953-0B8BBBCC610E}.Debug|iPhone.ActiveCfg = Debug|Any CPU
		{904F80BD-E00D-420B-8953-0B8BBBCC610E}.Debug|iPhone.Build.0 = Debug|Any CPU
		{904F80BD-E00D-420B-8953-0B8BBBCC610E}.Debug|iPhone.Deploy.0 = Debug|Any CPU
		{904F80BD-E00D-420B-8953-0B8BBBCC610E}.Debug|iPhoneSimulator.ActiveCfg = Debug|Any CPU
		{904F80BD-E00D-420B-8953-0B8BBBCC610E}.Debug|iPhoneSimulator.Build.0 = Debug|Any CPU
		{904F80BD-E00D-420B-8953-0B8BBBCC610E}.Debug|iPhoneSimulator.Deploy.0 = Debug|Any CPU
		{904F80BD-E00D-420B-8953-0B8BBBCC610E}.Debug|x64.ActiveCfg = Debug|Any CPU
		{904F80BD-E00D-420B-8953-0B8BBBCC610E}.Debug|x64.Build.0 = Debug|Any CPU
		{904F80BD-E00D-420B-8953-0B8BBBCC610E}.Debug|x64.Deploy.0 = Debug|Any CPU
		{904F80BD-E00D-420B-8953-0B8BBBCC610E}.Debug|x86.ActiveCfg = Debug|x86
		{904F80BD-E00D-420B-8953-0B8BBBCC610E}.Debug|x86.Build.0 = Debug|x86
		{904F80BD-E00D-420B-8953-0B8BBBCC610E}.Debug|x86.Deploy.0 = Debug|x86
		{904F80BD-E00D-420B-8953-0B8BBBCC610E}.Release|Any CPU.ActiveCfg = Release|Any CPU
		{904F80BD-E00D-420B-8953-0B8BBBCC610E}.Release|Any CPU.Build.0 = Release|Any CPU
		{904F80BD-E00D-420B-8953-0B8BBBCC610E}.Release|Any CPU.Deploy.0 = Release|Any CPU
		{904F80BD-E00D-420B-8953-0B8BBBCC610E}.Release|ARM.ActiveCfg = Release|ARM
		{904F80BD-E00D-420B-8953-0B8BBBCC610E}.Release|ARM.Build.0 = Release|ARM
		{904F80BD-E00D-420B-8953-0B8BBBCC610E}.Release|ARM.Deploy.0 = Release|ARM
		{904F80BD-E00D-420B-8953-0B8BBBCC610E}.Release|iPhone.ActiveCfg = Release|Any CPU
		{904F80BD-E00D-420B-8953-0B8BBBCC610E}.Release|iPhone.Build.0 = Release|Any CPU
		{904F80BD-E00D-420B-8953-0B8BBBCC610E}.Release|iPhone.Deploy.0 = Release|Any CPU
		{904F80BD-E00D-420B-8953-0B8BBBCC610E}.Release|iPhoneSimulator.ActiveCfg = Release|Any CPU
		{904F80BD-E00D-420B-8953-0B8BBBCC610E}.Release|iPhoneSimulator.Build.0 = Release|Any CPU
		{904F80BD-E00D-420B-8953-0B8BBBCC610E}.Release|iPhoneSimulator.Deploy.0 = Release|Any CPU
		{904F80BD-E00D-420B-8953-0B8BBBCC610E}.Release|x64.ActiveCfg = Release|Any CPU
		{904F80BD-E00D-420B-8953-0B8BBBCC610E}.Release|x64.Build.0 = Release|Any CPU
		{904F80BD-E00D-420B-8953-0B8BBBCC610E}.Release|x64.Deploy.0 = Release|Any CPU
		{904F80BD-E00D-420B-8953-0B8BBBCC610E}.Release|x86.ActiveCfg = Release|x86
		{904F80BD-E00D-420B-8953-0B8BBBCC610E}.Release|x86.Build.0 = Release|x86
		{904F80BD-E00D-420B-8953-0B8BBBCC610E}.Release|x86.Deploy.0 = Release|x86
		{BF5A2A60-FCA8-4B87-AE30-5B21568A9777}.Ad-Hoc|Any CPU.ActiveCfg = Release|x86
		{BF5A2A60-FCA8-4B87-AE30-5B21568A9777}.Ad-Hoc|Any CPU.Build.0 = Release|x86
		{BF5A2A60-FCA8-4B87-AE30-5B21568A9777}.Ad-Hoc|Any CPU.Deploy.0 = Release|x86
		{BF5A2A60-FCA8-4B87-AE30-5B21568A9777}.Ad-Hoc|ARM.ActiveCfg = Release|ARM
		{BF5A2A60-FCA8-4B87-AE30-5B21568A9777}.Ad-Hoc|ARM.Build.0 = Release|ARM
		{BF5A2A60-FCA8-4B87-AE30-5B21568A9777}.Ad-Hoc|ARM.Deploy.0 = Release|ARM
		{BF5A2A60-FCA8-4B87-AE30-5B21568A9777}.Ad-Hoc|iPhone.ActiveCfg = Release|x86
		{BF5A2A60-FCA8-4B87-AE30-5B21568A9777}.Ad-Hoc|iPhone.Build.0 = Release|x86
		{BF5A2A60-FCA8-4B87-AE30-5B21568A9777}.Ad-Hoc|iPhone.Deploy.0 = Release|x86
		{BF5A2A60-FCA8-4B87-AE30-5B21568A9777}.Ad-Hoc|iPhoneSimulator.ActiveCfg = Release|x86
		{BF5A2A60-FCA8-4B87-AE30-5B21568A9777}.Ad-Hoc|iPhoneSimulator.Build.0 = Release|x86
		{BF5A2A60-FCA8-4B87-AE30-5B21568A9777}.Ad-Hoc|iPhoneSimulator.Deploy.0 = Release|x86
		{BF5A2A60-FCA8-4B87-AE30-5B21568A9777}.Ad-Hoc|x64.ActiveCfg = Release|x64
		{BF5A2A60-FCA8-4B87-AE30-5B21568A9777}.Ad-Hoc|x64.Build.0 = Release|x64
		{BF5A2A60-FCA8-4B87-AE30-5B21568A9777}.Ad-Hoc|x64.Deploy.0 = Release|x64
		{BF5A2A60-FCA8-4B87-AE30-5B21568A9777}.Ad-Hoc|x86.ActiveCfg = Release|x86
		{BF5A2A60-FCA8-4B87-AE30-5B21568A9777}.Ad-Hoc|x86.Build.0 = Release|x86
		{BF5A2A60-FCA8-4B87-AE30-5B21568A9777}.Ad-Hoc|x86.Deploy.0 = Release|x86
		{BF5A2A60-FCA8-4B87-AE30-5B21568A9777}.AppStore|Any CPU.ActiveCfg = Release|x86
		{BF5A2A60-FCA8-4B87-AE30-5B21568A9777}.AppStore|Any CPU.Build.0 = Release|x86
		{BF5A2A60-FCA8-4B87-AE30-5B21568A9777}.AppStore|Any CPU.Deploy.0 = Release|x86
		{BF5A2A60-FCA8-4B87-AE30-5B21568A9777}.AppStore|ARM.ActiveCfg = Release|ARM
		{BF5A2A60-FCA8-4B87-AE30-5B21568A9777}.AppStore|ARM.Build.0 = Release|ARM
		{BF5A2A60-FCA8-4B87-AE30-5B21568A9777}.AppStore|ARM.Deploy.0 = Release|ARM
		{BF5A2A60-FCA8-4B87-AE30-5B21568A9777}.AppStore|iPhone.ActiveCfg = Release|x86
		{BF5A2A60-FCA8-4B87-AE30-5B21568A9777}.AppStore|iPhone.Build.0 = Release|x86
		{BF5A2A60-FCA8-4B87-AE30-5B21568A9777}.AppStore|iPhone.Deploy.0 = Release|x86
		{BF5A2A60-FCA8-4B87-AE30-5B21568A9777}.AppStore|iPhoneSimulator.ActiveCfg = Release|x86
		{BF5A2A60-FCA8-4B87-AE30-5B21568A9777}.AppStore|iPhoneSimulator.Build.0 = Release|x86
		{BF5A2A60-FCA8-4B87-AE30-5B21568A9777}.AppStore|iPhoneSimulator.Deploy.0 = Release|x86
		{BF5A2A60-FCA8-4B87-AE30-5B21568A9777}.AppStore|x64.ActiveCfg = Release|x64
		{BF5A2A60-FCA8-4B87-AE30-5B21568A9777}.AppStore|x64.Build.0 = Release|x64
		{BF5A2A60-FCA8-4B87-AE30-5B21568A9777}.AppStore|x64.Deploy.0 = Release|x64
		{BF5A2A60-FCA8-4B87-AE30-5B21568A9777}.AppStore|x86.ActiveCfg = Release|x86
		{BF5A2A60-FCA8-4B87-AE30-5B21568A9777}.AppStore|x86.Build.0 = Release|x86
		{BF5A2A60-FCA8-4B87-AE30-5B21568A9777}.AppStore|x86.Deploy.0 = Release|x86
		{BF5A2A60-FCA8-4B87-AE30-5B21568A9777}.Debug|Any CPU.ActiveCfg = Debug|x86
		{BF5A2A60-FCA8-4B87-AE30-5B21568A9777}.Debug|ARM.ActiveCfg = Debug|ARM
		{BF5A2A60-FCA8-4B87-AE30-5B21568A9777}.Debug|ARM.Build.0 = Debug|ARM
		{BF5A2A60-FCA8-4B87-AE30-5B21568A9777}.Debug|ARM.Deploy.0 = Debug|ARM
		{BF5A2A60-FCA8-4B87-AE30-5B21568A9777}.Debug|iPhone.ActiveCfg = Debug|x86
		{BF5A2A60-FCA8-4B87-AE30-5B21568A9777}.Debug|iPhoneSimulator.ActiveCfg = Debug|x86
		{BF5A2A60-FCA8-4B87-AE30-5B21568A9777}.Debug|x64.ActiveCfg = Debug|x64
		{BF5A2A60-FCA8-4B87-AE30-5B21568A9777}.Debug|x64.Build.0 = Debug|x64
		{BF5A2A60-FCA8-4B87-AE30-5B21568A9777}.Debug|x64.Deploy.0 = Debug|x64
		{BF5A2A60-FCA8-4B87-AE30-5B21568A9777}.Debug|x86.ActiveCfg = Debug|x86
		{BF5A2A60-FCA8-4B87-AE30-5B21568A9777}.Debug|x86.Build.0 = Debug|x86
		{BF5A2A60-FCA8-4B87-AE30-5B21568A9777}.Debug|x86.Deploy.0 = Debug|x86
		{BF5A2A60-FCA8-4B87-AE30-5B21568A9777}.Release|Any CPU.ActiveCfg = Release|x86
		{BF5A2A60-FCA8-4B87-AE30-5B21568A9777}.Release|ARM.ActiveCfg = Release|ARM
		{BF5A2A60-FCA8-4B87-AE30-5B21568A9777}.Release|ARM.Build.0 = Release|ARM
		{BF5A2A60-FCA8-4B87-AE30-5B21568A9777}.Release|ARM.Deploy.0 = Release|ARM
		{BF5A2A60-FCA8-4B87-AE30-5B21568A9777}.Release|iPhone.ActiveCfg = Release|x86
		{BF5A2A60-FCA8-4B87-AE30-5B21568A9777}.Release|iPhoneSimulator.ActiveCfg = Release|x86
		{BF5A2A60-FCA8-4B87-AE30-5B21568A9777}.Release|x64.ActiveCfg = Release|x64
		{BF5A2A60-FCA8-4B87-AE30-5B21568A9777}.Release|x64.Build.0 = Release|x64
		{BF5A2A60-FCA8-4B87-AE30-5B21568A9777}.Release|x64.Deploy.0 = Release|x64
		{BF5A2A60-FCA8-4B87-AE30-5B21568A9777}.Release|x86.ActiveCfg = Release|x86
		{BF5A2A60-FCA8-4B87-AE30-5B21568A9777}.Release|x86.Build.0 = Release|x86
		{BF5A2A60-FCA8-4B87-AE30-5B21568A9777}.Release|x86.Deploy.0 = Release|x86
		{DB2E4055-17E6-4F90-A542-270166BD2123}.Ad-Hoc|Any CPU.ActiveCfg = Release|Any CPU
		{DB2E4055-17E6-4F90-A542-270166BD2123}.Ad-Hoc|Any CPU.Build.0 = Release|Any CPU
		{DB2E4055-17E6-4F90-A542-270166BD2123}.Ad-Hoc|Any CPU.Deploy.0 = Release|Any CPU
		{DB2E4055-17E6-4F90-A542-270166BD2123}.Ad-Hoc|ARM.ActiveCfg = Release|ARM
		{DB2E4055-17E6-4F90-A542-270166BD2123}.Ad-Hoc|ARM.Build.0 = Release|ARM
		{DB2E4055-17E6-4F90-A542-270166BD2123}.Ad-Hoc|ARM.Deploy.0 = Release|ARM
		{DB2E4055-17E6-4F90-A542-270166BD2123}.Ad-Hoc|iPhone.ActiveCfg = Release|Any CPU
		{DB2E4055-17E6-4F90-A542-270166BD2123}.Ad-Hoc|iPhone.Build.0 = Release|Any CPU
		{DB2E4055-17E6-4F90-A542-270166BD2123}.Ad-Hoc|iPhone.Deploy.0 = Release|Any CPU
		{DB2E4055-17E6-4F90-A542-270166BD2123}.Ad-Hoc|iPhoneSimulator.ActiveCfg = Release|Any CPU
		{DB2E4055-17E6-4F90-A542-270166BD2123}.Ad-Hoc|iPhoneSimulator.Build.0 = Release|Any CPU
		{DB2E4055-17E6-4F90-A542-270166BD2123}.Ad-Hoc|iPhoneSimulator.Deploy.0 = Release|Any CPU
		{DB2E4055-17E6-4F90-A542-270166BD2123}.Ad-Hoc|x64.ActiveCfg = Release|x64
		{DB2E4055-17E6-4F90-A542-270166BD2123}.Ad-Hoc|x64.Build.0 = Release|x64
		{DB2E4055-17E6-4F90-A542-270166BD2123}.Ad-Hoc|x64.Deploy.0 = Release|x64
		{DB2E4055-17E6-4F90-A542-270166BD2123}.Ad-Hoc|x86.ActiveCfg = Release|x86
		{DB2E4055-17E6-4F90-A542-270166BD2123}.Ad-Hoc|x86.Build.0 = Release|x86
		{DB2E4055-17E6-4F90-A542-270166BD2123}.Ad-Hoc|x86.Deploy.0 = Release|x86
		{DB2E4055-17E6-4F90-A542-270166BD2123}.AppStore|Any CPU.ActiveCfg = Release|Any CPU
		{DB2E4055-17E6-4F90-A542-270166BD2123}.AppStore|Any CPU.Build.0 = Release|Any CPU
		{DB2E4055-17E6-4F90-A542-270166BD2123}.AppStore|Any CPU.Deploy.0 = Release|Any CPU
		{DB2E4055-17E6-4F90-A542-270166BD2123}.AppStore|ARM.ActiveCfg = Release|ARM
		{DB2E4055-17E6-4F90-A542-270166BD2123}.AppStore|ARM.Build.0 = Release|ARM
		{DB2E4055-17E6-4F90-A542-270166BD2123}.AppStore|ARM.Deploy.0 = Release|ARM
		{DB2E4055-17E6-4F90-A542-270166BD2123}.AppStore|iPhone.ActiveCfg = Release|Any CPU
		{DB2E4055-17E6-4F90-A542-270166BD2123}.AppStore|iPhone.Build.0 = Release|Any CPU
		{DB2E4055-17E6-4F90-A542-270166BD2123}.AppStore|iPhone.Deploy.0 = Release|Any CPU
		{DB2E4055-17E6-4F90-A542-270166BD2123}.AppStore|iPhoneSimulator.ActiveCfg = Release|Any CPU
		{DB2E4055-17E6-4F90-A542-270166BD2123}.AppStore|iPhoneSimulator.Build.0 = Release|Any CPU
		{DB2E4055-17E6-4F90-A542-270166BD2123}.AppStore|iPhoneSimulator.Deploy.0 = Release|Any CPU
		{DB2E4055-17E6-4F90-A542-270166BD2123}.AppStore|x64.ActiveCfg = Release|x64
		{DB2E4055-17E6-4F90-A542-270166BD2123}.AppStore|x64.Build.0 = Release|x64
		{DB2E4055-17E6-4F90-A542-270166BD2123}.AppStore|x64.Deploy.0 = Release|x64
		{DB2E4055-17E6-4F90-A542-270166BD2123}.AppStore|x86.ActiveCfg = Release|x86
		{DB2E4055-17E6-4F90-A542-270166BD2123}.AppStore|x86.Build.0 = Release|x86
		{DB2E4055-17E6-4F90-A542-270166BD2123}.AppStore|x86.Deploy.0 = Release|x86
		{DB2E4055-17E6-4F90-A542-270166BD2123}.Debug|Any CPU.ActiveCfg = Debug|Any CPU
		{DB2E4055-17E6-4F90-A542-270166BD2123}.Debug|Any CPU.Build.0 = Debug|Any CPU
		{DB2E4055-17E6-4F90-A542-270166BD2123}.Debug|Any CPU.Deploy.0 = Debug|Any CPU
		{DB2E4055-17E6-4F90-A542-270166BD2123}.Debug|ARM.ActiveCfg = Debug|ARM
		{DB2E4055-17E6-4F90-A542-270166BD2123}.Debug|ARM.Build.0 = Debug|ARM
		{DB2E4055-17E6-4F90-A542-270166BD2123}.Debug|ARM.Deploy.0 = Debug|ARM
		{DB2E4055-17E6-4F90-A542-270166BD2123}.Debug|iPhone.ActiveCfg = Debug|Any CPU
		{DB2E4055-17E6-4F90-A542-270166BD2123}.Debug|iPhone.Build.0 = Debug|Any CPU
		{DB2E4055-17E6-4F90-A542-270166BD2123}.Debug|iPhone.Deploy.0 = Debug|Any CPU
		{DB2E4055-17E6-4F90-A542-270166BD2123}.Debug|iPhoneSimulator.ActiveCfg = Debug|Any CPU
		{DB2E4055-17E6-4F90-A542-270166BD2123}.Debug|iPhoneSimulator.Build.0 = Debug|Any CPU
		{DB2E4055-17E6-4F90-A542-270166BD2123}.Debug|iPhoneSimulator.Deploy.0 = Debug|Any CPU
		{DB2E4055-17E6-4F90-A542-270166BD2123}.Debug|x64.ActiveCfg = Debug|x64
		{DB2E4055-17E6-4F90-A542-270166BD2123}.Debug|x64.Build.0 = Debug|x64
		{DB2E4055-17E6-4F90-A542-270166BD2123}.Debug|x64.Deploy.0 = Debug|x64
		{DB2E4055-17E6-4F90-A542-270166BD2123}.Debug|x86.ActiveCfg = Debug|x86
		{DB2E4055-17E6-4F90-A542-270166BD2123}.Debug|x86.Build.0 = Debug|x86
		{DB2E4055-17E6-4F90-A542-270166BD2123}.Debug|x86.Deploy.0 = Debug|x86
		{DB2E4055-17E6-4F90-A542-270166BD2123}.Release|Any CPU.ActiveCfg = Release|Any CPU
		{DB2E4055-17E6-4F90-A542-270166BD2123}.Release|Any CPU.Build.0 = Release|Any CPU
		{DB2E4055-17E6-4F90-A542-270166BD2123}.Release|Any CPU.Deploy.0 = Release|Any CPU
		{DB2E4055-17E6-4F90-A542-270166BD2123}.Release|ARM.ActiveCfg = Release|ARM
		{DB2E4055-17E6-4F90-A542-270166BD2123}.Release|ARM.Build.0 = Release|ARM
		{DB2E4055-17E6-4F90-A542-270166BD2123}.Release|ARM.Deploy.0 = Release|ARM
		{DB2E4055-17E6-4F90-A542-270166BD2123}.Release|iPhone.ActiveCfg = Release|Any CPU
		{DB2E4055-17E6-4F90-A542-270166BD2123}.Release|iPhone.Build.0 = Release|Any CPU
		{DB2E4055-17E6-4F90-A542-270166BD2123}.Release|iPhone.Deploy.0 = Release|Any CPU
		{DB2E4055-17E6-4F90-A542-270166BD2123}.Release|iPhoneSimulator.ActiveCfg = Release|Any CPU
		{DB2E4055-17E6-4F90-A542-270166BD2123}.Release|iPhoneSimulator.Build.0 = Release|Any CPU
		{DB2E4055-17E6-4F90-A542-270166BD2123}.Release|iPhoneSimulator.Deploy.0 = Release|Any CPU
		{DB2E4055-17E6-4F90-A542-270166BD2123}.Release|x64.ActiveCfg = Release|x64
		{DB2E4055-17E6-4F90-A542-270166BD2123}.Release|x64.Build.0 = Release|x64
		{DB2E4055-17E6-4F90-A542-270166BD2123}.Release|x64.Deploy.0 = Release|x64
		{DB2E4055-17E6-4F90-A542-270166BD2123}.Release|x86.ActiveCfg = Release|x86
		{DB2E4055-17E6-4F90-A542-270166BD2123}.Release|x86.Build.0 = Release|x86
		{DB2E4055-17E6-4F90-A542-270166BD2123}.Release|x86.Deploy.0 = Release|x86
		{ABAA5387-04F4-476F-B41E-E2889291D4C4}.Ad-Hoc|Any CPU.ActiveCfg = Release|Any CPU
		{ABAA5387-04F4-476F-B41E-E2889291D4C4}.Ad-Hoc|Any CPU.Build.0 = Release|Any CPU
		{ABAA5387-04F4-476F-B41E-E2889291D4C4}.Ad-Hoc|ARM.ActiveCfg = Release|Any CPU
		{ABAA5387-04F4-476F-B41E-E2889291D4C4}.Ad-Hoc|ARM.Build.0 = Release|Any CPU
		{ABAA5387-04F4-476F-B41E-E2889291D4C4}.Ad-Hoc|iPhone.ActiveCfg = Release|Any CPU
		{ABAA5387-04F4-476F-B41E-E2889291D4C4}.Ad-Hoc|iPhone.Build.0 = Release|Any CPU
		{ABAA5387-04F4-476F-B41E-E2889291D4C4}.Ad-Hoc|iPhoneSimulator.ActiveCfg = Release|Any CPU
		{ABAA5387-04F4-476F-B41E-E2889291D4C4}.Ad-Hoc|iPhoneSimulator.Build.0 = Release|Any CPU
		{ABAA5387-04F4-476F-B41E-E2889291D4C4}.Ad-Hoc|x64.ActiveCfg = Release|Any CPU
		{ABAA5387-04F4-476F-B41E-E2889291D4C4}.Ad-Hoc|x64.Build.0 = Release|Any CPU
		{ABAA5387-04F4-476F-B41E-E2889291D4C4}.Ad-Hoc|x86.ActiveCfg = Release|Any CPU
		{ABAA5387-04F4-476F-B41E-E2889291D4C4}.Ad-Hoc|x86.Build.0 = Release|Any CPU
		{ABAA5387-04F4-476F-B41E-E2889291D4C4}.AppStore|Any CPU.ActiveCfg = Release|Any CPU
		{ABAA5387-04F4-476F-B41E-E2889291D4C4}.AppStore|Any CPU.Build.0 = Release|Any CPU
		{ABAA5387-04F4-476F-B41E-E2889291D4C4}.AppStore|ARM.ActiveCfg = Release|Any CPU
		{ABAA5387-04F4-476F-B41E-E2889291D4C4}.AppStore|ARM.Build.0 = Release|Any CPU
		{ABAA5387-04F4-476F-B41E-E2889291D4C4}.AppStore|iPhone.ActiveCfg = Release|Any CPU
		{ABAA5387-04F4-476F-B41E-E2889291D4C4}.AppStore|iPhone.Build.0 = Release|Any CPU
		{ABAA5387-04F4-476F-B41E-E2889291D4C4}.AppStore|iPhoneSimulator.ActiveCfg = Release|Any CPU
		{ABAA5387-04F4-476F-B41E-E2889291D4C4}.AppStore|iPhoneSimulator.Build.0 = Release|Any CPU
		{ABAA5387-04F4-476F-B41E-E2889291D4C4}.AppStore|x64.ActiveCfg = Release|Any CPU
		{ABAA5387-04F4-476F-B41E-E2889291D4C4}.AppStore|x64.Build.0 = Release|Any CPU
		{ABAA5387-04F4-476F-B41E-E2889291D4C4}.AppStore|x86.ActiveCfg = Release|Any CPU
		{ABAA5387-04F4-476F-B41E-E2889291D4C4}.AppStore|x86.Build.0 = Release|Any CPU
		{ABAA5387-04F4-476F-B41E-E2889291D4C4}.Debug|Any CPU.ActiveCfg = Debug|Any CPU
		{ABAA5387-04F4-476F-B41E-E2889291D4C4}.Debug|Any CPU.Build.0 = Debug|Any CPU
		{ABAA5387-04F4-476F-B41E-E2889291D4C4}.Debug|ARM.ActiveCfg = Debug|Any CPU
		{ABAA5387-04F4-476F-B41E-E2889291D4C4}.Debug|ARM.Build.0 = Debug|Any CPU
		{ABAA5387-04F4-476F-B41E-E2889291D4C4}.Debug|iPhone.ActiveCfg = Debug|Any CPU
		{ABAA5387-04F4-476F-B41E-E2889291D4C4}.Debug|iPhone.Build.0 = Debug|Any CPU
		{ABAA5387-04F4-476F-B41E-E2889291D4C4}.Debug|iPhoneSimulator.ActiveCfg = Debug|Any CPU
		{ABAA5387-04F4-476F-B41E-E2889291D4C4}.Debug|iPhoneSimulator.Build.0 = Debug|Any CPU
		{ABAA5387-04F4-476F-B41E-E2889291D4C4}.Debug|x64.ActiveCfg = Debug|Any CPU
		{ABAA5387-04F4-476F-B41E-E2889291D4C4}.Debug|x64.Build.0 = Debug|Any CPU
		{ABAA5387-04F4-476F-B41E-E2889291D4C4}.Debug|x86.ActiveCfg = Debug|Any CPU
		{ABAA5387-04F4-476F-B41E-E2889291D4C4}.Debug|x86.Build.0 = Debug|Any CPU
		{ABAA5387-04F4-476F-B41E-E2889291D4C4}.Release|Any CPU.ActiveCfg = Release|Any CPU
		{ABAA5387-04F4-476F-B41E-E2889291D4C4}.Release|Any CPU.Build.0 = Release|Any CPU
		{ABAA5387-04F4-476F-B41E-E2889291D4C4}.Release|ARM.ActiveCfg = Release|Any CPU
		{ABAA5387-04F4-476F-B41E-E2889291D4C4}.Release|ARM.Build.0 = Release|Any CPU
		{ABAA5387-04F4-476F-B41E-E2889291D4C4}.Release|iPhone.ActiveCfg = Release|Any CPU
		{ABAA5387-04F4-476F-B41E-E2889291D4C4}.Release|iPhone.Build.0 = Release|Any CPU
		{ABAA5387-04F4-476F-B41E-E2889291D4C4}.Release|iPhoneSimulator.ActiveCfg = Release|Any CPU
		{ABAA5387-04F4-476F-B41E-E2889291D4C4}.Release|iPhoneSimulator.Build.0 = Release|Any CPU
		{ABAA5387-04F4-476F-B41E-E2889291D4C4}.Release|x64.ActiveCfg = Release|Any CPU
		{ABAA5387-04F4-476F-B41E-E2889291D4C4}.Release|x64.Build.0 = Release|Any CPU
		{ABAA5387-04F4-476F-B41E-E2889291D4C4}.Release|x86.ActiveCfg = Release|Any CPU
		{ABAA5387-04F4-476F-B41E-E2889291D4C4}.Release|x86.Build.0 = Release|Any CPU
	EndGlobalSection
	GlobalSection(SolutionProperties) = preSolution
		HideSolutionNode = FALSE
	EndGlobalSection
EndGlobal
