
Microsoft Visual Studio Solution File, Format Version 12.00
# Visual Studio 14
VisualStudioVersion = 14.0.25420.1
MinimumVisualStudioVersion = 10.0.40219.1
Project("{FAE04EC0-301F-11D3-BF4B-00C04F79EFBC}") = "CustomComponent2.Droid", "CustomComponent2\CustomComponent2.Droid\CustomComponent2.Droid.csproj", "{25944307-43A5-470A-A7FC-0D8D0967F45E}"
EndProject
Project("{FAE04EC0-301F-11D3-BF4B-00C04F79EFBC}") = "CustomComponent2.iOS", "CustomComponent2\CustomComponent2.iOS\CustomComponent2.iOS.csproj", "{6D00E616-6656-4D57-AC9A-61FC0AFEF9E2}"
EndProject
Project("{FAE04EC0-301F-11D3-BF4B-00C04F79EFBC}") = "CustomComponent2", "CustomComponent2\CustomComponent2\CustomComponent2.csproj", "{F9455CD4-8192-46FF-A96A-761D3BEBD6D3}"
EndProject
Global
	GlobalSection(SolutionConfigurationPlatforms) = preSolution
		Ad-Hoc|Any CPU = Ad-Hoc|Any CPU
		Ad-Hoc|ARM = Ad-Hoc|ARM
		Ad-Hoc|iPhone = Ad-Hoc|iPhone
		Ad-Hoc|iPhoneSimulator = Ad-Hoc|iPhoneSimulator
		Ad-Hoc|x64 = Ad-Hoc|x64
		Ad-Hoc|x86 = Ad-Hoc|x86
		AppStore|Any CPU = AppStore|Any CPU
		AppStore|ARM = AppStore|ARM
		AppStore|iPhone = AppStore|iPhone
		AppStore|iPhoneSimulator = AppStore|iPhoneSimulator
		AppStore|x64 = AppStore|x64
		AppStore|x86 = AppStore|x86
		Debug|Any CPU = Debug|Any CPU
		Debug|ARM = Debug|ARM
		Debug|iPhone = Debug|iPhone
		Debug|iPhoneSimulator = Debug|iPhoneSimulator
		Debug|x64 = Debug|x64
		Debug|x86 = Debug|x86
		Release|Any CPU = Release|Any CPU
		Release|ARM = Release|ARM
		Release|iPhone = Release|iPhone
		Release|iPhoneSimulator = Release|iPhoneSimulator
		Release|x64 = Release|x64
		Release|x86 = Release|x86
	EndGlobalSection
	GlobalSection(ProjectConfigurationPlatforms) = postSolution
		{25944307-43A5-470A-A7FC-0D8D0967F45E}.Ad-Hoc|Any CPU.ActiveCfg = Release|Any CPU
		{25944307-43A5-470A-A7FC-0D8D0967F45E}.Ad-Hoc|Any CPU.Build.0 = Release|Any CPU
		{25944307-43A5-470A-A7FC-0D8D0967F45E}.Ad-Hoc|Any CPU.Deploy.0 = Release|Any CPU
		{25944307-43A5-470A-A7FC-0D8D0967F45E}.Ad-Hoc|ARM.ActiveCfg = Release|Any CPU
		{25944307-43A5-470A-A7FC-0D8D0967F45E}.Ad-Hoc|ARM.Build.0 = Release|Any CPU
		{25944307-43A5-470A-A7FC-0D8D0967F45E}.Ad-Hoc|ARM.Deploy.0 = Release|Any CPU
		{25944307-43A5-470A-A7FC-0D8D0967F45E}.Ad-Hoc|iPhone.ActiveCfg = Release|Any CPU
		{25944307-43A5-470A-A7FC-0D8D0967F45E}.Ad-Hoc|iPhone.Build.0 = Release|Any CPU
		{25944307-43A5-470A-A7FC-0D8D0967F45E}.Ad-Hoc|iPhone.Deploy.0 = Release|Any CPU
		{25944307-43A5-470A-A7FC-0D8D0967F45E}.Ad-Hoc|iPhoneSimulator.ActiveCfg = Release|Any CPU
		{25944307-43A5-470A-A7FC-0D8D0967F45E}.Ad-Hoc|iPhoneSimulator.Build.0 = Release|Any CPU
		{25944307-43A5-470A-A7FC-0D8D0967F45E}.Ad-Hoc|iPhoneSimulator.Deploy.0 = Release|Any CPU
		{25944307-43A5-470A-A7FC-0D8D0967F45E}.Ad-Hoc|x64.ActiveCfg = Release|Any CPU
		{25944307-43A5-470A-A7FC-0D8D0967F45E}.Ad-Hoc|x64.Build.0 = Release|Any CPU
		{25944307-43A5-470A-A7FC-0D8D0967F45E}.Ad-Hoc|x64.Deploy.0 = Release|Any CPU
		{25944307-43A5-470A-A7FC-0D8D0967F45E}.Ad-Hoc|x86.ActiveCfg = Release|Any CPU
		{25944307-43A5-470A-A7FC-0D8D0967F45E}.Ad-Hoc|x86.Build.0 = Release|Any CPU
		{25944307-43A5-470A-A7FC-0D8D0967F45E}.Ad-Hoc|x86.Deploy.0 = Release|Any CPU
		{25944307-43A5-470A-A7FC-0D8D0967F45E}.AppStore|Any CPU.ActiveCfg = Release|Any CPU
		{25944307-43A5-470A-A7FC-0D8D0967F45E}.AppStore|Any CPU.Build.0 = Release|Any CPU
		{25944307-43A5-470A-A7FC-0D8D0967F45E}.AppStore|Any CPU.Deploy.0 = Release|Any CPU
		{25944307-43A5-470A-A7FC-0D8D0967F45E}.AppStore|ARM.ActiveCfg = Release|Any CPU
		{25944307-43A5-470A-A7FC-0D8D0967F45E}.AppStore|ARM.Build.0 = Release|Any CPU
		{25944307-43A5-470A-A7FC-0D8D0967F45E}.AppStore|ARM.Deploy.0 = Release|Any CPU
		{25944307-43A5-470A-A7FC-0D8D0967F45E}.AppStore|iPhone.ActiveCfg = Release|Any CPU
		{25944307-43A5-470A-A7FC-0D8D0967F45E}.AppStore|iPhone.Build.0 = Release|Any CPU
		{25944307-43A5-470A-A7FC-0D8D0967F45E}.AppStore|iPhone.Deploy.0 = Release|Any CPU
		{25944307-43A5-470A-A7FC-0D8D0967F45E}.AppStore|iPhoneSimulator.ActiveCfg = Release|Any CPU
		{25944307-43A5-470A-A7FC-0D8D0967F45E}.AppStore|iPhoneSimulator.Build.0 = Release|Any CPU
		{25944307-43A5-470A-A7FC-0D8D0967F45E}.AppStore|iPhoneSimulator.Deploy.0 = Release|Any CPU
		{25944307-43A5-470A-A7FC-0D8D0967F45E}.AppStore|x64.ActiveCfg = Release|Any CPU
		{25944307-43A5-470A-A7FC-0D8D0967F45E}.AppStore|x64.Build.0 = Release|Any CPU
		{25944307-43A5-470A-A7FC-0D8D0967F45E}.AppStore|x64.Deploy.0 = Release|Any CPU
		{25944307-43A5-470A-A7FC-0D8D0967F45E}.AppStore|x86.ActiveCfg = Release|Any CPU
		{25944307-43A5-470A-A7FC-0D8D0967F45E}.AppStore|x86.Build.0 = Release|Any CPU
		{25944307-43A5-470A-A7FC-0D8D0967F45E}.AppStore|x86.Deploy.0 = Release|Any CPU
		{25944307-43A5-470A-A7FC-0D8D0967F45E}.Debug|Any CPU.ActiveCfg = Debug|Any CPU
		{25944307-43A5-470A-A7FC-0D8D0967F45E}.Debug|Any CPU.Build.0 = Debug|Any CPU
		{25944307-43A5-470A-A7FC-0D8D0967F45E}.Debug|Any CPU.Deploy.0 = Debug|Any CPU
		{25944307-43A5-470A-A7FC-0D8D0967F45E}.Debug|ARM.ActiveCfg = Debug|Any CPU
		{25944307-43A5-470A-A7FC-0D8D0967F45E}.Debug|ARM.Build.0 = Debug|Any CPU
		{25944307-43A5-470A-A7FC-0D8D0967F45E}.Debug|ARM.Deploy.0 = Debug|Any CPU
		{25944307-43A5-470A-A7FC-0D8D0967F45E}.Debug|iPhone.ActiveCfg = Debug|Any CPU
		{25944307-43A5-470A-A7FC-0D8D0967F45E}.Debug|iPhone.Build.0 = Debug|Any CPU
		{25944307-43A5-470A-A7FC-0D8D0967F45E}.Debug|iPhone.Deploy.0 = Debug|Any CPU
		{25944307-43A5-470A-A7FC-0D8D0967F45E}.Debug|iPhoneSimulator.ActiveCfg = Debug|Any CPU
		{25944307-43A5-470A-A7FC-0D8D0967F45E}.Debug|iPhoneSimulator.Build.0 = Debug|Any CPU
		{25944307-43A5-470A-A7FC-0D8D0967F45E}.Debug|iPhoneSimulator.Deploy.0 = Debug|Any CPU
		{25944307-43A5-470A-A7FC-0D8D0967F45E}.Debug|x64.ActiveCfg = Debug|Any CPU
		{25944307-43A5-470A-A7FC-0D8D0967F45E}.Debug|x64.Build.0 = Debug|Any CPU
		{25944307-43A5-470A-A7FC-0D8D0967F45E}.Debug|x64.Deploy.0 = Debug|Any CPU
		{25944307-43A5-470A-A7FC-0D8D0967F45E}.Debug|x86.ActiveCfg = Debug|Any CPU
		{25944307-43A5-470A-A7FC-0D8D0967F45E}.Debug|x86.Build.0 = Debug|Any CPU
		{25944307-43A5-470A-A7FC-0D8D0967F45E}.Debug|x86.Deploy.0 = Debug|Any CPU
		{25944307-43A5-470A-A7FC-0D8D0967F45E}.Release|Any CPU.ActiveCfg = Release|Any CPU
		{25944307-43A5-470A-A7FC-0D8D0967F45E}.Release|Any CPU.Build.0 = Release|Any CPU
		{25944307-43A5-470A-A7FC-0D8D0967F45E}.Release|Any CPU.Deploy.0 = Release|Any CPU
		{25944307-43A5-470A-A7FC-0D8D0967F45E}.Release|ARM.ActiveCfg = Release|Any CPU
		{25944307-43A5-470A-A7FC-0D8D0967F45E}.Release|ARM.Build.0 = Release|Any CPU
		{25944307-43A5-470A-A7FC-0D8D0967F45E}.Release|ARM.Deploy.0 = Release|Any CPU
		{25944307-43A5-470A-A7FC-0D8D0967F45E}.Release|iPhone.ActiveCfg = Release|Any CPU
		{25944307-43A5-470A-A7FC-0D8D0967F45E}.Release|iPhone.Build.0 = Release|Any CPU
		{25944307-43A5-470A-A7FC-0D8D0967F45E}.Release|iPhone.Deploy.0 = Release|Any CPU
		{25944307-43A5-470A-A7FC-0D8D0967F45E}.Release|iPhoneSimulator.ActiveCfg = Release|Any CPU
		{25944307-43A5-470A-A7FC-0D8D0967F45E}.Release|iPhoneSimulator.Build.0 = Release|Any CPU
		{25944307-43A5-470A-A7FC-0D8D0967F45E}.Release|iPhoneSimulator.Deploy.0 = Release|Any CPU
		{25944307-43A5-470A-A7FC-0D8D0967F45E}.Release|x64.ActiveCfg = Release|Any CPU
		{25944307-43A5-470A-A7FC-0D8D0967F45E}.Release|x64.Build.0 = Release|Any CPU
		{25944307-43A5-470A-A7FC-0D8D0967F45E}.Release|x64.Deploy.0 = Release|Any CPU
		{25944307-43A5-470A-A7FC-0D8D0967F45E}.Release|x86.ActiveCfg = Release|Any CPU
		{25944307-43A5-470A-A7FC-0D8D0967F45E}.Release|x86.Build.0 = Release|Any CPU
		{25944307-43A5-470A-A7FC-0D8D0967F45E}.Release|x86.Deploy.0 = Release|Any CPU
		{6D00E616-6656-4D57-AC9A-61FC0AFEF9E2}.Ad-Hoc|Any CPU.ActiveCfg = Ad-Hoc|iPhone
		{6D00E616-6656-4D57-AC9A-61FC0AFEF9E2}.Ad-Hoc|ARM.ActiveCfg = Ad-Hoc|iPhone
		{6D00E616-6656-4D57-AC9A-61FC0AFEF9E2}.Ad-Hoc|iPhone.ActiveCfg = Ad-Hoc|iPhone
		{6D00E616-6656-4D57-AC9A-61FC0AFEF9E2}.Ad-Hoc|iPhone.Build.0 = Ad-Hoc|iPhone
		{6D00E616-6656-4D57-AC9A-61FC0AFEF9E2}.Ad-Hoc|iPhoneSimulator.ActiveCfg = Ad-Hoc|iPhoneSimulator
		{6D00E616-6656-4D57-AC9A-61FC0AFEF9E2}.Ad-Hoc|iPhoneSimulator.Build.0 = Ad-Hoc|iPhoneSimulator
		{6D00E616-6656-4D57-AC9A-61FC0AFEF9E2}.Ad-Hoc|x64.ActiveCfg = Ad-Hoc|iPhone
		{6D00E616-6656-4D57-AC9A-61FC0AFEF9E2}.Ad-Hoc|x86.ActiveCfg = Ad-Hoc|iPhone
		{6D00E616-6656-4D57-AC9A-61FC0AFEF9E2}.AppStore|Any CPU.ActiveCfg = AppStore|iPhone
		{6D00E616-6656-4D57-AC9A-61FC0AFEF9E2}.AppStore|ARM.ActiveCfg = AppStore|iPhone
		{6D00E616-6656-4D57-AC9A-61FC0AFEF9E2}.AppStore|iPhone.ActiveCfg = AppStore|iPhone
		{6D00E616-6656-4D57-AC9A-61FC0AFEF9E2}.AppStore|iPhone.Build.0 = AppStore|iPhone
		{6D00E616-6656-4D57-AC9A-61FC0AFEF9E2}.AppStore|iPhoneSimulator.ActiveCfg = AppStore|iPhoneSimulator
		{6D00E616-6656-4D57-AC9A-61FC0AFEF9E2}.AppStore|iPhoneSimulator.Build.0 = AppStore|iPhoneSimulator
		{6D00E616-6656-4D57-AC9A-61FC0AFEF9E2}.AppStore|x64.ActiveCfg = AppStore|iPhone
		{6D00E616-6656-4D57-AC9A-61FC0AFEF9E2}.AppStore|x86.ActiveCfg = AppStore|iPhone
		{6D00E616-6656-4D57-AC9A-61FC0AFEF9E2}.Debug|Any CPU.ActiveCfg = Debug|iPhone
		{6D00E616-6656-4D57-AC9A-61FC0AFEF9E2}.Debug|ARM.ActiveCfg = Debug|iPhone
		{6D00E616-6656-4D57-AC9A-61FC0AFEF9E2}.Debug|iPhone.ActiveCfg = Debug|iPhone
		{6D00E616-6656-4D57-AC9A-61FC0AFEF9E2}.Debug|iPhone.Build.0 = Debug|iPhone
		{6D00E616-6656-4D57-AC9A-61FC0AFEF9E2}.Debug|iPhoneSimulator.ActiveCfg = Debug|iPhoneSimulator
		{6D00E616-6656-4D57-AC9A-61FC0AFEF9E2}.Debug|iPhoneSimulator.Build.0 = Debug|iPhoneSimulator
		{6D00E616-6656-4D57-AC9A-61FC0AFEF9E2}.Debug|x64.ActiveCfg = Debug|iPhone
		{6D00E616-6656-4D57-AC9A-61FC0AFEF9E2}.Debug|x86.ActiveCfg = Debug|iPhone
		{6D00E616-6656-4D57-AC9A-61FC0AFEF9E2}.Release|Any CPU.ActiveCfg = Release|iPhone
		{6D00E616-6656-4D57-AC9A-61FC0AFEF9E2}.Release|ARM.ActiveCfg = Release|iPhone
		{6D00E616-6656-4D57-AC9A-61FC0AFEF9E2}.Release|iPhone.ActiveCfg = Release|iPhone
		{6D00E616-6656-4D57-AC9A-61FC0AFEF9E2}.Release|iPhone.Build.0 = Release|iPhone
		{6D00E616-6656-4D57-AC9A-61FC0AFEF9E2}.Release|iPhoneSimulator.ActiveCfg = Release|iPhoneSimulator
		{6D00E616-6656-4D57-AC9A-61FC0AFEF9E2}.Release|iPhoneSimulator.Build.0 = Release|iPhoneSimulator
		{6D00E616-6656-4D57-AC9A-61FC0AFEF9E2}.Release|x64.ActiveCfg = Release|iPhone
		{6D00E616-6656-4D57-AC9A-61FC0AFEF9E2}.Release|x86.ActiveCfg = Release|iPhone
		{F9455CD4-8192-46FF-A96A-761D3BEBD6D3}.Ad-Hoc|Any CPU.ActiveCfg = Release|Any CPU
		{F9455CD4-8192-46FF-A96A-761D3BEBD6D3}.Ad-Hoc|Any CPU.Build.0 = Release|Any CPU
		{F9455CD4-8192-46FF-A96A-761D3BEBD6D3}.Ad-Hoc|ARM.ActiveCfg = Release|Any CPU
		{F9455CD4-8192-46FF-A96A-761D3BEBD6D3}.Ad-Hoc|ARM.Build.0 = Release|Any CPU
		{F9455CD4-8192-46FF-A96A-761D3BEBD6D3}.Ad-Hoc|iPhone.ActiveCfg = Release|Any CPU
		{F9455CD4-8192-46FF-A96A-761D3BEBD6D3}.Ad-Hoc|iPhone.Build.0 = Release|Any CPU
		{F9455CD4-8192-46FF-A96A-761D3BEBD6D3}.Ad-Hoc|iPhoneSimulator.ActiveCfg = Release|Any CPU
		{F9455CD4-8192-46FF-A96A-761D3BEBD6D3}.Ad-Hoc|iPhoneSimulator.Build.0 = Release|Any CPU
		{F9455CD4-8192-46FF-A96A-761D3BEBD6D3}.Ad-Hoc|x64.ActiveCfg = Release|Any CPU
		{F9455CD4-8192-46FF-A96A-761D3BEBD6D3}.Ad-Hoc|x64.Build.0 = Release|Any CPU
		{F9455CD4-8192-46FF-A96A-761D3BEBD6D3}.Ad-Hoc|x86.ActiveCfg = Release|Any CPU
		{F9455CD4-8192-46FF-A96A-761D3BEBD6D3}.Ad-Hoc|x86.Build.0 = Release|Any CPU
		{F9455CD4-8192-46FF-A96A-761D3BEBD6D3}.AppStore|Any CPU.ActiveCfg = Release|Any CPU
		{F9455CD4-8192-46FF-A96A-761D3BEBD6D3}.AppStore|Any CPU.Build.0 = Release|Any CPU
		{F9455CD4-8192-46FF-A96A-761D3BEBD6D3}.AppStore|ARM.ActiveCfg = Release|Any CPU
		{F9455CD4-8192-46FF-A96A-761D3BEBD6D3}.AppStore|ARM.Build.0 = Release|Any CPU
		{F9455CD4-8192-46FF-A96A-761D3BEBD6D3}.AppStore|iPhone.ActiveCfg = Release|Any CPU
		{F9455CD4-8192-46FF-A96A-761D3BEBD6D3}.AppStore|iPhone.Build.0 = Release|Any CPU
		{F9455CD4-8192-46FF-A96A-761D3BEBD6D3}.AppStore|iPhoneSimulator.ActiveCfg = Release|Any CPU
		{F9455CD4-8192-46FF-A96A-761D3BEBD6D3}.AppStore|iPhoneSimulator.Build.0 = Release|Any CPU
		{F9455CD4-8192-46FF-A96A-761D3BEBD6D3}.AppStore|x64.ActiveCfg = Release|Any CPU
		{F9455CD4-8192-46FF-A96A-761D3BEBD6D3}.AppStore|x64.Build.0 = Release|Any CPU
		{F9455CD4-8192-46FF-A96A-761D3BEBD6D3}.AppStore|x86.ActiveCfg = Release|Any CPU
		{F9455CD4-8192-46FF-A96A-761D3BEBD6D3}.AppStore|x86.Build.0 = Release|Any CPU
		{F9455CD4-8192-46FF-A96A-761D3BEBD6D3}.Debug|Any CPU.ActiveCfg = Debug|Any CPU
		{F9455CD4-8192-46FF-A96A-761D3BEBD6D3}.Debug|Any CPU.Build.0 = Debug|Any CPU
		{F9455CD4-8192-46FF-A96A-761D3BEBD6D3}.Debug|ARM.ActiveCfg = Debug|Any CPU
		{F9455CD4-8192-46FF-A96A-761D3BEBD6D3}.Debug|ARM.Build.0 = Debug|Any CPU
		{F9455CD4-8192-46FF-A96A-761D3BEBD6D3}.Debug|iPhone.ActiveCfg = Debug|Any CPU
		{F9455CD4-8192-46FF-A96A-761D3BEBD6D3}.Debug|iPhone.Build.0 = Debug|Any CPU
		{F9455CD4-8192-46FF-A96A-761D3BEBD6D3}.Debug|iPhoneSimulator.ActiveCfg = Debug|Any CPU
		{F9455CD4-8192-46FF-A96A-761D3BEBD6D3}.Debug|iPhoneSimulator.Build.0 = Debug|Any CPU
		{F9455CD4-8192-46FF-A96A-761D3BEBD6D3}.Debug|x64.ActiveCfg = Debug|Any CPU
		{F9455CD4-8192-46FF-A96A-761D3BEBD6D3}.Debug|x64.Build.0 = Debug|Any CPU
		{F9455CD4-8192-46FF-A96A-761D3BEBD6D3}.Debug|x86.ActiveCfg = Debug|Any CPU
		{F9455CD4-8192-46FF-A96A-761D3BEBD6D3}.Debug|x86.Build.0 = Debug|Any CPU
		{F9455CD4-8192-46FF-A96A-761D3BEBD6D3}.Release|Any CPU.ActiveCfg = Release|Any CPU
		{F9455CD4-8192-46FF-A96A-761D3BEBD6D3}.Release|Any CPU.Build.0 = Release|Any CPU
		{F9455CD4-8192-46FF-A96A-761D3BEBD6D3}.Release|ARM.ActiveCfg = Release|Any CPU
		{F9455CD4-8192-46FF-A96A-761D3BEBD6D3}.Release|ARM.Build.0 = Release|Any CPU
		{F9455CD4-8192-46FF-A96A-761D3BEBD6D3}.Release|iPhone.ActiveCfg = Release|Any CPU
		{F9455CD4-8192-46FF-A96A-761D3BEBD6D3}.Release|iPhone.Build.0 = Release|Any CPU
		{F9455CD4-8192-46FF-A96A-761D3BEBD6D3}.Release|iPhoneSimulator.ActiveCfg = Release|Any CPU
		{F9455CD4-8192-46FF-A96A-761D3BEBD6D3}.Release|iPhoneSimulator.Build.0 = Release|Any CPU
		{F9455CD4-8192-46FF-A96A-761D3BEBD6D3}.Release|x64.ActiveCfg = Release|Any CPU
		{F9455CD4-8192-46FF-A96A-761D3BEBD6D3}.Release|x64.Build.0 = Release|Any CPU
		{F9455CD4-8192-46FF-A96A-761D3BEBD6D3}.Release|x86.ActiveCfg = Release|Any CPU
		{F9455CD4-8192-46FF-A96A-761D3BEBD6D3}.Release|x86.Build.0 = Release|Any CPU
	EndGlobalSection
	GlobalSection(SolutionProperties) = preSolution
		HideSolutionNode = FALSE
	EndGlobalSection
EndGlobal
