
Microsoft Visual Studio Solution File, Format Version 12.00
# Visual Studio 14
VisualStudioVersion = 14.0.25420.1
MinimumVisualStudioVersion = 10.0.40219.1
Project("{FAE04EC0-301F-11D3-BF4B-00C04F79EFBC}") = "_02_08_2016_1.Droid", "02-08-2016-1\_02_08_2016_1.Droid\_02_08_2016_1.Droid.csproj", "{4C385E48-2F06-4127-B063-E5F4F9AE9EAB}"
EndProject
Project("{FAE04EC0-301F-11D3-BF4B-00C04F79EFBC}") = "_02_08_2016_1.iOS", "02-08-2016-1\_02_08_2016_1.iOS\_02_08_2016_1.iOS.csproj", "{6FA2F5C4-FB54-4D1D-A9D7-061C9514CD33}"
EndProject
Project("{FAE04EC0-301F-11D3-BF4B-00C04F79EFBC}") = "_02_08_2016_1", "02-08-2016-1\_02_08_2016_1\_02_08_2016_1.csproj", "{9AB935C4-B8A1-4DB6-BE08-8407EC46F924}"
EndProject
Global
	GlobalSection(SolutionConfigurationPlatforms) = preSolution
		Ad-Hoc|Any CPU = Ad-Hoc|Any CPU
		Ad-Hoc|ARM = Ad-Hoc|ARM
		Ad-Hoc|iPhone = Ad-Hoc|iPhone
		Ad-Hoc|iPhoneSimulator = Ad-Hoc|iPhoneSimulator
		Ad-Hoc|x64 = Ad-Hoc|x64
		Ad-Hoc|x86 = Ad-Hoc|x86
		AppStore|Any CPU = AppStore|Any CPU
		AppStore|ARM = AppStore|ARM
		AppStore|iPhone = AppStore|iPhone
		AppStore|iPhoneSimulator = AppStore|iPhoneSimulator
		AppStore|x64 = AppStore|x64
		AppStore|x86 = AppStore|x86
		Debug|Any CPU = Debug|Any CPU
		Debug|ARM = Debug|ARM
		Debug|iPhone = Debug|iPhone
		Debug|iPhoneSimulator = Debug|iPhoneSimulator
		Debug|x64 = Debug|x64
		Debug|x86 = Debug|x86
		Release|Any CPU = Release|Any CPU
		Release|ARM = Release|ARM
		Release|iPhone = Release|iPhone
		Release|iPhoneSimulator = Release|iPhoneSimulator
		Release|x64 = Release|x64
		Release|x86 = Release|x86
	EndGlobalSection
	GlobalSection(ProjectConfigurationPlatforms) = postSolution
		{4C385E48-2F06-4127-B063-E5F4F9AE9EAB}.Ad-Hoc|Any CPU.ActiveCfg = Release|Any CPU
		{4C385E48-2F06-4127-B063-E5F4F9AE9EAB}.Ad-Hoc|Any CPU.Build.0 = Release|Any CPU
		{4C385E48-2F06-4127-B063-E5F4F9AE9EAB}.Ad-Hoc|Any CPU.Deploy.0 = Release|Any CPU
		{4C385E48-2F06-4127-B063-E5F4F9AE9EAB}.Ad-Hoc|ARM.ActiveCfg = Release|Any CPU
		{4C385E48-2F06-4127-B063-E5F4F9AE9EAB}.Ad-Hoc|ARM.Build.0 = Release|Any CPU
		{4C385E48-2F06-4127-B063-E5F4F9AE9EAB}.Ad-Hoc|ARM.Deploy.0 = Release|Any CPU
		{4C385E48-2F06-4127-B063-E5F4F9AE9EAB}.Ad-Hoc|iPhone.ActiveCfg = Release|Any CPU
		{4C385E48-2F06-4127-B063-E5F4F9AE9EAB}.Ad-Hoc|iPhone.Build.0 = Release|Any CPU
		{4C385E48-2F06-4127-B063-E5F4F9AE9EAB}.Ad-Hoc|iPhone.Deploy.0 = Release|Any CPU
		{4C385E48-2F06-4127-B063-E5F4F9AE9EAB}.Ad-Hoc|iPhoneSimulator.ActiveCfg = Release|Any CPU
		{4C385E48-2F06-4127-B063-E5F4F9AE9EAB}.Ad-Hoc|iPhoneSimulator.Build.0 = Release|Any CPU
		{4C385E48-2F06-4127-B063-E5F4F9AE9EAB}.Ad-Hoc|iPhoneSimulator.Deploy.0 = Release|Any CPU
		{4C385E48-2F06-4127-B063-E5F4F9AE9EAB}.Ad-Hoc|x64.ActiveCfg = Release|Any CPU
		{4C385E48-2F06-4127-B063-E5F4F9AE9EAB}.Ad-Hoc|x64.Build.0 = Release|Any CPU
		{4C385E48-2F06-4127-B063-E5F4F9AE9EAB}.Ad-Hoc|x64.Deploy.0 = Release|Any CPU
		{4C385E48-2F06-4127-B063-E5F4F9AE9EAB}.Ad-Hoc|x86.ActiveCfg = Release|Any CPU
		{4C385E48-2F06-4127-B063-E5F4F9AE9EAB}.Ad-Hoc|x86.Build.0 = Release|Any CPU
		{4C385E48-2F06-4127-B063-E5F4F9AE9EAB}.Ad-Hoc|x86.Deploy.0 = Release|Any CPU
		{4C385E48-2F06-4127-B063-E5F4F9AE9EAB}.AppStore|Any CPU.ActiveCfg = Release|Any CPU
		{4C385E48-2F06-4127-B063-E5F4F9AE9EAB}.AppStore|Any CPU.Build.0 = Release|Any CPU
		{4C385E48-2F06-4127-B063-E5F4F9AE9EAB}.AppStore|Any CPU.Deploy.0 = Release|Any CPU
		{4C385E48-2F06-4127-B063-E5F4F9AE9EAB}.AppStore|ARM.ActiveCfg = Release|Any CPU
		{4C385E48-2F06-4127-B063-E5F4F9AE9EAB}.AppStore|ARM.Build.0 = Release|Any CPU
		{4C385E48-2F06-4127-B063-E5F4F9AE9EAB}.AppStore|ARM.Deploy.0 = Release|Any CPU
		{4C385E48-2F06-4127-B063-E5F4F9AE9EAB}.AppStore|iPhone.ActiveCfg = Release|Any CPU
		{4C385E48-2F06-4127-B063-E5F4F9AE9EAB}.AppStore|iPhone.Build.0 = Release|Any CPU
		{4C385E48-2F06-4127-B063-E5F4F9AE9EAB}.AppStore|iPhone.Deploy.0 = Release|Any CPU
		{4C385E48-2F06-4127-B063-E5F4F9AE9EAB}.AppStore|iPhoneSimulator.ActiveCfg = Release|Any CPU
		{4C385E48-2F06-4127-B063-E5F4F9AE9EAB}.AppStore|iPhoneSimulator.Build.0 = Release|Any CPU
		{4C385E48-2F06-4127-B063-E5F4F9AE9EAB}.AppStore|iPhoneSimulator.Deploy.0 = Release|Any CPU
		{4C385E48-2F06-4127-B063-E5F4F9AE9EAB}.AppStore|x64.ActiveCfg = Release|Any CPU
		{4C385E48-2F06-4127-B063-E5F4F9AE9EAB}.AppStore|x64.Build.0 = Release|Any CPU
		{4C385E48-2F06-4127-B063-E5F4F9AE9EAB}.AppStore|x64.Deploy.0 = Release|Any CPU
		{4C385E48-2F06-4127-B063-E5F4F9AE9EAB}.AppStore|x86.ActiveCfg = Release|Any CPU
		{4C385E48-2F06-4127-B063-E5F4F9AE9EAB}.AppStore|x86.Build.0 = Release|Any CPU
		{4C385E48-2F06-4127-B063-E5F4F9AE9EAB}.AppStore|x86.Deploy.0 = Release|Any CPU
		{4C385E48-2F06-4127-B063-E5F4F9AE9EAB}.Debug|Any CPU.ActiveCfg = Debug|Any CPU
		{4C385E48-2F06-4127-B063-E5F4F9AE9EAB}.Debug|Any CPU.Build.0 = Debug|Any CPU
		{4C385E48-2F06-4127-B063-E5F4F9AE9EAB}.Debug|Any CPU.Deploy.0 = Debug|Any CPU
		{4C385E48-2F06-4127-B063-E5F4F9AE9EAB}.Debug|ARM.ActiveCfg = Debug|Any CPU
		{4C385E48-2F06-4127-B063-E5F4F9AE9EAB}.Debug|ARM.Build.0 = Debug|Any CPU
		{4C385E48-2F06-4127-B063-E5F4F9AE9EAB}.Debug|ARM.Deploy.0 = Debug|Any CPU
		{4C385E48-2F06-4127-B063-E5F4F9AE9EAB}.Debug|iPhone.ActiveCfg = Debug|Any CPU
		{4C385E48-2F06-4127-B063-E5F4F9AE9EAB}.Debug|iPhone.Build.0 = Debug|Any CPU
		{4C385E48-2F06-4127-B063-E5F4F9AE9EAB}.Debug|iPhone.Deploy.0 = Debug|Any CPU
		{4C385E48-2F06-4127-B063-E5F4F9AE9EAB}.Debug|iPhoneSimulator.ActiveCfg = Debug|Any CPU
		{4C385E48-2F06-4127-B063-E5F4F9AE9EAB}.Debug|iPhoneSimulator.Build.0 = Debug|Any CPU
		{4C385E48-2F06-4127-B063-E5F4F9AE9EAB}.Debug|iPhoneSimulator.Deploy.0 = Debug|Any CPU
		{4C385E48-2F06-4127-B063-E5F4F9AE9EAB}.Debug|x64.ActiveCfg = Debug|Any CPU
		{4C385E48-2F06-4127-B063-E5F4F9AE9EAB}.Debug|x64.Build.0 = Debug|Any CPU
		{4C385E48-2F06-4127-B063-E5F4F9AE9EAB}.Debug|x64.Deploy.0 = Debug|Any CPU
		{4C385E48-2F06-4127-B063-E5F4F9AE9EAB}.Debug|x86.ActiveCfg = Debug|Any CPU
		{4C385E48-2F06-4127-B063-E5F4F9AE9EAB}.Debug|x86.Build.0 = Debug|Any CPU
		{4C385E48-2F06-4127-B063-E5F4F9AE9EAB}.Debug|x86.Deploy.0 = Debug|Any CPU
		{4C385E48-2F06-4127-B063-E5F4F9AE9EAB}.Release|Any CPU.ActiveCfg = Release|Any CPU
		{4C385E48-2F06-4127-B063-E5F4F9AE9EAB}.Release|Any CPU.Build.0 = Release|Any CPU
		{4C385E48-2F06-4127-B063-E5F4F9AE9EAB}.Release|Any CPU.Deploy.0 = Release|Any CPU
		{4C385E48-2F06-4127-B063-E5F4F9AE9EAB}.Release|ARM.ActiveCfg = Release|Any CPU
		{4C385E48-2F06-4127-B063-E5F4F9AE9EAB}.Release|ARM.Build.0 = Release|Any CPU
		{4C385E48-2F06-4127-B063-E5F4F9AE9EAB}.Release|ARM.Deploy.0 = Release|Any CPU
		{4C385E48-2F06-4127-B063-E5F4F9AE9EAB}.Release|iPhone.ActiveCfg = Release|Any CPU
		{4C385E48-2F06-4127-B063-E5F4F9AE9EAB}.Release|iPhone.Build.0 = Release|Any CPU
		{4C385E48-2F06-4127-B063-E5F4F9AE9EAB}.Release|iPhone.Deploy.0 = Release|Any CPU
		{4C385E48-2F06-4127-B063-E5F4F9AE9EAB}.Release|iPhoneSimulator.ActiveCfg = Release|Any CPU
		{4C385E48-2F06-4127-B063-E5F4F9AE9EAB}.Release|iPhoneSimulator.Build.0 = Release|Any CPU
		{4C385E48-2F06-4127-B063-E5F4F9AE9EAB}.Release|iPhoneSimulator.Deploy.0 = Release|Any CPU
		{4C385E48-2F06-4127-B063-E5F4F9AE9EAB}.Release|x64.ActiveCfg = Release|Any CPU
		{4C385E48-2F06-4127-B063-E5F4F9AE9EAB}.Release|x64.Build.0 = Release|Any CPU
		{4C385E48-2F06-4127-B063-E5F4F9AE9EAB}.Release|x64.Deploy.0 = Release|Any CPU
		{4C385E48-2F06-4127-B063-E5F4F9AE9EAB}.Release|x86.ActiveCfg = Release|Any CPU
		{4C385E48-2F06-4127-B063-E5F4F9AE9EAB}.Release|x86.Build.0 = Release|Any CPU
		{4C385E48-2F06-4127-B063-E5F4F9AE9EAB}.Release|x86.Deploy.0 = Release|Any CPU
		{6FA2F5C4-FB54-4D1D-A9D7-061C9514CD33}.Ad-Hoc|Any CPU.ActiveCfg = Ad-Hoc|iPhone
		{6FA2F5C4-FB54-4D1D-A9D7-061C9514CD33}.Ad-Hoc|ARM.ActiveCfg = Ad-Hoc|iPhone
		{6FA2F5C4-FB54-4D1D-A9D7-061C9514CD33}.Ad-Hoc|iPhone.ActiveCfg = Ad-Hoc|iPhone
		{6FA2F5C4-FB54-4D1D-A9D7-061C9514CD33}.Ad-Hoc|iPhone.Build.0 = Ad-Hoc|iPhone
		{6FA2F5C4-FB54-4D1D-A9D7-061C9514CD33}.Ad-Hoc|iPhoneSimulator.ActiveCfg = Ad-Hoc|iPhoneSimulator
		{6FA2F5C4-FB54-4D1D-A9D7-061C9514CD33}.Ad-Hoc|iPhoneSimulator.Build.0 = Ad-Hoc|iPhoneSimulator
		{6FA2F5C4-FB54-4D1D-A9D7-061C9514CD33}.Ad-Hoc|x64.ActiveCfg = Ad-Hoc|iPhone
		{6FA2F5C4-FB54-4D1D-A9D7-061C9514CD33}.Ad-Hoc|x86.ActiveCfg = Ad-Hoc|iPhone
		{6FA2F5C4-FB54-4D1D-A9D7-061C9514CD33}.AppStore|Any CPU.ActiveCfg = AppStore|iPhone
		{6FA2F5C4-FB54-4D1D-A9D7-061C9514CD33}.AppStore|ARM.ActiveCfg = AppStore|iPhone
		{6FA2F5C4-FB54-4D1D-A9D7-061C9514CD33}.AppStore|iPhone.ActiveCfg = AppStore|iPhone
		{6FA2F5C4-FB54-4D1D-A9D7-061C9514CD33}.AppStore|iPhone.Build.0 = AppStore|iPhone
		{6FA2F5C4-FB54-4D1D-A9D7-061C9514CD33}.AppStore|iPhoneSimulator.ActiveCfg = AppStore|iPhoneSimulator
		{6FA2F5C4-FB54-4D1D-A9D7-061C9514CD33}.AppStore|iPhoneSimulator.Build.0 = AppStore|iPhoneSimulator
		{6FA2F5C4-FB54-4D1D-A9D7-061C9514CD33}.AppStore|x64.ActiveCfg = AppStore|iPhone
		{6FA2F5C4-FB54-4D1D-A9D7-061C9514CD33}.AppStore|x86.ActiveCfg = AppStore|iPhone
		{6FA2F5C4-FB54-4D1D-A9D7-061C9514CD33}.Debug|Any CPU.ActiveCfg = Debug|iPhone
		{6FA2F5C4-FB54-4D1D-A9D7-061C9514CD33}.Debug|ARM.ActiveCfg = Debug|iPhone
		{6FA2F5C4-FB54-4D1D-A9D7-061C9514CD33}.Debug|iPhone.ActiveCfg = Debug|iPhone
		{6FA2F5C4-FB54-4D1D-A9D7-061C9514CD33}.Debug|iPhone.Build.0 = Debug|iPhone
		{6FA2F5C4-FB54-4D1D-A9D7-061C9514CD33}.Debug|iPhoneSimulator.ActiveCfg = Debug|iPhoneSimulator
		{6FA2F5C4-FB54-4D1D-A9D7-061C9514CD33}.Debug|iPhoneSimulator.Build.0 = Debug|iPhoneSimulator
		{6FA2F5C4-FB54-4D1D-A9D7-061C9514CD33}.Debug|x64.ActiveCfg = Debug|iPhone
		{6FA2F5C4-FB54-4D1D-A9D7-061C9514CD33}.Debug|x86.ActiveCfg = Debug|iPhone
		{6FA2F5C4-FB54-4D1D-A9D7-061C9514CD33}.Release|Any CPU.ActiveCfg = Release|iPhone
		{6FA2F5C4-FB54-4D1D-A9D7-061C9514CD33}.Release|ARM.ActiveCfg = Release|iPhone
		{6FA2F5C4-FB54-4D1D-A9D7-061C9514CD33}.Release|iPhone.ActiveCfg = Release|iPhone
		{6FA2F5C4-FB54-4D1D-A9D7-061C9514CD33}.Release|iPhone.Build.0 = Release|iPhone
		{6FA2F5C4-FB54-4D1D-A9D7-061C9514CD33}.Release|iPhoneSimulator.ActiveCfg = Release|iPhoneSimulator
		{6FA2F5C4-FB54-4D1D-A9D7-061C9514CD33}.Release|iPhoneSimulator.Build.0 = Release|iPhoneSimulator
		{6FA2F5C4-FB54-4D1D-A9D7-061C9514CD33}.Release|x64.ActiveCfg = Release|iPhone
		{6FA2F5C4-FB54-4D1D-A9D7-061C9514CD33}.Release|x86.ActiveCfg = Release|iPhone
		{9AB935C4-B8A1-4DB6-BE08-8407EC46F924}.Ad-Hoc|Any CPU.ActiveCfg = Release|Any CPU
		{9AB935C4-B8A1-4DB6-BE08-8407EC46F924}.Ad-Hoc|Any CPU.Build.0 = Release|Any CPU
		{9AB935C4-B8A1-4DB6-BE08-8407EC46F924}.Ad-Hoc|ARM.ActiveCfg = Release|Any CPU
		{9AB935C4-B8A1-4DB6-BE08-8407EC46F924}.Ad-Hoc|ARM.Build.0 = Release|Any CPU
		{9AB935C4-B8A1-4DB6-BE08-8407EC46F924}.Ad-Hoc|iPhone.ActiveCfg = Release|Any CPU
		{9AB935C4-B8A1-4DB6-BE08-8407EC46F924}.Ad-Hoc|iPhone.Build.0 = Release|Any CPU
		{9AB935C4-B8A1-4DB6-BE08-8407EC46F924}.Ad-Hoc|iPhoneSimulator.ActiveCfg = Release|Any CPU
		{9AB935C4-B8A1-4DB6-BE08-8407EC46F924}.Ad-Hoc|iPhoneSimulator.Build.0 = Release|Any CPU
		{9AB935C4-B8A1-4DB6-BE08-8407EC46F924}.Ad-Hoc|x64.ActiveCfg = Release|Any CPU
		{9AB935C4-B8A1-4DB6-BE08-8407EC46F924}.Ad-Hoc|x64.Build.0 = Release|Any CPU
		{9AB935C4-B8A1-4DB6-BE08-8407EC46F924}.Ad-Hoc|x86.ActiveCfg = Release|Any CPU
		{9AB935C4-B8A1-4DB6-BE08-8407EC46F924}.Ad-Hoc|x86.Build.0 = Release|Any CPU
		{9AB935C4-B8A1-4DB6-BE08-8407EC46F924}.AppStore|Any CPU.ActiveCfg = Release|Any CPU
		{9AB935C4-B8A1-4DB6-BE08-8407EC46F924}.AppStore|Any CPU.Build.0 = Release|Any CPU
		{9AB935C4-B8A1-4DB6-BE08-8407EC46F924}.AppStore|ARM.ActiveCfg = Release|Any CPU
		{9AB935C4-B8A1-4DB6-BE08-8407EC46F924}.AppStore|ARM.Build.0 = Release|Any CPU
		{9AB935C4-B8A1-4DB6-BE08-8407EC46F924}.AppStore|iPhone.ActiveCfg = Release|Any CPU
		{9AB935C4-B8A1-4DB6-BE08-8407EC46F924}.AppStore|iPhone.Build.0 = Release|Any CPU
		{9AB935C4-B8A1-4DB6-BE08-8407EC46F924}.AppStore|iPhoneSimulator.ActiveCfg = Release|Any CPU
		{9AB935C4-B8A1-4DB6-BE08-8407EC46F924}.AppStore|iPhoneSimulator.Build.0 = Release|Any CPU
		{9AB935C4-B8A1-4DB6-BE08-8407EC46F924}.AppStore|x64.ActiveCfg = Release|Any CPU
		{9AB935C4-B8A1-4DB6-BE08-8407EC46F924}.AppStore|x64.Build.0 = Release|Any CPU
		{9AB935C4-B8A1-4DB6-BE08-8407EC46F924}.AppStore|x86.ActiveCfg = Release|Any CPU
		{9AB935C4-B8A1-4DB6-BE08-8407EC46F924}.AppStore|x86.Build.0 = Release|Any CPU
		{9AB935C4-B8A1-4DB6-BE08-8407EC46F924}.Debug|Any CPU.ActiveCfg = Debug|Any CPU
		{9AB935C4-B8A1-4DB6-BE08-8407EC46F924}.Debug|Any CPU.Build.0 = Debug|Any CPU
		{9AB935C4-B8A1-4DB6-BE08-8407EC46F924}.Debug|ARM.ActiveCfg = Debug|Any CPU
		{9AB935C4-B8A1-4DB6-BE08-8407EC46F924}.Debug|ARM.Build.0 = Debug|Any CPU
		{9AB935C4-B8A1-4DB6-BE08-8407EC46F924}.Debug|iPhone.ActiveCfg = Debug|Any CPU
		{9AB935C4-B8A1-4DB6-BE08-8407EC46F924}.Debug|iPhone.Build.0 = Debug|Any CPU
		{9AB935C4-B8A1-4DB6-BE08-8407EC46F924}.Debug|iPhoneSimulator.ActiveCfg = Debug|Any CPU
		{9AB935C4-B8A1-4DB6-BE08-8407EC46F924}.Debug|iPhoneSimulator.Build.0 = Debug|Any CPU
		{9AB935C4-B8A1-4DB6-BE08-8407EC46F924}.Debug|x64.ActiveCfg = Debug|Any CPU
		{9AB935C4-B8A1-4DB6-BE08-8407EC46F924}.Debug|x64.Build.0 = Debug|Any CPU
		{9AB935C4-B8A1-4DB6-BE08-8407EC46F924}.Debug|x86.ActiveCfg = Debug|Any CPU
		{9AB935C4-B8A1-4DB6-BE08-8407EC46F924}.Debug|x86.Build.0 = Debug|Any CPU
		{9AB935C4-B8A1-4DB6-BE08-8407EC46F924}.Release|Any CPU.ActiveCfg = Release|Any CPU
		{9AB935C4-B8A1-4DB6-BE08-8407EC46F924}.Release|Any CPU.Build.0 = Release|Any CPU
		{9AB935C4-B8A1-4DB6-BE08-8407EC46F924}.Release|ARM.ActiveCfg = Release|Any CPU
		{9AB935C4-B8A1-4DB6-BE08-8407EC46F924}.Release|ARM.Build.0 = Release|Any CPU
		{9AB935C4-B8A1-4DB6-BE08-8407EC46F924}.Release|iPhone.ActiveCfg = Release|Any CPU
		{9AB935C4-B8A1-4DB6-BE08-8407EC46F924}.Release|iPhone.Build.0 = Release|Any CPU
		{9AB935C4-B8A1-4DB6-BE08-8407EC46F924}.Release|iPhoneSimulator.ActiveCfg = Release|Any CPU
		{9AB935C4-B8A1-4DB6-BE08-8407EC46F924}.Release|iPhoneSimulator.Build.0 = Release|Any CPU
		{9AB935C4-B8A1-4DB6-BE08-8407EC46F924}.Release|x64.ActiveCfg = Release|Any CPU
		{9AB935C4-B8A1-4DB6-BE08-8407EC46F924}.Release|x64.Build.0 = Release|Any CPU
		{9AB935C4-B8A1-4DB6-BE08-8407EC46F924}.Release|x86.ActiveCfg = Release|Any CPU
		{9AB935C4-B8A1-4DB6-BE08-8407EC46F924}.Release|x86.Build.0 = Release|Any CPU
	EndGlobalSection
	GlobalSection(SolutionProperties) = preSolution
		HideSolutionNode = FALSE
	EndGlobalSection
EndGlobal
