
Microsoft Visual Studio Solution File, Format Version 12.00
# Visual Studio 14
VisualStudioVersion = 14.0.25420.1
MinimumVisualStudioVersion = 10.0.40219.1
Project("{FAE04EC0-301F-11D3-BF4B-00C04F79EFBC}") = "A07092016.Droid", "A07092016\A07092016.Droid\A07092016.Droid.csproj", "{E7351BBC-3329-44B7-AB5E-EB65C50D1C0B}"
EndProject
Project("{FAE04EC0-301F-11D3-BF4B-00C04F79EFBC}") = "A07092016.iOS", "A07092016\A07092016.iOS\A07092016.iOS.csproj", "{58E0E2EE-0EF7-4648-A744-B6BC14DD92E5}"
EndProject
Project("{FAE04EC0-301F-11D3-BF4B-00C04F79EFBC}") = "A07092016", "A07092016\A07092016\A07092016.csproj", "{264F453D-1AB3-49CC-A4AB-CE9EA57B8C14}"
EndProject
Global
	GlobalSection(SolutionConfigurationPlatforms) = preSolution
		Ad-Hoc|Any CPU = Ad-Hoc|Any CPU
		Ad-Hoc|ARM = Ad-Hoc|ARM
		Ad-Hoc|iPhone = Ad-Hoc|iPhone
		Ad-Hoc|iPhoneSimulator = Ad-Hoc|iPhoneSimulator
		Ad-Hoc|x64 = Ad-Hoc|x64
		Ad-Hoc|x86 = Ad-Hoc|x86
		AppStore|Any CPU = AppStore|Any CPU
		AppStore|ARM = AppStore|ARM
		AppStore|iPhone = AppStore|iPhone
		AppStore|iPhoneSimulator = AppStore|iPhoneSimulator
		AppStore|x64 = AppStore|x64
		AppStore|x86 = AppStore|x86
		Debug|Any CPU = Debug|Any CPU
		Debug|ARM = Debug|ARM
		Debug|iPhone = Debug|iPhone
		Debug|iPhoneSimulator = Debug|iPhoneSimulator
		Debug|x64 = Debug|x64
		Debug|x86 = Debug|x86
		Release|Any CPU = Release|Any CPU
		Release|ARM = Release|ARM
		Release|iPhone = Release|iPhone
		Release|iPhoneSimulator = Release|iPhoneSimulator
		Release|x64 = Release|x64
		Release|x86 = Release|x86
	EndGlobalSection
	GlobalSection(ProjectConfigurationPlatforms) = postSolution
		{E7351BBC-3329-44B7-AB5E-EB65C50D1C0B}.Ad-Hoc|Any CPU.ActiveCfg = Release|Any CPU
		{E7351BBC-3329-44B7-AB5E-EB65C50D1C0B}.Ad-Hoc|Any CPU.Build.0 = Release|Any CPU
		{E7351BBC-3329-44B7-AB5E-EB65C50D1C0B}.Ad-Hoc|Any CPU.Deploy.0 = Release|Any CPU
		{E7351BBC-3329-44B7-AB5E-EB65C50D1C0B}.Ad-Hoc|ARM.ActiveCfg = Release|Any CPU
		{E7351BBC-3329-44B7-AB5E-EB65C50D1C0B}.Ad-Hoc|ARM.Build.0 = Release|Any CPU
		{E7351BBC-3329-44B7-AB5E-EB65C50D1C0B}.Ad-Hoc|ARM.Deploy.0 = Release|Any CPU
		{E7351BBC-3329-44B7-AB5E-EB65C50D1C0B}.Ad-Hoc|iPhone.ActiveCfg = Release|Any CPU
		{E7351BBC-3329-44B7-AB5E-EB65C50D1C0B}.Ad-Hoc|iPhone.Build.0 = Release|Any CPU
		{E7351BBC-3329-44B7-AB5E-EB65C50D1C0B}.Ad-Hoc|iPhone.Deploy.0 = Release|Any CPU
		{E7351BBC-3329-44B7-AB5E-EB65C50D1C0B}.Ad-Hoc|iPhoneSimulator.ActiveCfg = Release|Any CPU
		{E7351BBC-3329-44B7-AB5E-EB65C50D1C0B}.Ad-Hoc|iPhoneSimulator.Build.0 = Release|Any CPU
		{E7351BBC-3329-44B7-AB5E-EB65C50D1C0B}.Ad-Hoc|iPhoneSimulator.Deploy.0 = Release|Any CPU
		{E7351BBC-3329-44B7-AB5E-EB65C50D1C0B}.Ad-Hoc|x64.ActiveCfg = Release|Any CPU
		{E7351BBC-3329-44B7-AB5E-EB65C50D1C0B}.Ad-Hoc|x64.Build.0 = Release|Any CPU
		{E7351BBC-3329-44B7-AB5E-EB65C50D1C0B}.Ad-Hoc|x64.Deploy.0 = Release|Any CPU
		{E7351BBC-3329-44B7-AB5E-EB65C50D1C0B}.Ad-Hoc|x86.ActiveCfg = Release|Any CPU
		{E7351BBC-3329-44B7-AB5E-EB65C50D1C0B}.Ad-Hoc|x86.Build.0 = Release|Any CPU
		{E7351BBC-3329-44B7-AB5E-EB65C50D1C0B}.Ad-Hoc|x86.Deploy.0 = Release|Any CPU
		{E7351BBC-3329-44B7-AB5E-EB65C50D1C0B}.AppStore|Any CPU.ActiveCfg = Release|Any CPU
		{E7351BBC-3329-44B7-AB5E-EB65C50D1C0B}.AppStore|Any CPU.Build.0 = Release|Any CPU
		{E7351BBC-3329-44B7-AB5E-EB65C50D1C0B}.AppStore|Any CPU.Deploy.0 = Release|Any CPU
		{E7351BBC-3329-44B7-AB5E-EB65C50D1C0B}.AppStore|ARM.ActiveCfg = Release|Any CPU
		{E7351BBC-3329-44B7-AB5E-EB65C50D1C0B}.AppStore|ARM.Build.0 = Release|Any CPU
		{E7351BBC-3329-44B7-AB5E-EB65C50D1C0B}.AppStore|ARM.Deploy.0 = Release|Any CPU
		{E7351BBC-3329-44B7-AB5E-EB65C50D1C0B}.AppStore|iPhone.ActiveCfg = Release|Any CPU
		{E7351BBC-3329-44B7-AB5E-EB65C50D1C0B}.AppStore|iPhone.Build.0 = Release|Any CPU
		{E7351BBC-3329-44B7-AB5E-EB65C50D1C0B}.AppStore|iPhone.Deploy.0 = Release|Any CPU
		{E7351BBC-3329-44B7-AB5E-EB65C50D1C0B}.AppStore|iPhoneSimulator.ActiveCfg = Release|Any CPU
		{E7351BBC-3329-44B7-AB5E-EB65C50D1C0B}.AppStore|iPhoneSimulator.Build.0 = Release|Any CPU
		{E7351BBC-3329-44B7-AB5E-EB65C50D1C0B}.AppStore|iPhoneSimulator.Deploy.0 = Release|Any CPU
		{E7351BBC-3329-44B7-AB5E-EB65C50D1C0B}.AppStore|x64.ActiveCfg = Release|Any CPU
		{E7351BBC-3329-44B7-AB5E-EB65C50D1C0B}.AppStore|x64.Build.0 = Release|Any CPU
		{E7351BBC-3329-44B7-AB5E-EB65C50D1C0B}.AppStore|x64.Deploy.0 = Release|Any CPU
		{E7351BBC-3329-44B7-AB5E-EB65C50D1C0B}.AppStore|x86.ActiveCfg = Release|Any CPU
		{E7351BBC-3329-44B7-AB5E-EB65C50D1C0B}.AppStore|x86.Build.0 = Release|Any CPU
		{E7351BBC-3329-44B7-AB5E-EB65C50D1C0B}.AppStore|x86.Deploy.0 = Release|Any CPU
		{E7351BBC-3329-44B7-AB5E-EB65C50D1C0B}.Debug|Any CPU.ActiveCfg = Debug|Any CPU
		{E7351BBC-3329-44B7-AB5E-EB65C50D1C0B}.Debug|Any CPU.Build.0 = Debug|Any CPU
		{E7351BBC-3329-44B7-AB5E-EB65C50D1C0B}.Debug|Any CPU.Deploy.0 = Debug|Any CPU
		{E7351BBC-3329-44B7-AB5E-EB65C50D1C0B}.Debug|ARM.ActiveCfg = Debug|Any CPU
		{E7351BBC-3329-44B7-AB5E-EB65C50D1C0B}.Debug|ARM.Build.0 = Debug|Any CPU
		{E7351BBC-3329-44B7-AB5E-EB65C50D1C0B}.Debug|ARM.Deploy.0 = Debug|Any CPU
		{E7351BBC-3329-44B7-AB5E-EB65C50D1C0B}.Debug|iPhone.ActiveCfg = Debug|Any CPU
		{E7351BBC-3329-44B7-AB5E-EB65C50D1C0B}.Debug|iPhone.Build.0 = Debug|Any CPU
		{E7351BBC-3329-44B7-AB5E-EB65C50D1C0B}.Debug|iPhone.Deploy.0 = Debug|Any CPU
		{E7351BBC-3329-44B7-AB5E-EB65C50D1C0B}.Debug|iPhoneSimulator.ActiveCfg = Debug|Any CPU
		{E7351BBC-3329-44B7-AB5E-EB65C50D1C0B}.Debug|iPhoneSimulator.Build.0 = Debug|Any CPU
		{E7351BBC-3329-44B7-AB5E-EB65C50D1C0B}.Debug|iPhoneSimulator.Deploy.0 = Debug|Any CPU
		{E7351BBC-3329-44B7-AB5E-EB65C50D1C0B}.Debug|x64.ActiveCfg = Debug|Any CPU
		{E7351BBC-3329-44B7-AB5E-EB65C50D1C0B}.Debug|x64.Build.0 = Debug|Any CPU
		{E7351BBC-3329-44B7-AB5E-EB65C50D1C0B}.Debug|x64.Deploy.0 = Debug|Any CPU
		{E7351BBC-3329-44B7-AB5E-EB65C50D1C0B}.Debug|x86.ActiveCfg = Debug|Any CPU
		{E7351BBC-3329-44B7-AB5E-EB65C50D1C0B}.Debug|x86.Build.0 = Debug|Any CPU
		{E7351BBC-3329-44B7-AB5E-EB65C50D1C0B}.Debug|x86.Deploy.0 = Debug|Any CPU
		{E7351BBC-3329-44B7-AB5E-EB65C50D1C0B}.Release|Any CPU.ActiveCfg = Release|Any CPU
		{E7351BBC-3329-44B7-AB5E-EB65C50D1C0B}.Release|Any CPU.Build.0 = Release|Any CPU
		{E7351BBC-3329-44B7-AB5E-EB65C50D1C0B}.Release|Any CPU.Deploy.0 = Release|Any CPU
		{E7351BBC-3329-44B7-AB5E-EB65C50D1C0B}.Release|ARM.ActiveCfg = Release|Any CPU
		{E7351BBC-3329-44B7-AB5E-EB65C50D1C0B}.Release|ARM.Build.0 = Release|Any CPU
		{E7351BBC-3329-44B7-AB5E-EB65C50D1C0B}.Release|ARM.Deploy.0 = Release|Any CPU
		{E7351BBC-3329-44B7-AB5E-EB65C50D1C0B}.Release|iPhone.ActiveCfg = Release|Any CPU
		{E7351BBC-3329-44B7-AB5E-EB65C50D1C0B}.Release|iPhone.Build.0 = Release|Any CPU
		{E7351BBC-3329-44B7-AB5E-EB65C50D1C0B}.Release|iPhone.Deploy.0 = Release|Any CPU
		{E7351BBC-3329-44B7-AB5E-EB65C50D1C0B}.Release|iPhoneSimulator.ActiveCfg = Release|Any CPU
		{E7351BBC-3329-44B7-AB5E-EB65C50D1C0B}.Release|iPhoneSimulator.Build.0 = Release|Any CPU
		{E7351BBC-3329-44B7-AB5E-EB65C50D1C0B}.Release|iPhoneSimulator.Deploy.0 = Release|Any CPU
		{E7351BBC-3329-44B7-AB5E-EB65C50D1C0B}.Release|x64.ActiveCfg = Release|Any CPU
		{E7351BBC-3329-44B7-AB5E-EB65C50D1C0B}.Release|x64.Build.0 = Release|Any CPU
		{E7351BBC-3329-44B7-AB5E-EB65C50D1C0B}.Release|x64.Deploy.0 = Release|Any CPU
		{E7351BBC-3329-44B7-AB5E-EB65C50D1C0B}.Release|x86.ActiveCfg = Release|Any CPU
		{E7351BBC-3329-44B7-AB5E-EB65C50D1C0B}.Release|x86.Build.0 = Release|Any CPU
		{E7351BBC-3329-44B7-AB5E-EB65C50D1C0B}.Release|x86.Deploy.0 = Release|Any CPU
		{58E0E2EE-0EF7-4648-A744-B6BC14DD92E5}.Ad-Hoc|Any CPU.ActiveCfg = Ad-Hoc|iPhone
		{58E0E2EE-0EF7-4648-A744-B6BC14DD92E5}.Ad-Hoc|ARM.ActiveCfg = Ad-Hoc|iPhone
		{58E0E2EE-0EF7-4648-A744-B6BC14DD92E5}.Ad-Hoc|iPhone.ActiveCfg = Ad-Hoc|iPhone
		{58E0E2EE-0EF7-4648-A744-B6BC14DD92E5}.Ad-Hoc|iPhone.Build.0 = Ad-Hoc|iPhone
		{58E0E2EE-0EF7-4648-A744-B6BC14DD92E5}.Ad-Hoc|iPhoneSimulator.ActiveCfg = Ad-Hoc|iPhoneSimulator
		{58E0E2EE-0EF7-4648-A744-B6BC14DD92E5}.Ad-Hoc|iPhoneSimulator.Build.0 = Ad-Hoc|iPhoneSimulator
		{58E0E2EE-0EF7-4648-A744-B6BC14DD92E5}.Ad-Hoc|x64.ActiveCfg = Ad-Hoc|iPhone
		{58E0E2EE-0EF7-4648-A744-B6BC14DD92E5}.Ad-Hoc|x86.ActiveCfg = Ad-Hoc|iPhone
		{58E0E2EE-0EF7-4648-A744-B6BC14DD92E5}.AppStore|Any CPU.ActiveCfg = AppStore|iPhone
		{58E0E2EE-0EF7-4648-A744-B6BC14DD92E5}.AppStore|ARM.ActiveCfg = AppStore|iPhone
		{58E0E2EE-0EF7-4648-A744-B6BC14DD92E5}.AppStore|iPhone.ActiveCfg = AppStore|iPhone
		{58E0E2EE-0EF7-4648-A744-B6BC14DD92E5}.AppStore|iPhone.Build.0 = AppStore|iPhone
		{58E0E2EE-0EF7-4648-A744-B6BC14DD92E5}.AppStore|iPhoneSimulator.ActiveCfg = AppStore|iPhoneSimulator
		{58E0E2EE-0EF7-4648-A744-B6BC14DD92E5}.AppStore|iPhoneSimulator.Build.0 = AppStore|iPhoneSimulator
		{58E0E2EE-0EF7-4648-A744-B6BC14DD92E5}.AppStore|x64.ActiveCfg = AppStore|iPhone
		{58E0E2EE-0EF7-4648-A744-B6BC14DD92E5}.AppStore|x86.ActiveCfg = AppStore|iPhone
		{58E0E2EE-0EF7-4648-A744-B6BC14DD92E5}.Debug|Any CPU.ActiveCfg = Debug|iPhone
		{58E0E2EE-0EF7-4648-A744-B6BC14DD92E5}.Debug|ARM.ActiveCfg = Debug|iPhone
		{58E0E2EE-0EF7-4648-A744-B6BC14DD92E5}.Debug|iPhone.ActiveCfg = Debug|iPhone
		{58E0E2EE-0EF7-4648-A744-B6BC14DD92E5}.Debug|iPhone.Build.0 = Debug|iPhone
		{58E0E2EE-0EF7-4648-A744-B6BC14DD92E5}.Debug|iPhoneSimulator.ActiveCfg = Debug|iPhoneSimulator
		{58E0E2EE-0EF7-4648-A744-B6BC14DD92E5}.Debug|iPhoneSimulator.Build.0 = Debug|iPhoneSimulator
		{58E0E2EE-0EF7-4648-A744-B6BC14DD92E5}.Debug|x64.ActiveCfg = Debug|iPhone
		{58E0E2EE-0EF7-4648-A744-B6BC14DD92E5}.Debug|x86.ActiveCfg = Debug|iPhone
		{58E0E2EE-0EF7-4648-A744-B6BC14DD92E5}.Release|Any CPU.ActiveCfg = Release|iPhone
		{58E0E2EE-0EF7-4648-A744-B6BC14DD92E5}.Release|ARM.ActiveCfg = Release|iPhone
		{58E0E2EE-0EF7-4648-A744-B6BC14DD92E5}.Release|iPhone.ActiveCfg = Release|iPhone
		{58E0E2EE-0EF7-4648-A744-B6BC14DD92E5}.Release|iPhone.Build.0 = Release|iPhone
		{58E0E2EE-0EF7-4648-A744-B6BC14DD92E5}.Release|iPhoneSimulator.ActiveCfg = Release|iPhoneSimulator
		{58E0E2EE-0EF7-4648-A744-B6BC14DD92E5}.Release|iPhoneSimulator.Build.0 = Release|iPhoneSimulator
		{58E0E2EE-0EF7-4648-A744-B6BC14DD92E5}.Release|x64.ActiveCfg = Release|iPhone
		{58E0E2EE-0EF7-4648-A744-B6BC14DD92E5}.Release|x86.ActiveCfg = Release|iPhone
		{264F453D-1AB3-49CC-A4AB-CE9EA57B8C14}.Ad-Hoc|Any CPU.ActiveCfg = Release|Any CPU
		{264F453D-1AB3-49CC-A4AB-CE9EA57B8C14}.Ad-Hoc|Any CPU.Build.0 = Release|Any CPU
		{264F453D-1AB3-49CC-A4AB-CE9EA57B8C14}.Ad-Hoc|ARM.ActiveCfg = Release|Any CPU
		{264F453D-1AB3-49CC-A4AB-CE9EA57B8C14}.Ad-Hoc|ARM.Build.0 = Release|Any CPU
		{264F453D-1AB3-49CC-A4AB-CE9EA57B8C14}.Ad-Hoc|iPhone.ActiveCfg = Release|Any CPU
		{264F453D-1AB3-49CC-A4AB-CE9EA57B8C14}.Ad-Hoc|iPhone.Build.0 = Release|Any CPU
		{264F453D-1AB3-49CC-A4AB-CE9EA57B8C14}.Ad-Hoc|iPhoneSimulator.ActiveCfg = Release|Any CPU
		{264F453D-1AB3-49CC-A4AB-CE9EA57B8C14}.Ad-Hoc|iPhoneSimulator.Build.0 = Release|Any CPU
		{264F453D-1AB3-49CC-A4AB-CE9EA57B8C14}.Ad-Hoc|x64.ActiveCfg = Release|Any CPU
		{264F453D-1AB3-49CC-A4AB-CE9EA57B8C14}.Ad-Hoc|x64.Build.0 = Release|Any CPU
		{264F453D-1AB3-49CC-A4AB-CE9EA57B8C14}.Ad-Hoc|x86.ActiveCfg = Release|Any CPU
		{264F453D-1AB3-49CC-A4AB-CE9EA57B8C14}.Ad-Hoc|x86.Build.0 = Release|Any CPU
		{264F453D-1AB3-49CC-A4AB-CE9EA57B8C14}.AppStore|Any CPU.ActiveCfg = Release|Any CPU
		{264F453D-1AB3-49CC-A4AB-CE9EA57B8C14}.AppStore|Any CPU.Build.0 = Release|Any CPU
		{264F453D-1AB3-49CC-A4AB-CE9EA57B8C14}.AppStore|ARM.ActiveCfg = Release|Any CPU
		{264F453D-1AB3-49CC-A4AB-CE9EA57B8C14}.AppStore|ARM.Build.0 = Release|Any CPU
		{264F453D-1AB3-49CC-A4AB-CE9EA57B8C14}.AppStore|iPhone.ActiveCfg = Release|Any CPU
		{264F453D-1AB3-49CC-A4AB-CE9EA57B8C14}.AppStore|iPhone.Build.0 = Release|Any CPU
		{264F453D-1AB3-49CC-A4AB-CE9EA57B8C14}.AppStore|iPhoneSimulator.ActiveCfg = Release|Any CPU
		{264F453D-1AB3-49CC-A4AB-CE9EA57B8C14}.AppStore|iPhoneSimulator.Build.0 = Release|Any CPU
		{264F453D-1AB3-49CC-A4AB-CE9EA57B8C14}.AppStore|x64.ActiveCfg = Release|Any CPU
		{264F453D-1AB3-49CC-A4AB-CE9EA57B8C14}.AppStore|x64.Build.0 = Release|Any CPU
		{264F453D-1AB3-49CC-A4AB-CE9EA57B8C14}.AppStore|x86.ActiveCfg = Release|Any CPU
		{264F453D-1AB3-49CC-A4AB-CE9EA57B8C14}.AppStore|x86.Build.0 = Release|Any CPU
		{264F453D-1AB3-49CC-A4AB-CE9EA57B8C14}.Debug|Any CPU.ActiveCfg = Debug|Any CPU
		{264F453D-1AB3-49CC-A4AB-CE9EA57B8C14}.Debug|Any CPU.Build.0 = Debug|Any CPU
		{264F453D-1AB3-49CC-A4AB-CE9EA57B8C14}.Debug|ARM.ActiveCfg = Debug|Any CPU
		{264F453D-1AB3-49CC-A4AB-CE9EA57B8C14}.Debug|ARM.Build.0 = Debug|Any CPU
		{264F453D-1AB3-49CC-A4AB-CE9EA57B8C14}.Debug|iPhone.ActiveCfg = Debug|Any CPU
		{264F453D-1AB3-49CC-A4AB-CE9EA57B8C14}.Debug|iPhone.Build.0 = Debug|Any CPU
		{264F453D-1AB3-49CC-A4AB-CE9EA57B8C14}.Debug|iPhoneSimulator.ActiveCfg = Debug|Any CPU
		{264F453D-1AB3-49CC-A4AB-CE9EA57B8C14}.Debug|iPhoneSimulator.Build.0 = Debug|Any CPU
		{264F453D-1AB3-49CC-A4AB-CE9EA57B8C14}.Debug|x64.ActiveCfg = Debug|Any CPU
		{264F453D-1AB3-49CC-A4AB-CE9EA57B8C14}.Debug|x64.Build.0 = Debug|Any CPU
		{264F453D-1AB3-49CC-A4AB-CE9EA57B8C14}.Debug|x86.ActiveCfg = Debug|Any CPU
		{264F453D-1AB3-49CC-A4AB-CE9EA57B8C14}.Debug|x86.Build.0 = Debug|Any CPU
		{264F453D-1AB3-49CC-A4AB-CE9EA57B8C14}.Release|Any CPU.ActiveCfg = Release|Any CPU
		{264F453D-1AB3-49CC-A4AB-CE9EA57B8C14}.Release|Any CPU.Build.0 = Release|Any CPU
		{264F453D-1AB3-49CC-A4AB-CE9EA57B8C14}.Release|ARM.ActiveCfg = Release|Any CPU
		{264F453D-1AB3-49CC-A4AB-CE9EA57B8C14}.Release|ARM.Build.0 = Release|Any CPU
		{264F453D-1AB3-49CC-A4AB-CE9EA57B8C14}.Release|iPhone.ActiveCfg = Release|Any CPU
		{264F453D-1AB3-49CC-A4AB-CE9EA57B8C14}.Release|iPhone.Build.0 = Release|Any CPU
		{264F453D-1AB3-49CC-A4AB-CE9EA57B8C14}.Release|iPhoneSimulator.ActiveCfg = Release|Any CPU
		{264F453D-1AB3-49CC-A4AB-CE9EA57B8C14}.Release|iPhoneSimulator.Build.0 = Release|Any CPU
		{264F453D-1AB3-49CC-A4AB-CE9EA57B8C14}.Release|x64.ActiveCfg = Release|Any CPU
		{264F453D-1AB3-49CC-A4AB-CE9EA57B8C14}.Release|x64.Build.0 = Release|Any CPU
		{264F453D-1AB3-49CC-A4AB-CE9EA57B8C14}.Release|x86.ActiveCfg = Release|Any CPU
		{264F453D-1AB3-49CC-A4AB-CE9EA57B8C14}.Release|x86.Build.0 = Release|Any CPU
	EndGlobalSection
	GlobalSection(SolutionProperties) = preSolution
		HideSolutionNode = FALSE
	EndGlobalSection
EndGlobal
