
Microsoft Visual Studio Solution File, Format Version 12.00
# Visual Studio 14
VisualStudioVersion = 14.0.25420.1
MinimumVisualStudioVersion = 10.0.40219.1
Project("{FAE04EC0-301F-11D3-BF4B-00C04F79EFBC}") = "Win.Droid", "Win\Win.Droid\Win.Droid.csproj", "{10DEEA46-E2F6-451A-8009-9C224876EC4D}"
EndProject
Project("{FAE04EC0-301F-11D3-BF4B-00C04F79EFBC}") = "Win.iOS", "Win\Win.iOS\Win.iOS.csproj", "{4EE6F588-0EDF-43EE-8E56-9DAFE4851381}"
EndProject
Project("{FAE04EC0-301F-11D3-BF4B-00C04F79EFBC}") = "Win.WinPhone", "Win\Win.WinPhone\Win.WinPhone.csproj", "{D7E72395-1F3A-484B-B676-E9A99C9453E6}"
EndProject
Project("{FAE04EC0-301F-11D3-BF4B-00C04F79EFBC}") = "Win.UWP", "Win\Win.UWP\Win.UWP.csproj", "{28063333-3F54-4E19-8A35-EA1FA0CC9C8E}"
EndProject
Project("{FAE04EC0-301F-11D3-BF4B-00C04F79EFBC}") = "Win.Windows", "Win\Win.Windows\Win.Windows.csproj", "{9765A102-A588-4DB4-97C7-7A3C48A6894C}"
EndProject
Project("{FAE04EC0-301F-11D3-BF4B-00C04F79EFBC}") = "Win", "Win\Win\Win.csproj", "{9E86876F-5F4C-4F6A-B7D2-F1CE0E637629}"
EndProject
Global
	GlobalSection(SolutionConfigurationPlatforms) = preSolution
		Ad-Hoc|Any CPU = Ad-Hoc|Any CPU
		Ad-Hoc|ARM = Ad-Hoc|ARM
		Ad-Hoc|iPhone = Ad-Hoc|iPhone
		Ad-Hoc|iPhoneSimulator = Ad-Hoc|iPhoneSimulator
		Ad-Hoc|x64 = Ad-Hoc|x64
		Ad-Hoc|x86 = Ad-Hoc|x86
		AppStore|Any CPU = AppStore|Any CPU
		AppStore|ARM = AppStore|ARM
		AppStore|iPhone = AppStore|iPhone
		AppStore|iPhoneSimulator = AppStore|iPhoneSimulator
		AppStore|x64 = AppStore|x64
		AppStore|x86 = AppStore|x86
		Debug|Any CPU = Debug|Any CPU
		Debug|ARM = Debug|ARM
		Debug|iPhone = Debug|iPhone
		Debug|iPhoneSimulator = Debug|iPhoneSimulator
		Debug|x64 = Debug|x64
		Debug|x86 = Debug|x86
		Release|Any CPU = Release|Any CPU
		Release|ARM = Release|ARM
		Release|iPhone = Release|iPhone
		Release|iPhoneSimulator = Release|iPhoneSimulator
		Release|x64 = Release|x64
		Release|x86 = Release|x86
	EndGlobalSection
	GlobalSection(ProjectConfigurationPlatforms) = postSolution
		{10DEEA46-E2F6-451A-8009-9C224876EC4D}.Ad-Hoc|Any CPU.ActiveCfg = Release|Any CPU
		{10DEEA46-E2F6-451A-8009-9C224876EC4D}.Ad-Hoc|Any CPU.Build.0 = Release|Any CPU
		{10DEEA46-E2F6-451A-8009-9C224876EC4D}.Ad-Hoc|Any CPU.Deploy.0 = Release|Any CPU
		{10DEEA46-E2F6-451A-8009-9C224876EC4D}.Ad-Hoc|ARM.ActiveCfg = Release|Any CPU
		{10DEEA46-E2F6-451A-8009-9C224876EC4D}.Ad-Hoc|ARM.Build.0 = Release|Any CPU
		{10DEEA46-E2F6-451A-8009-9C224876EC4D}.Ad-Hoc|ARM.Deploy.0 = Release|Any CPU
		{10DEEA46-E2F6-451A-8009-9C224876EC4D}.Ad-Hoc|iPhone.ActiveCfg = Release|Any CPU
		{10DEEA46-E2F6-451A-8009-9C224876EC4D}.Ad-Hoc|iPhone.Build.0 = Release|Any CPU
		{10DEEA46-E2F6-451A-8009-9C224876EC4D}.Ad-Hoc|iPhone.Deploy.0 = Release|Any CPU
		{10DEEA46-E2F6-451A-8009-9C224876EC4D}.Ad-Hoc|iPhoneSimulator.ActiveCfg = Release|Any CPU
		{10DEEA46-E2F6-451A-8009-9C224876EC4D}.Ad-Hoc|iPhoneSimulator.Build.0 = Release|Any CPU
		{10DEEA46-E2F6-451A-8009-9C224876EC4D}.Ad-Hoc|iPhoneSimulator.Deploy.0 = Release|Any CPU
		{10DEEA46-E2F6-451A-8009-9C224876EC4D}.Ad-Hoc|x64.ActiveCfg = Release|Any CPU
		{10DEEA46-E2F6-451A-8009-9C224876EC4D}.Ad-Hoc|x64.Build.0 = Release|Any CPU
		{10DEEA46-E2F6-451A-8009-9C224876EC4D}.Ad-Hoc|x64.Deploy.0 = Release|Any CPU
		{10DEEA46-E2F6-451A-8009-9C224876EC4D}.Ad-Hoc|x86.ActiveCfg = Release|Any CPU
		{10DEEA46-E2F6-451A-8009-9C224876EC4D}.Ad-Hoc|x86.Build.0 = Release|Any CPU
		{10DEEA46-E2F6-451A-8009-9C224876EC4D}.Ad-Hoc|x86.Deploy.0 = Release|Any CPU
		{10DEEA46-E2F6-451A-8009-9C224876EC4D}.AppStore|Any CPU.ActiveCfg = Release|Any CPU
		{10DEEA46-E2F6-451A-8009-9C224876EC4D}.AppStore|Any CPU.Build.0 = Release|Any CPU
		{10DEEA46-E2F6-451A-8009-9C224876EC4D}.AppStore|Any CPU.Deploy.0 = Release|Any CPU
		{10DEEA46-E2F6-451A-8009-9C224876EC4D}.AppStore|ARM.ActiveCfg = Release|Any CPU
		{10DEEA46-E2F6-451A-8009-9C224876EC4D}.AppStore|ARM.Build.0 = Release|Any CPU
		{10DEEA46-E2F6-451A-8009-9C224876EC4D}.AppStore|ARM.Deploy.0 = Release|Any CPU
		{10DEEA46-E2F6-451A-8009-9C224876EC4D}.AppStore|iPhone.ActiveCfg = Release|Any CPU
		{10DEEA46-E2F6-451A-8009-9C224876EC4D}.AppStore|iPhone.Build.0 = Release|Any CPU
		{10DEEA46-E2F6-451A-8009-9C224876EC4D}.AppStore|iPhone.Deploy.0 = Release|Any CPU
		{10DEEA46-E2F6-451A-8009-9C224876EC4D}.AppStore|iPhoneSimulator.ActiveCfg = Release|Any CPU
		{10DEEA46-E2F6-451A-8009-9C224876EC4D}.AppStore|iPhoneSimulator.Build.0 = Release|Any CPU
		{10DEEA46-E2F6-451A-8009-9C224876EC4D}.AppStore|iPhoneSimulator.Deploy.0 = Release|Any CPU
		{10DEEA46-E2F6-451A-8009-9C224876EC4D}.AppStore|x64.ActiveCfg = Release|Any CPU
		{10DEEA46-E2F6-451A-8009-9C224876EC4D}.AppStore|x64.Build.0 = Release|Any CPU
		{10DEEA46-E2F6-451A-8009-9C224876EC4D}.AppStore|x64.Deploy.0 = Release|Any CPU
		{10DEEA46-E2F6-451A-8009-9C224876EC4D}.AppStore|x86.ActiveCfg = Release|Any CPU
		{10DEEA46-E2F6-451A-8009-9C224876EC4D}.AppStore|x86.Build.0 = Release|Any CPU
		{10DEEA46-E2F6-451A-8009-9C224876EC4D}.AppStore|x86.Deploy.0 = Release|Any CPU
		{10DEEA46-E2F6-451A-8009-9C224876EC4D}.Debug|Any CPU.ActiveCfg = Debug|Any CPU
		{10DEEA46-E2F6-451A-8009-9C224876EC4D}.Debug|Any CPU.Build.0 = Debug|Any CPU
		{10DEEA46-E2F6-451A-8009-9C224876EC4D}.Debug|Any CPU.Deploy.0 = Debug|Any CPU
		{10DEEA46-E2F6-451A-8009-9C224876EC4D}.Debug|ARM.ActiveCfg = Debug|Any CPU
		{10DEEA46-E2F6-451A-8009-9C224876EC4D}.Debug|ARM.Build.0 = Debug|Any CPU
		{10DEEA46-E2F6-451A-8009-9C224876EC4D}.Debug|ARM.Deploy.0 = Debug|Any CPU
		{10DEEA46-E2F6-451A-8009-9C224876EC4D}.Debug|iPhone.ActiveCfg = Debug|Any CPU
		{10DEEA46-E2F6-451A-8009-9C224876EC4D}.Debug|iPhone.Build.0 = Debug|Any CPU
		{10DEEA46-E2F6-451A-8009-9C224876EC4D}.Debug|iPhone.Deploy.0 = Debug|Any CPU
		{10DEEA46-E2F6-451A-8009-9C224876EC4D}.Debug|iPhoneSimulator.ActiveCfg = Debug|Any CPU
		{10DEEA46-E2F6-451A-8009-9C224876EC4D}.Debug|iPhoneSimulator.Build.0 = Debug|Any CPU
		{10DEEA46-E2F6-451A-8009-9C224876EC4D}.Debug|iPhoneSimulator.Deploy.0 = Debug|Any CPU
		{10DEEA46-E2F6-451A-8009-9C224876EC4D}.Debug|x64.ActiveCfg = Debug|Any CPU
		{10DEEA46-E2F6-451A-8009-9C224876EC4D}.Debug|x64.Build.0 = Debug|Any CPU
		{10DEEA46-E2F6-451A-8009-9C224876EC4D}.Debug|x64.Deploy.0 = Debug|Any CPU
		{10DEEA46-E2F6-451A-8009-9C224876EC4D}.Debug|x86.ActiveCfg = Debug|Any CPU
		{10DEEA46-E2F6-451A-8009-9C224876EC4D}.Debug|x86.Build.0 = Debug|Any CPU
		{10DEEA46-E2F6-451A-8009-9C224876EC4D}.Debug|x86.Deploy.0 = Debug|Any CPU
		{10DEEA46-E2F6-451A-8009-9C224876EC4D}.Release|Any CPU.ActiveCfg = Release|Any CPU
		{10DEEA46-E2F6-451A-8009-9C224876EC4D}.Release|Any CPU.Build.0 = Release|Any CPU
		{10DEEA46-E2F6-451A-8009-9C224876EC4D}.Release|Any CPU.Deploy.0 = Release|Any CPU
		{10DEEA46-E2F6-451A-8009-9C224876EC4D}.Release|ARM.ActiveCfg = Release|Any CPU
		{10DEEA46-E2F6-451A-8009-9C224876EC4D}.Release|ARM.Build.0 = Release|Any CPU
		{10DEEA46-E2F6-451A-8009-9C224876EC4D}.Release|ARM.Deploy.0 = Release|Any CPU
		{10DEEA46-E2F6-451A-8009-9C224876EC4D}.Release|iPhone.ActiveCfg = Release|Any CPU
		{10DEEA46-E2F6-451A-8009-9C224876EC4D}.Release|iPhone.Build.0 = Release|Any CPU
		{10DEEA46-E2F6-451A-8009-9C224876EC4D}.Release|iPhone.Deploy.0 = Release|Any CPU
		{10DEEA46-E2F6-451A-8009-9C224876EC4D}.Release|iPhoneSimulator.ActiveCfg = Release|Any CPU
		{10DEEA46-E2F6-451A-8009-9C224876EC4D}.Release|iPhoneSimulator.Build.0 = Release|Any CPU
		{10DEEA46-E2F6-451A-8009-9C224876EC4D}.Release|iPhoneSimulator.Deploy.0 = Release|Any CPU
		{10DEEA46-E2F6-451A-8009-9C224876EC4D}.Release|x64.ActiveCfg = Release|Any CPU
		{10DEEA46-E2F6-451A-8009-9C224876EC4D}.Release|x64.Build.0 = Release|Any CPU
		{10DEEA46-E2F6-451A-8009-9C224876EC4D}.Release|x64.Deploy.0 = Release|Any CPU
		{10DEEA46-E2F6-451A-8009-9C224876EC4D}.Release|x86.ActiveCfg = Release|Any CPU
		{10DEEA46-E2F6-451A-8009-9C224876EC4D}.Release|x86.Build.0 = Release|Any CPU
		{10DEEA46-E2F6-451A-8009-9C224876EC4D}.Release|x86.Deploy.0 = Release|Any CPU
		{4EE6F588-0EDF-43EE-8E56-9DAFE4851381}.Ad-Hoc|Any CPU.ActiveCfg = Ad-Hoc|iPhone
		{4EE6F588-0EDF-43EE-8E56-9DAFE4851381}.Ad-Hoc|ARM.ActiveCfg = Ad-Hoc|iPhone
		{4EE6F588-0EDF-43EE-8E56-9DAFE4851381}.Ad-Hoc|iPhone.ActiveCfg = Ad-Hoc|iPhone
		{4EE6F588-0EDF-43EE-8E56-9DAFE4851381}.Ad-Hoc|iPhone.Build.0 = Ad-Hoc|iPhone
		{4EE6F588-0EDF-43EE-8E56-9DAFE4851381}.Ad-Hoc|iPhoneSimulator.ActiveCfg = Ad-Hoc|iPhoneSimulator
		{4EE6F588-0EDF-43EE-8E56-9DAFE4851381}.Ad-Hoc|iPhoneSimulator.Build.0 = Ad-Hoc|iPhoneSimulator
		{4EE6F588-0EDF-43EE-8E56-9DAFE4851381}.Ad-Hoc|x64.ActiveCfg = Ad-Hoc|iPhone
		{4EE6F588-0EDF-43EE-8E56-9DAFE4851381}.Ad-Hoc|x86.ActiveCfg = Ad-Hoc|iPhone
		{4EE6F588-0EDF-43EE-8E56-9DAFE4851381}.AppStore|Any CPU.ActiveCfg = AppStore|iPhone
		{4EE6F588-0EDF-43EE-8E56-9DAFE4851381}.AppStore|ARM.ActiveCfg = AppStore|iPhone
		{4EE6F588-0EDF-43EE-8E56-9DAFE4851381}.AppStore|iPhone.ActiveCfg = AppStore|iPhone
		{4EE6F588-0EDF-43EE-8E56-9DAFE4851381}.AppStore|iPhone.Build.0 = AppStore|iPhone
		{4EE6F588-0EDF-43EE-8E56-9DAFE4851381}.AppStore|iPhoneSimulator.ActiveCfg = AppStore|iPhoneSimulator
		{4EE6F588-0EDF-43EE-8E56-9DAFE4851381}.AppStore|iPhoneSimulator.Build.0 = AppStore|iPhoneSimulator
		{4EE6F588-0EDF-43EE-8E56-9DAFE4851381}.AppStore|x64.ActiveCfg = AppStore|iPhone
		{4EE6F588-0EDF-43EE-8E56-9DAFE4851381}.AppStore|x86.ActiveCfg = AppStore|iPhone
		{4EE6F588-0EDF-43EE-8E56-9DAFE4851381}.Debug|Any CPU.ActiveCfg = Debug|iPhone
		{4EE6F588-0EDF-43EE-8E56-9DAFE4851381}.Debug|ARM.ActiveCfg = Debug|iPhone
		{4EE6F588-0EDF-43EE-8E56-9DAFE4851381}.Debug|iPhone.ActiveCfg = Debug|iPhone
		{4EE6F588-0EDF-43EE-8E56-9DAFE4851381}.Debug|iPhone.Build.0 = Debug|iPhone
		{4EE6F588-0EDF-43EE-8E56-9DAFE4851381}.Debug|iPhoneSimulator.ActiveCfg = Debug|iPhoneSimulator
		{4EE6F588-0EDF-43EE-8E56-9DAFE4851381}.Debug|iPhoneSimulator.Build.0 = Debug|iPhoneSimulator
		{4EE6F588-0EDF-43EE-8E56-9DAFE4851381}.Debug|x64.ActiveCfg = Debug|iPhone
		{4EE6F588-0EDF-43EE-8E56-9DAFE4851381}.Debug|x86.ActiveCfg = Debug|iPhone
		{4EE6F588-0EDF-43EE-8E56-9DAFE4851381}.Release|Any CPU.ActiveCfg = Release|iPhone
		{4EE6F588-0EDF-43EE-8E56-9DAFE4851381}.Release|ARM.ActiveCfg = Release|iPhone
		{4EE6F588-0EDF-43EE-8E56-9DAFE4851381}.Release|iPhone.ActiveCfg = Release|iPhone
		{4EE6F588-0EDF-43EE-8E56-9DAFE4851381}.Release|iPhone.Build.0 = Release|iPhone
		{4EE6F588-0EDF-43EE-8E56-9DAFE4851381}.Release|iPhoneSimulator.ActiveCfg = Release|iPhoneSimulator
		{4EE6F588-0EDF-43EE-8E56-9DAFE4851381}.Release|iPhoneSimulator.Build.0 = Release|iPhoneSimulator
		{4EE6F588-0EDF-43EE-8E56-9DAFE4851381}.Release|x64.ActiveCfg = Release|iPhone
		{4EE6F588-0EDF-43EE-8E56-9DAFE4851381}.Release|x86.ActiveCfg = Release|iPhone
		{D7E72395-1F3A-484B-B676-E9A99C9453E6}.Ad-Hoc|Any CPU.ActiveCfg = Release|Any CPU
		{D7E72395-1F3A-484B-B676-E9A99C9453E6}.Ad-Hoc|Any CPU.Build.0 = Release|Any CPU
		{D7E72395-1F3A-484B-B676-E9A99C9453E6}.Ad-Hoc|Any CPU.Deploy.0 = Release|Any CPU
		{D7E72395-1F3A-484B-B676-E9A99C9453E6}.Ad-Hoc|ARM.ActiveCfg = Release|ARM
		{D7E72395-1F3A-484B-B676-E9A99C9453E6}.Ad-Hoc|ARM.Build.0 = Release|ARM
		{D7E72395-1F3A-484B-B676-E9A99C9453E6}.Ad-Hoc|ARM.Deploy.0 = Release|ARM
		{D7E72395-1F3A-484B-B676-E9A99C9453E6}.Ad-Hoc|iPhone.ActiveCfg = Release|Any CPU
		{D7E72395-1F3A-484B-B676-E9A99C9453E6}.Ad-Hoc|iPhone.Build.0 = Release|Any CPU
		{D7E72395-1F3A-484B-B676-E9A99C9453E6}.Ad-Hoc|iPhone.Deploy.0 = Release|Any CPU
		{D7E72395-1F3A-484B-B676-E9A99C9453E6}.Ad-Hoc|iPhoneSimulator.ActiveCfg = Release|Any CPU
		{D7E72395-1F3A-484B-B676-E9A99C9453E6}.Ad-Hoc|iPhoneSimulator.Build.0 = Release|Any CPU
		{D7E72395-1F3A-484B-B676-E9A99C9453E6}.Ad-Hoc|iPhoneSimulator.Deploy.0 = Release|Any CPU
		{D7E72395-1F3A-484B-B676-E9A99C9453E6}.Ad-Hoc|x64.ActiveCfg = Release|Any CPU
		{D7E72395-1F3A-484B-B676-E9A99C9453E6}.Ad-Hoc|x64.Build.0 = Release|Any CPU
		{D7E72395-1F3A-484B-B676-E9A99C9453E6}.Ad-Hoc|x64.Deploy.0 = Release|Any CPU
		{D7E72395-1F3A-484B-B676-E9A99C9453E6}.Ad-Hoc|x86.ActiveCfg = Release|x86
		{D7E72395-1F3A-484B-B676-E9A99C9453E6}.Ad-Hoc|x86.Build.0 = Release|x86
		{D7E72395-1F3A-484B-B676-E9A99C9453E6}.Ad-Hoc|x86.Deploy.0 = Release|x86
		{D7E72395-1F3A-484B-B676-E9A99C9453E6}.AppStore|Any CPU.ActiveCfg = Release|Any CPU
		{D7E72395-1F3A-484B-B676-E9A99C9453E6}.AppStore|Any CPU.Build.0 = Release|Any CPU
		{D7E72395-1F3A-484B-B676-E9A99C9453E6}.AppStore|Any CPU.Deploy.0 = Release|Any CPU
		{D7E72395-1F3A-484B-B676-E9A99C9453E6}.AppStore|ARM.ActiveCfg = Release|ARM
		{D7E72395-1F3A-484B-B676-E9A99C9453E6}.AppStore|ARM.Build.0 = Release|ARM
		{D7E72395-1F3A-484B-B676-E9A99C9453E6}.AppStore|ARM.Deploy.0 = Release|ARM
		{D7E72395-1F3A-484B-B676-E9A99C9453E6}.AppStore|iPhone.ActiveCfg = Release|Any CPU
		{D7E72395-1F3A-484B-B676-E9A99C9453E6}.AppStore|iPhone.Build.0 = Release|Any CPU
		{D7E72395-1F3A-484B-B676-E9A99C9453E6}.AppStore|iPhone.Deploy.0 = Release|Any CPU
		{D7E72395-1F3A-484B-B676-E9A99C9453E6}.AppStore|iPhoneSimulator.ActiveCfg = Release|Any CPU
		{D7E72395-1F3A-484B-B676-E9A99C9453E6}.AppStore|iPhoneSimulator.Build.0 = Release|Any CPU
		{D7E72395-1F3A-484B-B676-E9A99C9453E6}.AppStore|iPhoneSimulator.Deploy.0 = Release|Any CPU
		{D7E72395-1F3A-484B-B676-E9A99C9453E6}.AppStore|x64.ActiveCfg = Release|Any CPU
		{D7E72395-1F3A-484B-B676-E9A99C9453E6}.AppStore|x64.Build.0 = Release|Any CPU
		{D7E72395-1F3A-484B-B676-E9A99C9453E6}.AppStore|x64.Deploy.0 = Release|Any CPU
		{D7E72395-1F3A-484B-B676-E9A99C9453E6}.AppStore|x86.ActiveCfg = Release|x86
		{D7E72395-1F3A-484B-B676-E9A99C9453E6}.AppStore|x86.Build.0 = Release|x86
		{D7E72395-1F3A-484B-B676-E9A99C9453E6}.AppStore|x86.Deploy.0 = Release|x86
		{D7E72395-1F3A-484B-B676-E9A99C9453E6}.Debug|Any CPU.ActiveCfg = Debug|Any CPU
		{D7E72395-1F3A-484B-B676-E9A99C9453E6}.Debug|Any CPU.Build.0 = Debug|Any CPU
		{D7E72395-1F3A-484B-B676-E9A99C9453E6}.Debug|Any CPU.Deploy.0 = Debug|Any CPU
		{D7E72395-1F3A-484B-B676-E9A99C9453E6}.Debug|ARM.ActiveCfg = Debug|ARM
		{D7E72395-1F3A-484B-B676-E9A99C9453E6}.Debug|ARM.Build.0 = Debug|ARM
		{D7E72395-1F3A-484B-B676-E9A99C9453E6}.Debug|ARM.Deploy.0 = Debug|ARM
		{D7E72395-1F3A-484B-B676-E9A99C9453E6}.Debug|iPhone.ActiveCfg = Debug|Any CPU
		{D7E72395-1F3A-484B-B676-E9A99C9453E6}.Debug|iPhone.Build.0 = Debug|Any CPU
		{D7E72395-1F3A-484B-B676-E9A99C9453E6}.Debug|iPhone.Deploy.0 = Debug|Any CPU
		{D7E72395-1F3A-484B-B676-E9A99C9453E6}.Debug|iPhoneSimulator.ActiveCfg = Debug|Any CPU
		{D7E72395-1F3A-484B-B676-E9A99C9453E6}.Debug|iPhoneSimulator.Build.0 = Debug|Any CPU
		{D7E72395-1F3A-484B-B676-E9A99C9453E6}.Debug|iPhoneSimulator.Deploy.0 = Debug|Any CPU
		{D7E72395-1F3A-484B-B676-E9A99C9453E6}.Debug|x64.ActiveCfg = Debug|Any CPU
		{D7E72395-1F3A-484B-B676-E9A99C9453E6}.Debug|x64.Build.0 = Debug|Any CPU
		{D7E72395-1F3A-484B-B676-E9A99C9453E6}.Debug|x64.Deploy.0 = Debug|Any CPU
		{D7E72395-1F3A-484B-B676-E9A99C9453E6}.Debug|x86.ActiveCfg = Debug|x86
		{D7E72395-1F3A-484B-B676-E9A99C9453E6}.Debug|x86.Build.0 = Debug|x86
		{D7E72395-1F3A-484B-B676-E9A99C9453E6}.Debug|x86.Deploy.0 = Debug|x86
		{D7E72395-1F3A-484B-B676-E9A99C9453E6}.Release|Any CPU.ActiveCfg = Release|Any CPU
		{D7E72395-1F3A-484B-B676-E9A99C9453E6}.Release|Any CPU.Build.0 = Release|Any CPU
		{D7E72395-1F3A-484B-B676-E9A99C9453E6}.Release|Any CPU.Deploy.0 = Release|Any CPU
		{D7E72395-1F3A-484B-B676-E9A99C9453E6}.Release|ARM.ActiveCfg = Release|ARM
		{D7E72395-1F3A-484B-B676-E9A99C9453E6}.Release|ARM.Build.0 = Release|ARM
		{D7E72395-1F3A-484B-B676-E9A99C9453E6}.Release|ARM.Deploy.0 = Release|ARM
		{D7E72395-1F3A-484B-B676-E9A99C9453E6}.Release|iPhone.ActiveCfg = Release|Any CPU
		{D7E72395-1F3A-484B-B676-E9A99C9453E6}.Release|iPhone.Build.0 = Release|Any CPU
		{D7E72395-1F3A-484B-B676-E9A99C9453E6}.Release|iPhone.Deploy.0 = Release|Any CPU
		{D7E72395-1F3A-484B-B676-E9A99C9453E6}.Release|iPhoneSimulator.ActiveCfg = Release|Any CPU
		{D7E72395-1F3A-484B-B676-E9A99C9453E6}.Release|iPhoneSimulator.Build.0 = Release|Any CPU
		{D7E72395-1F3A-484B-B676-E9A99C9453E6}.Release|iPhoneSimulator.Deploy.0 = Release|Any CPU
		{D7E72395-1F3A-484B-B676-E9A99C9453E6}.Release|x64.ActiveCfg = Release|Any CPU
		{D7E72395-1F3A-484B-B676-E9A99C9453E6}.Release|x64.Build.0 = Release|Any CPU
		{D7E72395-1F3A-484B-B676-E9A99C9453E6}.Release|x64.Deploy.0 = Release|Any CPU
		{D7E72395-1F3A-484B-B676-E9A99C9453E6}.Release|x86.ActiveCfg = Release|x86
		{D7E72395-1F3A-484B-B676-E9A99C9453E6}.Release|x86.Build.0 = Release|x86
		{D7E72395-1F3A-484B-B676-E9A99C9453E6}.Release|x86.Deploy.0 = Release|x86
		{28063333-3F54-4E19-8A35-EA1FA0CC9C8E}.Ad-Hoc|Any CPU.ActiveCfg = Release|x86
		{28063333-3F54-4E19-8A35-EA1FA0CC9C8E}.Ad-Hoc|Any CPU.Build.0 = Release|x86
		{28063333-3F54-4E19-8A35-EA1FA0CC9C8E}.Ad-Hoc|Any CPU.Deploy.0 = Release|x86
		{28063333-3F54-4E19-8A35-EA1FA0CC9C8E}.Ad-Hoc|ARM.ActiveCfg = Release|ARM
		{28063333-3F54-4E19-8A35-EA1FA0CC9C8E}.Ad-Hoc|ARM.Build.0 = Release|ARM
		{28063333-3F54-4E19-8A35-EA1FA0CC9C8E}.Ad-Hoc|ARM.Deploy.0 = Release|ARM
		{28063333-3F54-4E19-8A35-EA1FA0CC9C8E}.Ad-Hoc|iPhone.ActiveCfg = Release|x86
		{28063333-3F54-4E19-8A35-EA1FA0CC9C8E}.Ad-Hoc|iPhone.Build.0 = Release|x86
		{28063333-3F54-4E19-8A35-EA1FA0CC9C8E}.Ad-Hoc|iPhone.Deploy.0 = Release|x86
		{28063333-3F54-4E19-8A35-EA1FA0CC9C8E}.Ad-Hoc|iPhoneSimulator.ActiveCfg = Release|x86
		{28063333-3F54-4E19-8A35-EA1FA0CC9C8E}.Ad-Hoc|iPhoneSimulator.Build.0 = Release|x86
		{28063333-3F54-4E19-8A35-EA1FA0CC9C8E}.Ad-Hoc|iPhoneSimulator.Deploy.0 = Release|x86
		{28063333-3F54-4E19-8A35-EA1FA0CC9C8E}.Ad-Hoc|x64.ActiveCfg = Release|x64
		{28063333-3F54-4E19-8A35-EA1FA0CC9C8E}.Ad-Hoc|x64.Build.0 = Release|x64
		{28063333-3F54-4E19-8A35-EA1FA0CC9C8E}.Ad-Hoc|x64.Deploy.0 = Release|x64
		{28063333-3F54-4E19-8A35-EA1FA0CC9C8E}.Ad-Hoc|x86.ActiveCfg = Release|x86
		{28063333-3F54-4E19-8A35-EA1FA0CC9C8E}.Ad-Hoc|x86.Build.0 = Release|x86
		{28063333-3F54-4E19-8A35-EA1FA0CC9C8E}.Ad-Hoc|x86.Deploy.0 = Release|x86
		{28063333-3F54-4E19-8A35-EA1FA0CC9C8E}.AppStore|Any CPU.ActiveCfg = Release|x86
		{28063333-3F54-4E19-8A35-EA1FA0CC9C8E}.AppStore|Any CPU.Build.0 = Release|x86
		{28063333-3F54-4E19-8A35-EA1FA0CC9C8E}.AppStore|Any CPU.Deploy.0 = Release|x86
		{28063333-3F54-4E19-8A35-EA1FA0CC9C8E}.AppStore|ARM.ActiveCfg = Release|ARM
		{28063333-3F54-4E19-8A35-EA1FA0CC9C8E}.AppStore|ARM.Build.0 = Release|ARM
		{28063333-3F54-4E19-8A35-EA1FA0CC9C8E}.AppStore|ARM.Deploy.0 = Release|ARM
		{28063333-3F54-4E19-8A35-EA1FA0CC9C8E}.AppStore|iPhone.ActiveCfg = Release|x86
		{28063333-3F54-4E19-8A35-EA1FA0CC9C8E}.AppStore|iPhone.Build.0 = Release|x86
		{28063333-3F54-4E19-8A35-EA1FA0CC9C8E}.AppStore|iPhone.Deploy.0 = Release|x86
		{28063333-3F54-4E19-8A35-EA1FA0CC9C8E}.AppStore|iPhoneSimulator.ActiveCfg = Release|x86
		{28063333-3F54-4E19-8A35-EA1FA0CC9C8E}.AppStore|iPhoneSimulator.Build.0 = Release|x86
		{28063333-3F54-4E19-8A35-EA1FA0CC9C8E}.AppStore|iPhoneSimulator.Deploy.0 = Release|x86
		{28063333-3F54-4E19-8A35-EA1FA0CC9C8E}.AppStore|x64.ActiveCfg = Release|x64
		{28063333-3F54-4E19-8A35-EA1FA0CC9C8E}.AppStore|x64.Build.0 = Release|x64
		{28063333-3F54-4E19-8A35-EA1FA0CC9C8E}.AppStore|x64.Deploy.0 = Release|x64
		{28063333-3F54-4E19-8A35-EA1FA0CC9C8E}.AppStore|x86.ActiveCfg = Release|x86
		{28063333-3F54-4E19-8A35-EA1FA0CC9C8E}.AppStore|x86.Build.0 = Release|x86
		{28063333-3F54-4E19-8A35-EA1FA0CC9C8E}.AppStore|x86.Deploy.0 = Release|x86
		{28063333-3F54-4E19-8A35-EA1FA0CC9C8E}.Debug|Any CPU.ActiveCfg = Debug|x86
		{28063333-3F54-4E19-8A35-EA1FA0CC9C8E}.Debug|ARM.ActiveCfg = Debug|ARM
		{28063333-3F54-4E19-8A35-EA1FA0CC9C8E}.Debug|ARM.Build.0 = Debug|ARM
		{28063333-3F54-4E19-8A35-EA1FA0CC9C8E}.Debug|ARM.Deploy.0 = Debug|ARM
		{28063333-3F54-4E19-8A35-EA1FA0CC9C8E}.Debug|iPhone.ActiveCfg = Debug|x86
		{28063333-3F54-4E19-8A35-EA1FA0CC9C8E}.Debug|iPhoneSimulator.ActiveCfg = Debug|x86
		{28063333-3F54-4E19-8A35-EA1FA0CC9C8E}.Debug|x64.ActiveCfg = Debug|x64
		{28063333-3F54-4E19-8A35-EA1FA0CC9C8E}.Debug|x64.Build.0 = Debug|x64
		{28063333-3F54-4E19-8A35-EA1FA0CC9C8E}.Debug|x64.Deploy.0 = Debug|x64
		{28063333-3F54-4E19-8A35-EA1FA0CC9C8E}.Debug|x86.ActiveCfg = Debug|x86
		{28063333-3F54-4E19-8A35-EA1FA0CC9C8E}.Debug|x86.Build.0 = Debug|x86
		{28063333-3F54-4E19-8A35-EA1FA0CC9C8E}.Debug|x86.Deploy.0 = Debug|x86
		{28063333-3F54-4E19-8A35-EA1FA0CC9C8E}.Release|Any CPU.ActiveCfg = Release|x86
		{28063333-3F54-4E19-8A35-EA1FA0CC9C8E}.Release|ARM.ActiveCfg = Release|ARM
		{28063333-3F54-4E19-8A35-EA1FA0CC9C8E}.Release|ARM.Build.0 = Release|ARM
		{28063333-3F54-4E19-8A35-EA1FA0CC9C8E}.Release|ARM.Deploy.0 = Release|ARM
		{28063333-3F54-4E19-8A35-EA1FA0CC9C8E}.Release|iPhone.ActiveCfg = Release|x86
		{28063333-3F54-4E19-8A35-EA1FA0CC9C8E}.Release|iPhoneSimulator.ActiveCfg = Release|x86
		{28063333-3F54-4E19-8A35-EA1FA0CC9C8E}.Release|x64.ActiveCfg = Release|x64
		{28063333-3F54-4E19-8A35-EA1FA0CC9C8E}.Release|x64.Build.0 = Release|x64
		{28063333-3F54-4E19-8A35-EA1FA0CC9C8E}.Release|x64.Deploy.0 = Release|x64
		{28063333-3F54-4E19-8A35-EA1FA0CC9C8E}.Release|x86.ActiveCfg = Release|x86
		{28063333-3F54-4E19-8A35-EA1FA0CC9C8E}.Release|x86.Build.0 = Release|x86
		{28063333-3F54-4E19-8A35-EA1FA0CC9C8E}.Release|x86.Deploy.0 = Release|x86
		{9765A102-A588-4DB4-97C7-7A3C48A6894C}.Ad-Hoc|Any CPU.ActiveCfg = Release|Any CPU
		{9765A102-A588-4DB4-97C7-7A3C48A6894C}.Ad-Hoc|Any CPU.Build.0 = Release|Any CPU
		{9765A102-A588-4DB4-97C7-7A3C48A6894C}.Ad-Hoc|Any CPU.Deploy.0 = Release|Any CPU
		{9765A102-A588-4DB4-97C7-7A3C48A6894C}.Ad-Hoc|ARM.ActiveCfg = Release|ARM
		{9765A102-A588-4DB4-97C7-7A3C48A6894C}.Ad-Hoc|ARM.Build.0 = Release|ARM
		{9765A102-A588-4DB4-97C7-7A3C48A6894C}.Ad-Hoc|ARM.Deploy.0 = Release|ARM
		{9765A102-A588-4DB4-97C7-7A3C48A6894C}.Ad-Hoc|iPhone.ActiveCfg = Release|Any CPU
		{9765A102-A588-4DB4-97C7-7A3C48A6894C}.Ad-Hoc|iPhone.Build.0 = Release|Any CPU
		{9765A102-A588-4DB4-97C7-7A3C48A6894C}.Ad-Hoc|iPhone.Deploy.0 = Release|Any CPU
		{9765A102-A588-4DB4-97C7-7A3C48A6894C}.Ad-Hoc|iPhoneSimulator.ActiveCfg = Release|Any CPU
		{9765A102-A588-4DB4-97C7-7A3C48A6894C}.Ad-Hoc|iPhoneSimulator.Build.0 = Release|Any CPU
		{9765A102-A588-4DB4-97C7-7A3C48A6894C}.Ad-Hoc|iPhoneSimulator.Deploy.0 = Release|Any CPU
		{9765A102-A588-4DB4-97C7-7A3C48A6894C}.Ad-Hoc|x64.ActiveCfg = Release|x64
		{9765A102-A588-4DB4-97C7-7A3C48A6894C}.Ad-Hoc|x64.Build.0 = Release|x64
		{9765A102-A588-4DB4-97C7-7A3C48A6894C}.Ad-Hoc|x64.Deploy.0 = Release|x64
		{9765A102-A588-4DB4-97C7-7A3C48A6894C}.Ad-Hoc|x86.ActiveCfg = Release|x86
		{9765A102-A588-4DB4-97C7-7A3C48A6894C}.Ad-Hoc|x86.Build.0 = Release|x86
		{9765A102-A588-4DB4-97C7-7A3C48A6894C}.Ad-Hoc|x86.Deploy.0 = Release|x86
		{9765A102-A588-4DB4-97C7-7A3C48A6894C}.AppStore|Any CPU.ActiveCfg = Release|Any CPU
		{9765A102-A588-4DB4-97C7-7A3C48A6894C}.AppStore|Any CPU.Build.0 = Release|Any CPU
		{9765A102-A588-4DB4-97C7-7A3C48A6894C}.AppStore|Any CPU.Deploy.0 = Release|Any CPU
		{9765A102-A588-4DB4-97C7-7A3C48A6894C}.AppStore|ARM.ActiveCfg = Release|ARM
		{9765A102-A588-4DB4-97C7-7A3C48A6894C}.AppStore|ARM.Build.0 = Release|ARM
		{9765A102-A588-4DB4-97C7-7A3C48A6894C}.AppStore|ARM.Deploy.0 = Release|ARM
		{9765A102-A588-4DB4-97C7-7A3C48A6894C}.AppStore|iPhone.ActiveCfg = Release|Any CPU
		{9765A102-A588-4DB4-97C7-7A3C48A6894C}.AppStore|iPhone.Build.0 = Release|Any CPU
		{9765A102-A588-4DB4-97C7-7A3C48A6894C}.AppStore|iPhone.Deploy.0 = Release|Any CPU
		{9765A102-A588-4DB4-97C7-7A3C48A6894C}.AppStore|iPhoneSimulator.ActiveCfg = Release|Any CPU
		{9765A102-A588-4DB4-97C7-7A3C48A6894C}.AppStore|iPhoneSimulator.Build.0 = Release|Any CPU
		{9765A102-A588-4DB4-97C7-7A3C48A6894C}.AppStore|iPhoneSimulator.Deploy.0 = Release|Any CPU
		{9765A102-A588-4DB4-97C7-7A3C48A6894C}.AppStore|x64.ActiveCfg = Release|x64
		{9765A102-A588-4DB4-97C7-7A3C48A6894C}.AppStore|x64.Build.0 = Release|x64
		{9765A102-A588-4DB4-97C7-7A3C48A6894C}.AppStore|x64.Deploy.0 = Release|x64
		{9765A102-A588-4DB4-97C7-7A3C48A6894C}.AppStore|x86.ActiveCfg = Release|x86
		{9765A102-A588-4DB4-97C7-7A3C48A6894C}.AppStore|x86.Build.0 = Release|x86
		{9765A102-A588-4DB4-97C7-7A3C48A6894C}.AppStore|x86.Deploy.0 = Release|x86
		{9765A102-A588-4DB4-97C7-7A3C48A6894C}.Debug|Any CPU.ActiveCfg = Debug|Any CPU
		{9765A102-A588-4DB4-97C7-7A3C48A6894C}.Debug|Any CPU.Build.0 = Debug|Any CPU
		{9765A102-A588-4DB4-97C7-7A3C48A6894C}.Debug|Any CPU.Deploy.0 = Debug|Any CPU
		{9765A102-A588-4DB4-97C7-7A3C48A6894C}.Debug|ARM.ActiveCfg = Debug|ARM
		{9765A102-A588-4DB4-97C7-7A3C48A6894C}.Debug|ARM.Build.0 = Debug|ARM
		{9765A102-A588-4DB4-97C7-7A3C48A6894C}.Debug|ARM.Deploy.0 = Debug|ARM
		{9765A102-A588-4DB4-97C7-7A3C48A6894C}.Debug|iPhone.ActiveCfg = Debug|Any CPU
		{9765A102-A588-4DB4-97C7-7A3C48A6894C}.Debug|iPhone.Build.0 = Debug|Any CPU
		{9765A102-A588-4DB4-97C7-7A3C48A6894C}.Debug|iPhone.Deploy.0 = Debug|Any CPU
		{9765A102-A588-4DB4-97C7-7A3C48A6894C}.Debug|iPhoneSimulator.ActiveCfg = Debug|Any CPU
		{9765A102-A588-4DB4-97C7-7A3C48A6894C}.Debug|iPhoneSimulator.Build.0 = Debug|Any CPU
		{9765A102-A588-4DB4-97C7-7A3C48A6894C}.Debug|iPhoneSimulator.Deploy.0 = Debug|Any CPU
		{9765A102-A588-4DB4-97C7-7A3C48A6894C}.Debug|x64.ActiveCfg = Debug|x64
		{9765A102-A588-4DB4-97C7-7A3C48A6894C}.Debug|x64.Build.0 = Debug|x64
		{9765A102-A588-4DB4-97C7-7A3C48A6894C}.Debug|x64.Deploy.0 = Debug|x64
		{9765A102-A588-4DB4-97C7-7A3C48A6894C}.Debug|x86.ActiveCfg = Debug|x86
		{9765A102-A588-4DB4-97C7-7A3C48A6894C}.Debug|x86.Build.0 = Debug|x86
		{9765A102-A588-4DB4-97C7-7A3C48A6894C}.Debug|x86.Deploy.0 = Debug|x86
		{9765A102-A588-4DB4-97C7-7A3C48A6894C}.Release|Any CPU.ActiveCfg = Release|Any CPU
		{9765A102-A588-4DB4-97C7-7A3C48A6894C}.Release|Any CPU.Build.0 = Release|Any CPU
		{9765A102-A588-4DB4-97C7-7A3C48A6894C}.Release|Any CPU.Deploy.0 = Release|Any CPU
		{9765A102-A588-4DB4-97C7-7A3C48A6894C}.Release|ARM.ActiveCfg = Release|ARM
		{9765A102-A588-4DB4-97C7-7A3C48A6894C}.Release|ARM.Build.0 = Release|ARM
		{9765A102-A588-4DB4-97C7-7A3C48A6894C}.Release|ARM.Deploy.0 = Release|ARM
		{9765A102-A588-4DB4-97C7-7A3C48A6894C}.Release|iPhone.ActiveCfg = Release|Any CPU
		{9765A102-A588-4DB4-97C7-7A3C48A6894C}.Release|iPhone.Build.0 = Release|Any CPU
		{9765A102-A588-4DB4-97C7-7A3C48A6894C}.Release|iPhone.Deploy.0 = Release|Any CPU
		{9765A102-A588-4DB4-97C7-7A3C48A6894C}.Release|iPhoneSimulator.ActiveCfg = Release|Any CPU
		{9765A102-A588-4DB4-97C7-7A3C48A6894C}.Release|iPhoneSimulator.Build.0 = Release|Any CPU
		{9765A102-A588-4DB4-97C7-7A3C48A6894C}.Release|iPhoneSimulator.Deploy.0 = Release|Any CPU
		{9765A102-A588-4DB4-97C7-7A3C48A6894C}.Release|x64.ActiveCfg = Release|x64
		{9765A102-A588-4DB4-97C7-7A3C48A6894C}.Release|x64.Build.0 = Release|x64
		{9765A102-A588-4DB4-97C7-7A3C48A6894C}.Release|x64.Deploy.0 = Release|x64
		{9765A102-A588-4DB4-97C7-7A3C48A6894C}.Release|x86.ActiveCfg = Release|x86
		{9765A102-A588-4DB4-97C7-7A3C48A6894C}.Release|x86.Build.0 = Release|x86
		{9765A102-A588-4DB4-97C7-7A3C48A6894C}.Release|x86.Deploy.0 = Release|x86
		{9E86876F-5F4C-4F6A-B7D2-F1CE0E637629}.Ad-Hoc|Any CPU.ActiveCfg = Release|Any CPU
		{9E86876F-5F4C-4F6A-B7D2-F1CE0E637629}.Ad-Hoc|Any CPU.Build.0 = Release|Any CPU
		{9E86876F-5F4C-4F6A-B7D2-F1CE0E637629}.Ad-Hoc|ARM.ActiveCfg = Release|Any CPU
		{9E86876F-5F4C-4F6A-B7D2-F1CE0E637629}.Ad-Hoc|ARM.Build.0 = Release|Any CPU
		{9E86876F-5F4C-4F6A-B7D2-F1CE0E637629}.Ad-Hoc|iPhone.ActiveCfg = Release|Any CPU
		{9E86876F-5F4C-4F6A-B7D2-F1CE0E637629}.Ad-Hoc|iPhone.Build.0 = Release|Any CPU
		{9E86876F-5F4C-4F6A-B7D2-F1CE0E637629}.Ad-Hoc|iPhoneSimulator.ActiveCfg = Release|Any CPU
		{9E86876F-5F4C-4F6A-B7D2-F1CE0E637629}.Ad-Hoc|iPhoneSimulator.Build.0 = Release|Any CPU
		{9E86876F-5F4C-4F6A-B7D2-F1CE0E637629}.Ad-Hoc|x64.ActiveCfg = Release|Any CPU
		{9E86876F-5F4C-4F6A-B7D2-F1CE0E637629}.Ad-Hoc|x64.Build.0 = Release|Any CPU
		{9E86876F-5F4C-4F6A-B7D2-F1CE0E637629}.Ad-Hoc|x86.ActiveCfg = Release|Any CPU
		{9E86876F-5F4C-4F6A-B7D2-F1CE0E637629}.Ad-Hoc|x86.Build.0 = Release|Any CPU
		{9E86876F-5F4C-4F6A-B7D2-F1CE0E637629}.AppStore|Any CPU.ActiveCfg = Release|Any CPU
		{9E86876F-5F4C-4F6A-B7D2-F1CE0E637629}.AppStore|Any CPU.Build.0 = Release|Any CPU
		{9E86876F-5F4C-4F6A-B7D2-F1CE0E637629}.AppStore|ARM.ActiveCfg = Release|Any CPU
		{9E86876F-5F4C-4F6A-B7D2-F1CE0E637629}.AppStore|ARM.Build.0 = Release|Any CPU
		{9E86876F-5F4C-4F6A-B7D2-F1CE0E637629}.AppStore|iPhone.ActiveCfg = Release|Any CPU
		{9E86876F-5F4C-4F6A-B7D2-F1CE0E637629}.AppStore|iPhone.Build.0 = Release|Any CPU
		{9E86876F-5F4C-4F6A-B7D2-F1CE0E637629}.AppStore|iPhoneSimulator.ActiveCfg = Release|Any CPU
		{9E86876F-5F4C-4F6A-B7D2-F1CE0E637629}.AppStore|iPhoneSimulator.Build.0 = Release|Any CPU
		{9E86876F-5F4C-4F6A-B7D2-F1CE0E637629}.AppStore|x64.ActiveCfg = Release|Any CPU
		{9E86876F-5F4C-4F6A-B7D2-F1CE0E637629}.AppStore|x64.Build.0 = Release|Any CPU
		{9E86876F-5F4C-4F6A-B7D2-F1CE0E637629}.AppStore|x86.ActiveCfg = Release|Any CPU
		{9E86876F-5F4C-4F6A-B7D2-F1CE0E637629}.AppStore|x86.Build.0 = Release|Any CPU
		{9E86876F-5F4C-4F6A-B7D2-F1CE0E637629}.Debug|Any CPU.ActiveCfg = Debug|Any CPU
		{9E86876F-5F4C-4F6A-B7D2-F1CE0E637629}.Debug|Any CPU.Build.0 = Debug|Any CPU
		{9E86876F-5F4C-4F6A-B7D2-F1CE0E637629}.Debug|ARM.ActiveCfg = Debug|Any CPU
		{9E86876F-5F4C-4F6A-B7D2-F1CE0E637629}.Debug|ARM.Build.0 = Debug|Any CPU
		{9E86876F-5F4C-4F6A-B7D2-F1CE0E637629}.Debug|iPhone.ActiveCfg = Debug|Any CPU
		{9E86876F-5F4C-4F6A-B7D2-F1CE0E637629}.Debug|iPhone.Build.0 = Debug|Any CPU
		{9E86876F-5F4C-4F6A-B7D2-F1CE0E637629}.Debug|iPhoneSimulator.ActiveCfg = Debug|Any CPU
		{9E86876F-5F4C-4F6A-B7D2-F1CE0E637629}.Debug|iPhoneSimulator.Build.0 = Debug|Any CPU
		{9E86876F-5F4C-4F6A-B7D2-F1CE0E637629}.Debug|x64.ActiveCfg = Debug|Any CPU
		{9E86876F-5F4C-4F6A-B7D2-F1CE0E637629}.Debug|x64.Build.0 = Debug|Any CPU
		{9E86876F-5F4C-4F6A-B7D2-F1CE0E637629}.Debug|x86.ActiveCfg = Debug|Any CPU
		{9E86876F-5F4C-4F6A-B7D2-F1CE0E637629}.Debug|x86.Build.0 = Debug|Any CPU
		{9E86876F-5F4C-4F6A-B7D2-F1CE0E637629}.Release|Any CPU.ActiveCfg = Release|Any CPU
		{9E86876F-5F4C-4F6A-B7D2-F1CE0E637629}.Release|Any CPU.Build.0 = Release|Any CPU
		{9E86876F-5F4C-4F6A-B7D2-F1CE0E637629}.Release|ARM.ActiveCfg = Release|Any CPU
		{9E86876F-5F4C-4F6A-B7D2-F1CE0E637629}.Release|ARM.Build.0 = Release|Any CPU
		{9E86876F-5F4C-4F6A-B7D2-F1CE0E637629}.Release|iPhone.ActiveCfg = Release|Any CPU
		{9E86876F-5F4C-4F6A-B7D2-F1CE0E637629}.Release|iPhone.Build.0 = Release|Any CPU
		{9E86876F-5F4C-4F6A-B7D2-F1CE0E637629}.Release|iPhoneSimulator.ActiveCfg = Release|Any CPU
		{9E86876F-5F4C-4F6A-B7D2-F1CE0E637629}.Release|iPhoneSimulator.Build.0 = Release|Any CPU
		{9E86876F-5F4C-4F6A-B7D2-F1CE0E637629}.Release|x64.ActiveCfg = Release|Any CPU
		{9E86876F-5F4C-4F6A-B7D2-F1CE0E637629}.Release|x64.Build.0 = Release|Any CPU
		{9E86876F-5F4C-4F6A-B7D2-F1CE0E637629}.Release|x86.ActiveCfg = Release|Any CPU
		{9E86876F-5F4C-4F6A-B7D2-F1CE0E637629}.Release|x86.Build.0 = Release|Any CPU
	EndGlobalSection
	GlobalSection(SolutionProperties) = preSolution
		HideSolutionNode = FALSE
	EndGlobalSection
EndGlobal
