
Microsoft Visual Studio Solution File, Format Version 12.00
# Visual Studio 14
VisualStudioVersion = 14.0.25420.1
MinimumVisualStudioVersion = 10.0.40219.1
Project("{FAE04EC0-301F-11D3-BF4B-00C04F79EFBC}") = "_29_08_2016.Droid", "29-08-2016\_29_08_2016.Droid\_29_08_2016.Droid.csproj", "{AF25D284-868F-4EEF-AF0F-F0C47B3EE002}"
EndProject
Project("{FAE04EC0-301F-11D3-BF4B-00C04F79EFBC}") = "_29_08_2016.iOS", "29-08-2016\_29_08_2016.iOS\_29_08_2016.iOS.csproj", "{DB9EF0BA-29E6-4BB1-A99A-7C7C4F20B281}"
EndProject
Project("{FAE04EC0-301F-11D3-BF4B-00C04F79EFBC}") = "_29_08_2016.WinPhone", "29-08-2016\_29_08_2016.WinPhone\_29_08_2016.WinPhone.csproj", "{6FE94859-7785-4288-AEEB-C0BC5CBC6238}"
EndProject
Project("{FAE04EC0-301F-11D3-BF4B-00C04F79EFBC}") = "_29_08_2016.UWP", "29-08-2016\_29_08_2016.UWP\_29_08_2016.UWP.csproj", "{F879C16D-7EF5-4326-BCDA-016B3D7CC83C}"
EndProject
Project("{FAE04EC0-301F-11D3-BF4B-00C04F79EFBC}") = "_29_08_2016.Windows", "29-08-2016\_29_08_2016.Windows\_29_08_2016.Windows.csproj", "{B2553E61-F370-4719-9614-D2E5EE585B6F}"
EndProject
Project("{FAE04EC0-301F-11D3-BF4B-00C04F79EFBC}") = "_29_08_2016", "29-08-2016\_29_08_2016\_29_08_2016.csproj", "{25B43FB3-85F2-44C7-9ED6-6FB712A287A0}"
EndProject
Global
	GlobalSection(SolutionConfigurationPlatforms) = preSolution
		Ad-Hoc|Any CPU = Ad-Hoc|Any CPU
		Ad-Hoc|ARM = Ad-Hoc|ARM
		Ad-Hoc|iPhone = Ad-Hoc|iPhone
		Ad-Hoc|iPhoneSimulator = Ad-Hoc|iPhoneSimulator
		Ad-Hoc|x64 = Ad-Hoc|x64
		Ad-Hoc|x86 = Ad-Hoc|x86
		AppStore|Any CPU = AppStore|Any CPU
		AppStore|ARM = AppStore|ARM
		AppStore|iPhone = AppStore|iPhone
		AppStore|iPhoneSimulator = AppStore|iPhoneSimulator
		AppStore|x64 = AppStore|x64
		AppStore|x86 = AppStore|x86
		Debug|Any CPU = Debug|Any CPU
		Debug|ARM = Debug|ARM
		Debug|iPhone = Debug|iPhone
		Debug|iPhoneSimulator = Debug|iPhoneSimulator
		Debug|x64 = Debug|x64
		Debug|x86 = Debug|x86
		Release|Any CPU = Release|Any CPU
		Release|ARM = Release|ARM
		Release|iPhone = Release|iPhone
		Release|iPhoneSimulator = Release|iPhoneSimulator
		Release|x64 = Release|x64
		Release|x86 = Release|x86
	EndGlobalSection
	GlobalSection(ProjectConfigurationPlatforms) = postSolution
		{AF25D284-868F-4EEF-AF0F-F0C47B3EE002}.Ad-Hoc|Any CPU.ActiveCfg = Release|Any CPU
		{AF25D284-868F-4EEF-AF0F-F0C47B3EE002}.Ad-Hoc|Any CPU.Build.0 = Release|Any CPU
		{AF25D284-868F-4EEF-AF0F-F0C47B3EE002}.Ad-Hoc|Any CPU.Deploy.0 = Release|Any CPU
		{AF25D284-868F-4EEF-AF0F-F0C47B3EE002}.Ad-Hoc|ARM.ActiveCfg = Release|Any CPU
		{AF25D284-868F-4EEF-AF0F-F0C47B3EE002}.Ad-Hoc|ARM.Build.0 = Release|Any CPU
		{AF25D284-868F-4EEF-AF0F-F0C47B3EE002}.Ad-Hoc|ARM.Deploy.0 = Release|Any CPU
		{AF25D284-868F-4EEF-AF0F-F0C47B3EE002}.Ad-Hoc|iPhone.ActiveCfg = Release|Any CPU
		{AF25D284-868F-4EEF-AF0F-F0C47B3EE002}.Ad-Hoc|iPhone.Build.0 = Release|Any CPU
		{AF25D284-868F-4EEF-AF0F-F0C47B3EE002}.Ad-Hoc|iPhone.Deploy.0 = Release|Any CPU
		{AF25D284-868F-4EEF-AF0F-F0C47B3EE002}.Ad-Hoc|iPhoneSimulator.ActiveCfg = Release|Any CPU
		{AF25D284-868F-4EEF-AF0F-F0C47B3EE002}.Ad-Hoc|iPhoneSimulator.Build.0 = Release|Any CPU
		{AF25D284-868F-4EEF-AF0F-F0C47B3EE002}.Ad-Hoc|iPhoneSimulator.Deploy.0 = Release|Any CPU
		{AF25D284-868F-4EEF-AF0F-F0C47B3EE002}.Ad-Hoc|x64.ActiveCfg = Release|Any CPU
		{AF25D284-868F-4EEF-AF0F-F0C47B3EE002}.Ad-Hoc|x64.Build.0 = Release|Any CPU
		{AF25D284-868F-4EEF-AF0F-F0C47B3EE002}.Ad-Hoc|x64.Deploy.0 = Release|Any CPU
		{AF25D284-868F-4EEF-AF0F-F0C47B3EE002}.Ad-Hoc|x86.ActiveCfg = Release|Any CPU
		{AF25D284-868F-4EEF-AF0F-F0C47B3EE002}.Ad-Hoc|x86.Build.0 = Release|Any CPU
		{AF25D284-868F-4EEF-AF0F-F0C47B3EE002}.Ad-Hoc|x86.Deploy.0 = Release|Any CPU
		{AF25D284-868F-4EEF-AF0F-F0C47B3EE002}.AppStore|Any CPU.ActiveCfg = Release|Any CPU
		{AF25D284-868F-4EEF-AF0F-F0C47B3EE002}.AppStore|Any CPU.Build.0 = Release|Any CPU
		{AF25D284-868F-4EEF-AF0F-F0C47B3EE002}.AppStore|Any CPU.Deploy.0 = Release|Any CPU
		{AF25D284-868F-4EEF-AF0F-F0C47B3EE002}.AppStore|ARM.ActiveCfg = Release|Any CPU
		{AF25D284-868F-4EEF-AF0F-F0C47B3EE002}.AppStore|ARM.Build.0 = Release|Any CPU
		{AF25D284-868F-4EEF-AF0F-F0C47B3EE002}.AppStore|ARM.Deploy.0 = Release|Any CPU
		{AF25D284-868F-4EEF-AF0F-F0C47B3EE002}.AppStore|iPhone.ActiveCfg = Release|Any CPU
		{AF25D284-868F-4EEF-AF0F-F0C47B3EE002}.AppStore|iPhone.Build.0 = Release|Any CPU
		{AF25D284-868F-4EEF-AF0F-F0C47B3EE002}.AppStore|iPhone.Deploy.0 = Release|Any CPU
		{AF25D284-868F-4EEF-AF0F-F0C47B3EE002}.AppStore|iPhoneSimulator.ActiveCfg = Release|Any CPU
		{AF25D284-868F-4EEF-AF0F-F0C47B3EE002}.AppStore|iPhoneSimulator.Build.0 = Release|Any CPU
		{AF25D284-868F-4EEF-AF0F-F0C47B3EE002}.AppStore|iPhoneSimulator.Deploy.0 = Release|Any CPU
		{AF25D284-868F-4EEF-AF0F-F0C47B3EE002}.AppStore|x64.ActiveCfg = Release|Any CPU
		{AF25D284-868F-4EEF-AF0F-F0C47B3EE002}.AppStore|x64.Build.0 = Release|Any CPU
		{AF25D284-868F-4EEF-AF0F-F0C47B3EE002}.AppStore|x64.Deploy.0 = Release|Any CPU
		{AF25D284-868F-4EEF-AF0F-F0C47B3EE002}.AppStore|x86.ActiveCfg = Release|Any CPU
		{AF25D284-868F-4EEF-AF0F-F0C47B3EE002}.AppStore|x86.Build.0 = Release|Any CPU
		{AF25D284-868F-4EEF-AF0F-F0C47B3EE002}.AppStore|x86.Deploy.0 = Release|Any CPU
		{AF25D284-868F-4EEF-AF0F-F0C47B3EE002}.Debug|Any CPU.ActiveCfg = Debug|Any CPU
		{AF25D284-868F-4EEF-AF0F-F0C47B3EE002}.Debug|Any CPU.Build.0 = Debug|Any CPU
		{AF25D284-868F-4EEF-AF0F-F0C47B3EE002}.Debug|Any CPU.Deploy.0 = Debug|Any CPU
		{AF25D284-868F-4EEF-AF0F-F0C47B3EE002}.Debug|ARM.ActiveCfg = Debug|Any CPU
		{AF25D284-868F-4EEF-AF0F-F0C47B3EE002}.Debug|ARM.Build.0 = Debug|Any CPU
		{AF25D284-868F-4EEF-AF0F-F0C47B3EE002}.Debug|ARM.Deploy.0 = Debug|Any CPU
		{AF25D284-868F-4EEF-AF0F-F0C47B3EE002}.Debug|iPhone.ActiveCfg = Debug|Any CPU
		{AF25D284-868F-4EEF-AF0F-F0C47B3EE002}.Debug|iPhone.Build.0 = Debug|Any CPU
		{AF25D284-868F-4EEF-AF0F-F0C47B3EE002}.Debug|iPhone.Deploy.0 = Debug|Any CPU
		{AF25D284-868F-4EEF-AF0F-F0C47B3EE002}.Debug|iPhoneSimulator.ActiveCfg = Debug|Any CPU
		{AF25D284-868F-4EEF-AF0F-F0C47B3EE002}.Debug|iPhoneSimulator.Build.0 = Debug|Any CPU
		{AF25D284-868F-4EEF-AF0F-F0C47B3EE002}.Debug|iPhoneSimulator.Deploy.0 = Debug|Any CPU
		{AF25D284-868F-4EEF-AF0F-F0C47B3EE002}.Debug|x64.ActiveCfg = Debug|Any CPU
		{AF25D284-868F-4EEF-AF0F-F0C47B3EE002}.Debug|x64.Build.0 = Debug|Any CPU
		{AF25D284-868F-4EEF-AF0F-F0C47B3EE002}.Debug|x64.Deploy.0 = Debug|Any CPU
		{AF25D284-868F-4EEF-AF0F-F0C47B3EE002}.Debug|x86.ActiveCfg = Debug|Any CPU
		{AF25D284-868F-4EEF-AF0F-F0C47B3EE002}.Debug|x86.Build.0 = Debug|Any CPU
		{AF25D284-868F-4EEF-AF0F-F0C47B3EE002}.Debug|x86.Deploy.0 = Debug|Any CPU
		{AF25D284-868F-4EEF-AF0F-F0C47B3EE002}.Release|Any CPU.ActiveCfg = Release|Any CPU
		{AF25D284-868F-4EEF-AF0F-F0C47B3EE002}.Release|Any CPU.Build.0 = Release|Any CPU
		{AF25D284-868F-4EEF-AF0F-F0C47B3EE002}.Release|Any CPU.Deploy.0 = Release|Any CPU
		{AF25D284-868F-4EEF-AF0F-F0C47B3EE002}.Release|ARM.ActiveCfg = Release|Any CPU
		{AF25D284-868F-4EEF-AF0F-F0C47B3EE002}.Release|ARM.Build.0 = Release|Any CPU
		{AF25D284-868F-4EEF-AF0F-F0C47B3EE002}.Release|ARM.Deploy.0 = Release|Any CPU
		{AF25D284-868F-4EEF-AF0F-F0C47B3EE002}.Release|iPhone.ActiveCfg = Release|Any CPU
		{AF25D284-868F-4EEF-AF0F-F0C47B3EE002}.Release|iPhone.Build.0 = Release|Any CPU
		{AF25D284-868F-4EEF-AF0F-F0C47B3EE002}.Release|iPhone.Deploy.0 = Release|Any CPU
		{AF25D284-868F-4EEF-AF0F-F0C47B3EE002}.Release|iPhoneSimulator.ActiveCfg = Release|Any CPU
		{AF25D284-868F-4EEF-AF0F-F0C47B3EE002}.Release|iPhoneSimulator.Build.0 = Release|Any CPU
		{AF25D284-868F-4EEF-AF0F-F0C47B3EE002}.Release|iPhoneSimulator.Deploy.0 = Release|Any CPU
		{AF25D284-868F-4EEF-AF0F-F0C47B3EE002}.Release|x64.ActiveCfg = Release|Any CPU
		{AF25D284-868F-4EEF-AF0F-F0C47B3EE002}.Release|x64.Build.0 = Release|Any CPU
		{AF25D284-868F-4EEF-AF0F-F0C47B3EE002}.Release|x64.Deploy.0 = Release|Any CPU
		{AF25D284-868F-4EEF-AF0F-F0C47B3EE002}.Release|x86.ActiveCfg = Release|Any CPU
		{AF25D284-868F-4EEF-AF0F-F0C47B3EE002}.Release|x86.Build.0 = Release|Any CPU
		{AF25D284-868F-4EEF-AF0F-F0C47B3EE002}.Release|x86.Deploy.0 = Release|Any CPU
		{DB9EF0BA-29E6-4BB1-A99A-7C7C4F20B281}.Ad-Hoc|Any CPU.ActiveCfg = Ad-Hoc|iPhone
		{DB9EF0BA-29E6-4BB1-A99A-7C7C4F20B281}.Ad-Hoc|ARM.ActiveCfg = Ad-Hoc|iPhone
		{DB9EF0BA-29E6-4BB1-A99A-7C7C4F20B281}.Ad-Hoc|iPhone.ActiveCfg = Ad-Hoc|iPhone
		{DB9EF0BA-29E6-4BB1-A99A-7C7C4F20B281}.Ad-Hoc|iPhone.Build.0 = Ad-Hoc|iPhone
		{DB9EF0BA-29E6-4BB1-A99A-7C7C4F20B281}.Ad-Hoc|iPhoneSimulator.ActiveCfg = Ad-Hoc|iPhoneSimulator
		{DB9EF0BA-29E6-4BB1-A99A-7C7C4F20B281}.Ad-Hoc|iPhoneSimulator.Build.0 = Ad-Hoc|iPhoneSimulator
		{DB9EF0BA-29E6-4BB1-A99A-7C7C4F20B281}.Ad-Hoc|x64.ActiveCfg = Ad-Hoc|iPhone
		{DB9EF0BA-29E6-4BB1-A99A-7C7C4F20B281}.Ad-Hoc|x86.ActiveCfg = Ad-Hoc|iPhone
		{DB9EF0BA-29E6-4BB1-A99A-7C7C4F20B281}.AppStore|Any CPU.ActiveCfg = AppStore|iPhone
		{DB9EF0BA-29E6-4BB1-A99A-7C7C4F20B281}.AppStore|ARM.ActiveCfg = AppStore|iPhone
		{DB9EF0BA-29E6-4BB1-A99A-7C7C4F20B281}.AppStore|iPhone.ActiveCfg = AppStore|iPhone
		{DB9EF0BA-29E6-4BB1-A99A-7C7C4F20B281}.AppStore|iPhone.Build.0 = AppStore|iPhone
		{DB9EF0BA-29E6-4BB1-A99A-7C7C4F20B281}.AppStore|iPhoneSimulator.ActiveCfg = AppStore|iPhoneSimulator
		{DB9EF0BA-29E6-4BB1-A99A-7C7C4F20B281}.AppStore|iPhoneSimulator.Build.0 = AppStore|iPhoneSimulator
		{DB9EF0BA-29E6-4BB1-A99A-7C7C4F20B281}.AppStore|x64.ActiveCfg = AppStore|iPhone
		{DB9EF0BA-29E6-4BB1-A99A-7C7C4F20B281}.AppStore|x86.ActiveCfg = AppStore|iPhone
		{DB9EF0BA-29E6-4BB1-A99A-7C7C4F20B281}.Debug|Any CPU.ActiveCfg = Debug|iPhone
		{DB9EF0BA-29E6-4BB1-A99A-7C7C4F20B281}.Debug|ARM.ActiveCfg = Debug|iPhone
		{DB9EF0BA-29E6-4BB1-A99A-7C7C4F20B281}.Debug|iPhone.ActiveCfg = Debug|iPhone
		{DB9EF0BA-29E6-4BB1-A99A-7C7C4F20B281}.Debug|iPhone.Build.0 = Debug|iPhone
		{DB9EF0BA-29E6-4BB1-A99A-7C7C4F20B281}.Debug|iPhoneSimulator.ActiveCfg = Debug|iPhoneSimulator
		{DB9EF0BA-29E6-4BB1-A99A-7C7C4F20B281}.Debug|iPhoneSimulator.Build.0 = Debug|iPhoneSimulator
		{DB9EF0BA-29E6-4BB1-A99A-7C7C4F20B281}.Debug|x64.ActiveCfg = Debug|iPhone
		{DB9EF0BA-29E6-4BB1-A99A-7C7C4F20B281}.Debug|x86.ActiveCfg = Debug|iPhone
		{DB9EF0BA-29E6-4BB1-A99A-7C7C4F20B281}.Release|Any CPU.ActiveCfg = Release|iPhone
		{DB9EF0BA-29E6-4BB1-A99A-7C7C4F20B281}.Release|ARM.ActiveCfg = Release|iPhone
		{DB9EF0BA-29E6-4BB1-A99A-7C7C4F20B281}.Release|iPhone.ActiveCfg = Release|iPhone
		{DB9EF0BA-29E6-4BB1-A99A-7C7C4F20B281}.Release|iPhone.Build.0 = Release|iPhone
		{DB9EF0BA-29E6-4BB1-A99A-7C7C4F20B281}.Release|iPhoneSimulator.ActiveCfg = Release|iPhoneSimulator
		{DB9EF0BA-29E6-4BB1-A99A-7C7C4F20B281}.Release|iPhoneSimulator.Build.0 = Release|iPhoneSimulator
		{DB9EF0BA-29E6-4BB1-A99A-7C7C4F20B281}.Release|x64.ActiveCfg = Release|iPhone
		{DB9EF0BA-29E6-4BB1-A99A-7C7C4F20B281}.Release|x86.ActiveCfg = Release|iPhone
		{6FE94859-7785-4288-AEEB-C0BC5CBC6238}.Ad-Hoc|Any CPU.ActiveCfg = Release|Any CPU
		{6FE94859-7785-4288-AEEB-C0BC5CBC6238}.Ad-Hoc|Any CPU.Build.0 = Release|Any CPU
		{6FE94859-7785-4288-AEEB-C0BC5CBC6238}.Ad-Hoc|Any CPU.Deploy.0 = Release|Any CPU
		{6FE94859-7785-4288-AEEB-C0BC5CBC6238}.Ad-Hoc|ARM.ActiveCfg = Release|ARM
		{6FE94859-7785-4288-AEEB-C0BC5CBC6238}.Ad-Hoc|ARM.Build.0 = Release|ARM
		{6FE94859-7785-4288-AEEB-C0BC5CBC6238}.Ad-Hoc|ARM.Deploy.0 = Release|ARM
		{6FE94859-7785-4288-AEEB-C0BC5CBC6238}.Ad-Hoc|iPhone.ActiveCfg = Release|Any CPU
		{6FE94859-7785-4288-AEEB-C0BC5CBC6238}.Ad-Hoc|iPhone.Build.0 = Release|Any CPU
		{6FE94859-7785-4288-AEEB-C0BC5CBC6238}.Ad-Hoc|iPhone.Deploy.0 = Release|Any CPU
		{6FE94859-7785-4288-AEEB-C0BC5CBC6238}.Ad-Hoc|iPhoneSimulator.ActiveCfg = Release|Any CPU
		{6FE94859-7785-4288-AEEB-C0BC5CBC6238}.Ad-Hoc|iPhoneSimulator.Build.0 = Release|Any CPU
		{6FE94859-7785-4288-AEEB-C0BC5CBC6238}.Ad-Hoc|iPhoneSimulator.Deploy.0 = Release|Any CPU
		{6FE94859-7785-4288-AEEB-C0BC5CBC6238}.Ad-Hoc|x64.ActiveCfg = Release|Any CPU
		{6FE94859-7785-4288-AEEB-C0BC5CBC6238}.Ad-Hoc|x64.Build.0 = Release|Any CPU
		{6FE94859-7785-4288-AEEB-C0BC5CBC6238}.Ad-Hoc|x64.Deploy.0 = Release|Any CPU
		{6FE94859-7785-4288-AEEB-C0BC5CBC6238}.Ad-Hoc|x86.ActiveCfg = Release|x86
		{6FE94859-7785-4288-AEEB-C0BC5CBC6238}.Ad-Hoc|x86.Build.0 = Release|x86
		{6FE94859-7785-4288-AEEB-C0BC5CBC6238}.Ad-Hoc|x86.Deploy.0 = Release|x86
		{6FE94859-7785-4288-AEEB-C0BC5CBC6238}.AppStore|Any CPU.ActiveCfg = Release|Any CPU
		{6FE94859-7785-4288-AEEB-C0BC5CBC6238}.AppStore|Any CPU.Build.0 = Release|Any CPU
		{6FE94859-7785-4288-AEEB-C0BC5CBC6238}.AppStore|Any CPU.Deploy.0 = Release|Any CPU
		{6FE94859-7785-4288-AEEB-C0BC5CBC6238}.AppStore|ARM.ActiveCfg = Release|ARM
		{6FE94859-7785-4288-AEEB-C0BC5CBC6238}.AppStore|ARM.Build.0 = Release|ARM
		{6FE94859-7785-4288-AEEB-C0BC5CBC6238}.AppStore|ARM.Deploy.0 = Release|ARM
		{6FE94859-7785-4288-AEEB-C0BC5CBC6238}.AppStore|iPhone.ActiveCfg = Release|Any CPU
		{6FE94859-7785-4288-AEEB-C0BC5CBC6238}.AppStore|iPhone.Build.0 = Release|Any CPU
		{6FE94859-7785-4288-AEEB-C0BC5CBC6238}.AppStore|iPhone.Deploy.0 = Release|Any CPU
		{6FE94859-7785-4288-AEEB-C0BC5CBC6238}.AppStore|iPhoneSimulator.ActiveCfg = Release|Any CPU
		{6FE94859-7785-4288-AEEB-C0BC5CBC6238}.AppStore|iPhoneSimulator.Build.0 = Release|Any CPU
		{6FE94859-7785-4288-AEEB-C0BC5CBC6238}.AppStore|iPhoneSimulator.Deploy.0 = Release|Any CPU
		{6FE94859-7785-4288-AEEB-C0BC5CBC6238}.AppStore|x64.ActiveCfg = Release|Any CPU
		{6FE94859-7785-4288-AEEB-C0BC5CBC6238}.AppStore|x64.Build.0 = Release|Any CPU
		{6FE94859-7785-4288-AEEB-C0BC5CBC6238}.AppStore|x64.Deploy.0 = Release|Any CPU
		{6FE94859-7785-4288-AEEB-C0BC5CBC6238}.AppStore|x86.ActiveCfg = Release|x86
		{6FE94859-7785-4288-AEEB-C0BC5CBC6238}.AppStore|x86.Build.0 = Release|x86
		{6FE94859-7785-4288-AEEB-C0BC5CBC6238}.AppStore|x86.Deploy.0 = Release|x86
		{6FE94859-7785-4288-AEEB-C0BC5CBC6238}.Debug|Any CPU.ActiveCfg = Debug|Any CPU
		{6FE94859-7785-4288-AEEB-C0BC5CBC6238}.Debug|Any CPU.Build.0 = Debug|Any CPU
		{6FE94859-7785-4288-AEEB-C0BC5CBC6238}.Debug|Any CPU.Deploy.0 = Debug|Any CPU
		{6FE94859-7785-4288-AEEB-C0BC5CBC6238}.Debug|ARM.ActiveCfg = Debug|ARM
		{6FE94859-7785-4288-AEEB-C0BC5CBC6238}.Debug|ARM.Build.0 = Debug|ARM
		{6FE94859-7785-4288-AEEB-C0BC5CBC6238}.Debug|ARM.Deploy.0 = Debug|ARM
		{6FE94859-7785-4288-AEEB-C0BC5CBC6238}.Debug|iPhone.ActiveCfg = Debug|Any CPU
		{6FE94859-7785-4288-AEEB-C0BC5CBC6238}.Debug|iPhone.Build.0 = Debug|Any CPU
		{6FE94859-7785-4288-AEEB-C0BC5CBC6238}.Debug|iPhone.Deploy.0 = Debug|Any CPU
		{6FE94859-7785-4288-AEEB-C0BC5CBC6238}.Debug|iPhoneSimulator.ActiveCfg = Debug|Any CPU
		{6FE94859-7785-4288-AEEB-C0BC5CBC6238}.Debug|iPhoneSimulator.Build.0 = Debug|Any CPU
		{6FE94859-7785-4288-AEEB-C0BC5CBC6238}.Debug|iPhoneSimulator.Deploy.0 = Debug|Any CPU
		{6FE94859-7785-4288-AEEB-C0BC5CBC6238}.Debug|x64.ActiveCfg = Debug|Any CPU
		{6FE94859-7785-4288-AEEB-C0BC5CBC6238}.Debug|x64.Build.0 = Debug|Any CPU
		{6FE94859-7785-4288-AEEB-C0BC5CBC6238}.Debug|x64.Deploy.0 = Debug|Any CPU
		{6FE94859-7785-4288-AEEB-C0BC5CBC6238}.Debug|x86.ActiveCfg = Debug|x86
		{6FE94859-7785-4288-AEEB-C0BC5CBC6238}.Debug|x86.Build.0 = Debug|x86
		{6FE94859-7785-4288-AEEB-C0BC5CBC6238}.Debug|x86.Deploy.0 = Debug|x86
		{6FE94859-7785-4288-AEEB-C0BC5CBC6238}.Release|Any CPU.ActiveCfg = Release|Any CPU
		{6FE94859-7785-4288-AEEB-C0BC5CBC6238}.Release|Any CPU.Build.0 = Release|Any CPU
		{6FE94859-7785-4288-AEEB-C0BC5CBC6238}.Release|Any CPU.Deploy.0 = Release|Any CPU
		{6FE94859-7785-4288-AEEB-C0BC5CBC6238}.Release|ARM.ActiveCfg = Release|ARM
		{6FE94859-7785-4288-AEEB-C0BC5CBC6238}.Release|ARM.Build.0 = Release|ARM
		{6FE94859-7785-4288-AEEB-C0BC5CBC6238}.Release|ARM.Deploy.0 = Release|ARM
		{6FE94859-7785-4288-AEEB-C0BC5CBC6238}.Release|iPhone.ActiveCfg = Release|Any CPU
		{6FE94859-7785-4288-AEEB-C0BC5CBC6238}.Release|iPhone.Build.0 = Release|Any CPU
		{6FE94859-7785-4288-AEEB-C0BC5CBC6238}.Release|iPhone.Deploy.0 = Release|Any CPU
		{6FE94859-7785-4288-AEEB-C0BC5CBC6238}.Release|iPhoneSimulator.ActiveCfg = Release|Any CPU
		{6FE94859-7785-4288-AEEB-C0BC5CBC6238}.Release|iPhoneSimulator.Build.0 = Release|Any CPU
		{6FE94859-7785-4288-AEEB-C0BC5CBC6238}.Release|iPhoneSimulator.Deploy.0 = Release|Any CPU
		{6FE94859-7785-4288-AEEB-C0BC5CBC6238}.Release|x64.ActiveCfg = Release|Any CPU
		{6FE94859-7785-4288-AEEB-C0BC5CBC6238}.Release|x64.Build.0 = Release|Any CPU
		{6FE94859-7785-4288-AEEB-C0BC5CBC6238}.Release|x64.Deploy.0 = Release|Any CPU
		{6FE94859-7785-4288-AEEB-C0BC5CBC6238}.Release|x86.ActiveCfg = Release|x86
		{6FE94859-7785-4288-AEEB-C0BC5CBC6238}.Release|x86.Build.0 = Release|x86
		{6FE94859-7785-4288-AEEB-C0BC5CBC6238}.Release|x86.Deploy.0 = Release|x86
		{F879C16D-7EF5-4326-BCDA-016B3D7CC83C}.Ad-Hoc|Any CPU.ActiveCfg = Release|x86
		{F879C16D-7EF5-4326-BCDA-016B3D7CC83C}.Ad-Hoc|Any CPU.Build.0 = Release|x86
		{F879C16D-7EF5-4326-BCDA-016B3D7CC83C}.Ad-Hoc|Any CPU.Deploy.0 = Release|x86
		{F879C16D-7EF5-4326-BCDA-016B3D7CC83C}.Ad-Hoc|ARM.ActiveCfg = Release|ARM
		{F879C16D-7EF5-4326-BCDA-016B3D7CC83C}.Ad-Hoc|ARM.Build.0 = Release|ARM
		{F879C16D-7EF5-4326-BCDA-016B3D7CC83C}.Ad-Hoc|ARM.Deploy.0 = Release|ARM
		{F879C16D-7EF5-4326-BCDA-016B3D7CC83C}.Ad-Hoc|iPhone.ActiveCfg = Release|x86
		{F879C16D-7EF5-4326-BCDA-016B3D7CC83C}.Ad-Hoc|iPhone.Build.0 = Release|x86
		{F879C16D-7EF5-4326-BCDA-016B3D7CC83C}.Ad-Hoc|iPhone.Deploy.0 = Release|x86
		{F879C16D-7EF5-4326-BCDA-016B3D7CC83C}.Ad-Hoc|iPhoneSimulator.ActiveCfg = Release|x86
		{F879C16D-7EF5-4326-BCDA-016B3D7CC83C}.Ad-Hoc|iPhoneSimulator.Build.0 = Release|x86
		{F879C16D-7EF5-4326-BCDA-016B3D7CC83C}.Ad-Hoc|iPhoneSimulator.Deploy.0 = Release|x86
		{F879C16D-7EF5-4326-BCDA-016B3D7CC83C}.Ad-Hoc|x64.ActiveCfg = Release|x64
		{F879C16D-7EF5-4326-BCDA-016B3D7CC83C}.Ad-Hoc|x64.Build.0 = Release|x64
		{F879C16D-7EF5-4326-BCDA-016B3D7CC83C}.Ad-Hoc|x64.Deploy.0 = Release|x64
		{F879C16D-7EF5-4326-BCDA-016B3D7CC83C}.Ad-Hoc|x86.ActiveCfg = Release|x86
		{F879C16D-7EF5-4326-BCDA-016B3D7CC83C}.Ad-Hoc|x86.Build.0 = Release|x86
		{F879C16D-7EF5-4326-BCDA-016B3D7CC83C}.Ad-Hoc|x86.Deploy.0 = Release|x86
		{F879C16D-7EF5-4326-BCDA-016B3D7CC83C}.AppStore|Any CPU.ActiveCfg = Release|x86
		{F879C16D-7EF5-4326-BCDA-016B3D7CC83C}.AppStore|Any CPU.Build.0 = Release|x86
		{F879C16D-7EF5-4326-BCDA-016B3D7CC83C}.AppStore|Any CPU.Deploy.0 = Release|x86
		{F879C16D-7EF5-4326-BCDA-016B3D7CC83C}.AppStore|ARM.ActiveCfg = Release|ARM
		{F879C16D-7EF5-4326-BCDA-016B3D7CC83C}.AppStore|ARM.Build.0 = Release|ARM
		{F879C16D-7EF5-4326-BCDA-016B3D7CC83C}.AppStore|ARM.Deploy.0 = Release|ARM
		{F879C16D-7EF5-4326-BCDA-016B3D7CC83C}.AppStore|iPhone.ActiveCfg = Release|x86
		{F879C16D-7EF5-4326-BCDA-016B3D7CC83C}.AppStore|iPhone.Build.0 = Release|x86
		{F879C16D-7EF5-4326-BCDA-016B3D7CC83C}.AppStore|iPhone.Deploy.0 = Release|x86
		{F879C16D-7EF5-4326-BCDA-016B3D7CC83C}.AppStore|iPhoneSimulator.ActiveCfg = Release|x86
		{F879C16D-7EF5-4326-BCDA-016B3D7CC83C}.AppStore|iPhoneSimulator.Build.0 = Release|x86
		{F879C16D-7EF5-4326-BCDA-016B3D7CC83C}.AppStore|iPhoneSimulator.Deploy.0 = Release|x86
		{F879C16D-7EF5-4326-BCDA-016B3D7CC83C}.AppStore|x64.ActiveCfg = Release|x64
		{F879C16D-7EF5-4326-BCDA-016B3D7CC83C}.AppStore|x64.Build.0 = Release|x64
		{F879C16D-7EF5-4326-BCDA-016B3D7CC83C}.AppStore|x64.Deploy.0 = Release|x64
		{F879C16D-7EF5-4326-BCDA-016B3D7CC83C}.AppStore|x86.ActiveCfg = Release|x86
		{F879C16D-7EF5-4326-BCDA-016B3D7CC83C}.AppStore|x86.Build.0 = Release|x86
		{F879C16D-7EF5-4326-BCDA-016B3D7CC83C}.AppStore|x86.Deploy.0 = Release|x86
		{F879C16D-7EF5-4326-BCDA-016B3D7CC83C}.Debug|Any CPU.ActiveCfg = Debug|x86
		{F879C16D-7EF5-4326-BCDA-016B3D7CC83C}.Debug|ARM.ActiveCfg = Debug|ARM
		{F879C16D-7EF5-4326-BCDA-016B3D7CC83C}.Debug|ARM.Build.0 = Debug|ARM
		{F879C16D-7EF5-4326-BCDA-016B3D7CC83C}.Debug|ARM.Deploy.0 = Debug|ARM
		{F879C16D-7EF5-4326-BCDA-016B3D7CC83C}.Debug|iPhone.ActiveCfg = Debug|x86
		{F879C16D-7EF5-4326-BCDA-016B3D7CC83C}.Debug|iPhoneSimulator.ActiveCfg = Debug|x86
		{F879C16D-7EF5-4326-BCDA-016B3D7CC83C}.Debug|x64.ActiveCfg = Debug|x64
		{F879C16D-7EF5-4326-BCDA-016B3D7CC83C}.Debug|x64.Build.0 = Debug|x64
		{F879C16D-7EF5-4326-BCDA-016B3D7CC83C}.Debug|x64.Deploy.0 = Debug|x64
		{F879C16D-7EF5-4326-BCDA-016B3D7CC83C}.Debug|x86.ActiveCfg = Debug|x86
		{F879C16D-7EF5-4326-BCDA-016B3D7CC83C}.Debug|x86.Build.0 = Debug|x86
		{F879C16D-7EF5-4326-BCDA-016B3D7CC83C}.Debug|x86.Deploy.0 = Debug|x86
		{F879C16D-7EF5-4326-BCDA-016B3D7CC83C}.Release|Any CPU.ActiveCfg = Release|x86
		{F879C16D-7EF5-4326-BCDA-016B3D7CC83C}.Release|ARM.ActiveCfg = Release|ARM
		{F879C16D-7EF5-4326-BCDA-016B3D7CC83C}.Release|ARM.Build.0 = Release|ARM
		{F879C16D-7EF5-4326-BCDA-016B3D7CC83C}.Release|ARM.Deploy.0 = Release|ARM
		{F879C16D-7EF5-4326-BCDA-016B3D7CC83C}.Release|iPhone.ActiveCfg = Release|x86
		{F879C16D-7EF5-4326-BCDA-016B3D7CC83C}.Release|iPhoneSimulator.ActiveCfg = Release|x86
		{F879C16D-7EF5-4326-BCDA-016B3D7CC83C}.Release|x64.ActiveCfg = Release|x64
		{F879C16D-7EF5-4326-BCDA-016B3D7CC83C}.Release|x64.Build.0 = Release|x64
		{F879C16D-7EF5-4326-BCDA-016B3D7CC83C}.Release|x64.Deploy.0 = Release|x64
		{F879C16D-7EF5-4326-BCDA-016B3D7CC83C}.Release|x86.ActiveCfg = Release|x86
		{F879C16D-7EF5-4326-BCDA-016B3D7CC83C}.Release|x86.Build.0 = Release|x86
		{F879C16D-7EF5-4326-BCDA-016B3D7CC83C}.Release|x86.Deploy.0 = Release|x86
		{B2553E61-F370-4719-9614-D2E5EE585B6F}.Ad-Hoc|Any CPU.ActiveCfg = Release|Any CPU
		{B2553E61-F370-4719-9614-D2E5EE585B6F}.Ad-Hoc|Any CPU.Build.0 = Release|Any CPU
		{B2553E61-F370-4719-9614-D2E5EE585B6F}.Ad-Hoc|Any CPU.Deploy.0 = Release|Any CPU
		{B2553E61-F370-4719-9614-D2E5EE585B6F}.Ad-Hoc|ARM.ActiveCfg = Release|ARM
		{B2553E61-F370-4719-9614-D2E5EE585B6F}.Ad-Hoc|ARM.Build.0 = Release|ARM
		{B2553E61-F370-4719-9614-D2E5EE585B6F}.Ad-Hoc|ARM.Deploy.0 = Release|ARM
		{B2553E61-F370-4719-9614-D2E5EE585B6F}.Ad-Hoc|iPhone.ActiveCfg = Release|Any CPU
		{B2553E61-F370-4719-9614-D2E5EE585B6F}.Ad-Hoc|iPhone.Build.0 = Release|Any CPU
		{B2553E61-F370-4719-9614-D2E5EE585B6F}.Ad-Hoc|iPhone.Deploy.0 = Release|Any CPU
		{B2553E61-F370-4719-9614-D2E5EE585B6F}.Ad-Hoc|iPhoneSimulator.ActiveCfg = Release|Any CPU
		{B2553E61-F370-4719-9614-D2E5EE585B6F}.Ad-Hoc|iPhoneSimulator.Build.0 = Release|Any CPU
		{B2553E61-F370-4719-9614-D2E5EE585B6F}.Ad-Hoc|iPhoneSimulator.Deploy.0 = Release|Any CPU
		{B2553E61-F370-4719-9614-D2E5EE585B6F}.Ad-Hoc|x64.ActiveCfg = Release|x64
		{B2553E61-F370-4719-9614-D2E5EE585B6F}.Ad-Hoc|x64.Build.0 = Release|x64
		{B2553E61-F370-4719-9614-D2E5EE585B6F}.Ad-Hoc|x64.Deploy.0 = Release|x64
		{B2553E61-F370-4719-9614-D2E5EE585B6F}.Ad-Hoc|x86.ActiveCfg = Release|x86
		{B2553E61-F370-4719-9614-D2E5EE585B6F}.Ad-Hoc|x86.Build.0 = Release|x86
		{B2553E61-F370-4719-9614-D2E5EE585B6F}.Ad-Hoc|x86.Deploy.0 = Release|x86
		{B2553E61-F370-4719-9614-D2E5EE585B6F}.AppStore|Any CPU.ActiveCfg = Release|Any CPU
		{B2553E61-F370-4719-9614-D2E5EE585B6F}.AppStore|Any CPU.Build.0 = Release|Any CPU
		{B2553E61-F370-4719-9614-D2E5EE585B6F}.AppStore|Any CPU.Deploy.0 = Release|Any CPU
		{B2553E61-F370-4719-9614-D2E5EE585B6F}.AppStore|ARM.ActiveCfg = Release|ARM
		{B2553E61-F370-4719-9614-D2E5EE585B6F}.AppStore|ARM.Build.0 = Release|ARM
		{B2553E61-F370-4719-9614-D2E5EE585B6F}.AppStore|ARM.Deploy.0 = Release|ARM
		{B2553E61-F370-4719-9614-D2E5EE585B6F}.AppStore|iPhone.ActiveCfg = Release|Any CPU
		{B2553E61-F370-4719-9614-D2E5EE585B6F}.AppStore|iPhone.Build.0 = Release|Any CPU
		{B2553E61-F370-4719-9614-D2E5EE585B6F}.AppStore|iPhone.Deploy.0 = Release|Any CPU
		{B2553E61-F370-4719-9614-D2E5EE585B6F}.AppStore|iPhoneSimulator.ActiveCfg = Release|Any CPU
		{B2553E61-F370-4719-9614-D2E5EE585B6F}.AppStore|iPhoneSimulator.Build.0 = Release|Any CPU
		{B2553E61-F370-4719-9614-D2E5EE585B6F}.AppStore|iPhoneSimulator.Deploy.0 = Release|Any CPU
		{B2553E61-F370-4719-9614-D2E5EE585B6F}.AppStore|x64.ActiveCfg = Release|x64
		{B2553E61-F370-4719-9614-D2E5EE585B6F}.AppStore|x64.Build.0 = Release|x64
		{B2553E61-F370-4719-9614-D2E5EE585B6F}.AppStore|x64.Deploy.0 = Release|x64
		{B2553E61-F370-4719-9614-D2E5EE585B6F}.AppStore|x86.ActiveCfg = Release|x86
		{B2553E61-F370-4719-9614-D2E5EE585B6F}.AppStore|x86.Build.0 = Release|x86
		{B2553E61-F370-4719-9614-D2E5EE585B6F}.AppStore|x86.Deploy.0 = Release|x86
		{B2553E61-F370-4719-9614-D2E5EE585B6F}.Debug|Any CPU.ActiveCfg = Debug|Any CPU
		{B2553E61-F370-4719-9614-D2E5EE585B6F}.Debug|Any CPU.Build.0 = Debug|Any CPU
		{B2553E61-F370-4719-9614-D2E5EE585B6F}.Debug|Any CPU.Deploy.0 = Debug|Any CPU
		{B2553E61-F370-4719-9614-D2E5EE585B6F}.Debug|ARM.ActiveCfg = Debug|ARM
		{B2553E61-F370-4719-9614-D2E5EE585B6F}.Debug|ARM.Build.0 = Debug|ARM
		{B2553E61-F370-4719-9614-D2E5EE585B6F}.Debug|ARM.Deploy.0 = Debug|ARM
		{B2553E61-F370-4719-9614-D2E5EE585B6F}.Debug|iPhone.ActiveCfg = Debug|Any CPU
		{B2553E61-F370-4719-9614-D2E5EE585B6F}.Debug|iPhone.Build.0 = Debug|Any CPU
		{B2553E61-F370-4719-9614-D2E5EE585B6F}.Debug|iPhone.Deploy.0 = Debug|Any CPU
		{B2553E61-F370-4719-9614-D2E5EE585B6F}.Debug|iPhoneSimulator.ActiveCfg = Debug|Any CPU
		{B2553E61-F370-4719-9614-D2E5EE585B6F}.Debug|iPhoneSimulator.Build.0 = Debug|Any CPU
		{B2553E61-F370-4719-9614-D2E5EE585B6F}.Debug|iPhoneSimulator.Deploy.0 = Debug|Any CPU
		{B2553E61-F370-4719-9614-D2E5EE585B6F}.Debug|x64.ActiveCfg = Debug|x64
		{B2553E61-F370-4719-9614-D2E5EE585B6F}.Debug|x64.Build.0 = Debug|x64
		{B2553E61-F370-4719-9614-D2E5EE585B6F}.Debug|x64.Deploy.0 = Debug|x64
		{B2553E61-F370-4719-9614-D2E5EE585B6F}.Debug|x86.ActiveCfg = Debug|x86
		{B2553E61-F370-4719-9614-D2E5EE585B6F}.Debug|x86.Build.0 = Debug|x86
		{B2553E61-F370-4719-9614-D2E5EE585B6F}.Debug|x86.Deploy.0 = Debug|x86
		{B2553E61-F370-4719-9614-D2E5EE585B6F}.Release|Any CPU.ActiveCfg = Release|Any CPU
		{B2553E61-F370-4719-9614-D2E5EE585B6F}.Release|Any CPU.Build.0 = Release|Any CPU
		{B2553E61-F370-4719-9614-D2E5EE585B6F}.Release|Any CPU.Deploy.0 = Release|Any CPU
		{B2553E61-F370-4719-9614-D2E5EE585B6F}.Release|ARM.ActiveCfg = Release|ARM
		{B2553E61-F370-4719-9614-D2E5EE585B6F}.Release|ARM.Build.0 = Release|ARM
		{B2553E61-F370-4719-9614-D2E5EE585B6F}.Release|ARM.Deploy.0 = Release|ARM
		{B2553E61-F370-4719-9614-D2E5EE585B6F}.Release|iPhone.ActiveCfg = Release|Any CPU
		{B2553E61-F370-4719-9614-D2E5EE585B6F}.Release|iPhone.Build.0 = Release|Any CPU
		{B2553E61-F370-4719-9614-D2E5EE585B6F}.Release|iPhone.Deploy.0 = Release|Any CPU
		{B2553E61-F370-4719-9614-D2E5EE585B6F}.Release|iPhoneSimulator.ActiveCfg = Release|Any CPU
		{B2553E61-F370-4719-9614-D2E5EE585B6F}.Release|iPhoneSimulator.Build.0 = Release|Any CPU
		{B2553E61-F370-4719-9614-D2E5EE585B6F}.Release|iPhoneSimulator.Deploy.0 = Release|Any CPU
		{B2553E61-F370-4719-9614-D2E5EE585B6F}.Release|x64.ActiveCfg = Release|x64
		{B2553E61-F370-4719-9614-D2E5EE585B6F}.Release|x64.Build.0 = Release|x64
		{B2553E61-F370-4719-9614-D2E5EE585B6F}.Release|x64.Deploy.0 = Release|x64
		{B2553E61-F370-4719-9614-D2E5EE585B6F}.Release|x86.ActiveCfg = Release|x86
		{B2553E61-F370-4719-9614-D2E5EE585B6F}.Release|x86.Build.0 = Release|x86
		{B2553E61-F370-4719-9614-D2E5EE585B6F}.Release|x86.Deploy.0 = Release|x86
		{25B43FB3-85F2-44C7-9ED6-6FB712A287A0}.Ad-Hoc|Any CPU.ActiveCfg = Release|Any CPU
		{25B43FB3-85F2-44C7-9ED6-6FB712A287A0}.Ad-Hoc|Any CPU.Build.0 = Release|Any CPU
		{25B43FB3-85F2-44C7-9ED6-6FB712A287A0}.Ad-Hoc|ARM.ActiveCfg = Release|Any CPU
		{25B43FB3-85F2-44C7-9ED6-6FB712A287A0}.Ad-Hoc|ARM.Build.0 = Release|Any CPU
		{25B43FB3-85F2-44C7-9ED6-6FB712A287A0}.Ad-Hoc|iPhone.ActiveCfg = Release|Any CPU
		{25B43FB3-85F2-44C7-9ED6-6FB712A287A0}.Ad-Hoc|iPhone.Build.0 = Release|Any CPU
		{25B43FB3-85F2-44C7-9ED6-6FB712A287A0}.Ad-Hoc|iPhoneSimulator.ActiveCfg = Release|Any CPU
		{25B43FB3-85F2-44C7-9ED6-6FB712A287A0}.Ad-Hoc|iPhoneSimulator.Build.0 = Release|Any CPU
		{25B43FB3-85F2-44C7-9ED6-6FB712A287A0}.Ad-Hoc|x64.ActiveCfg = Release|Any CPU
		{25B43FB3-85F2-44C7-9ED6-6FB712A287A0}.Ad-Hoc|x64.Build.0 = Release|Any CPU
		{25B43FB3-85F2-44C7-9ED6-6FB712A287A0}.Ad-Hoc|x86.ActiveCfg = Release|Any CPU
		{25B43FB3-85F2-44C7-9ED6-6FB712A287A0}.Ad-Hoc|x86.Build.0 = Release|Any CPU
		{25B43FB3-85F2-44C7-9ED6-6FB712A287A0}.AppStore|Any CPU.ActiveCfg = Release|Any CPU
		{25B43FB3-85F2-44C7-9ED6-6FB712A287A0}.AppStore|Any CPU.Build.0 = Release|Any CPU
		{25B43FB3-85F2-44C7-9ED6-6FB712A287A0}.AppStore|ARM.ActiveCfg = Release|Any CPU
		{25B43FB3-85F2-44C7-9ED6-6FB712A287A0}.AppStore|ARM.Build.0 = Release|Any CPU
		{25B43FB3-85F2-44C7-9ED6-6FB712A287A0}.AppStore|iPhone.ActiveCfg = Release|Any CPU
		{25B43FB3-85F2-44C7-9ED6-6FB712A287A0}.AppStore|iPhone.Build.0 = Release|Any CPU
		{25B43FB3-85F2-44C7-9ED6-6FB712A287A0}.AppStore|iPhoneSimulator.ActiveCfg = Release|Any CPU
		{25B43FB3-85F2-44C7-9ED6-6FB712A287A0}.AppStore|iPhoneSimulator.Build.0 = Release|Any CPU
		{25B43FB3-85F2-44C7-9ED6-6FB712A287A0}.AppStore|x64.ActiveCfg = Release|Any CPU
		{25B43FB3-85F2-44C7-9ED6-6FB712A287A0}.AppStore|x64.Build.0 = Release|Any CPU
		{25B43FB3-85F2-44C7-9ED6-6FB712A287A0}.AppStore|x86.ActiveCfg = Release|Any CPU
		{25B43FB3-85F2-44C7-9ED6-6FB712A287A0}.AppStore|x86.Build.0 = Release|Any CPU
		{25B43FB3-85F2-44C7-9ED6-6FB712A287A0}.Debug|Any CPU.ActiveCfg = Debug|Any CPU
		{25B43FB3-85F2-44C7-9ED6-6FB712A287A0}.Debug|Any CPU.Build.0 = Debug|Any CPU
		{25B43FB3-85F2-44C7-9ED6-6FB712A287A0}.Debug|ARM.ActiveCfg = Debug|Any CPU
		{25B43FB3-85F2-44C7-9ED6-6FB712A287A0}.Debug|ARM.Build.0 = Debug|Any CPU
		{25B43FB3-85F2-44C7-9ED6-6FB712A287A0}.Debug|iPhone.ActiveCfg = Debug|Any CPU
		{25B43FB3-85F2-44C7-9ED6-6FB712A287A0}.Debug|iPhone.Build.0 = Debug|Any CPU
		{25B43FB3-85F2-44C7-9ED6-6FB712A287A0}.Debug|iPhoneSimulator.ActiveCfg = Debug|Any CPU
		{25B43FB3-85F2-44C7-9ED6-6FB712A287A0}.Debug|iPhoneSimulator.Build.0 = Debug|Any CPU
		{25B43FB3-85F2-44C7-9ED6-6FB712A287A0}.Debug|x64.ActiveCfg = Debug|Any CPU
		{25B43FB3-85F2-44C7-9ED6-6FB712A287A0}.Debug|x64.Build.0 = Debug|Any CPU
		{25B43FB3-85F2-44C7-9ED6-6FB712A287A0}.Debug|x86.ActiveCfg = Debug|Any CPU
		{25B43FB3-85F2-44C7-9ED6-6FB712A287A0}.Debug|x86.Build.0 = Debug|Any CPU
		{25B43FB3-85F2-44C7-9ED6-6FB712A287A0}.Release|Any CPU.ActiveCfg = Release|Any CPU
		{25B43FB3-85F2-44C7-9ED6-6FB712A287A0}.Release|Any CPU.Build.0 = Release|Any CPU
		{25B43FB3-85F2-44C7-9ED6-6FB712A287A0}.Release|ARM.ActiveCfg = Release|Any CPU
		{25B43FB3-85F2-44C7-9ED6-6FB712A287A0}.Release|ARM.Build.0 = Release|Any CPU
		{25B43FB3-85F2-44C7-9ED6-6FB712A287A0}.Release|iPhone.ActiveCfg = Release|Any CPU
		{25B43FB3-85F2-44C7-9ED6-6FB712A287A0}.Release|iPhone.Build.0 = Release|Any CPU
		{25B43FB3-85F2-44C7-9ED6-6FB712A287A0}.Release|iPhoneSimulator.ActiveCfg = Release|Any CPU
		{25B43FB3-85F2-44C7-9ED6-6FB712A287A0}.Release|iPhoneSimulator.Build.0 = Release|Any CPU
		{25B43FB3-85F2-44C7-9ED6-6FB712A287A0}.Release|x64.ActiveCfg = Release|Any CPU
		{25B43FB3-85F2-44C7-9ED6-6FB712A287A0}.Release|x64.Build.0 = Release|Any CPU
		{25B43FB3-85F2-44C7-9ED6-6FB712A287A0}.Release|x86.ActiveCfg = Release|Any CPU
		{25B43FB3-85F2-44C7-9ED6-6FB712A287A0}.Release|x86.Build.0 = Release|Any CPU
	EndGlobalSection
	GlobalSection(SolutionProperties) = preSolution
		HideSolutionNode = FALSE
	EndGlobalSection
EndGlobal
