
Microsoft Visual Studio Solution File, Format Version 12.00
# Visual Studio 14
VisualStudioVersion = 14.0.25420.1
MinimumVisualStudioVersion = 10.0.40219.1
Project("{FAE04EC0-301F-11D3-BF4B-00C04F79EFBC}") = "Phoneword.Droid", "Phoneword\Phoneword.Droid\Phoneword.Droid.csproj", "{66DC4616-DBBE-46D6-BC0C-747D2985674D}"
EndProject
Project("{FAE04EC0-301F-11D3-BF4B-00C04F79EFBC}") = "Phoneword.iOS", "Phoneword\Phoneword.iOS\Phoneword.iOS.csproj", "{7AFCD180-966F-4AFE-B9C0-A6F881DBF608}"
EndProject
Project("{FAE04EC0-301F-11D3-BF4B-00C04F79EFBC}") = "Phoneword.WinPhone", "Phoneword\Phoneword.WinPhone\Phoneword.WinPhone.csproj", "{D69193E5-F4F2-4B62-86FA-025DE949A063}"
EndProject
Project("{FAE04EC0-301F-11D3-BF4B-00C04F79EFBC}") = "Phoneword.UWP", "Phoneword\Phoneword.UWP\Phoneword.UWP.csproj", "{9DAB93A5-78FC-4669-B48C-8E66BABEFB31}"
EndProject
Project("{FAE04EC0-301F-11D3-BF4B-00C04F79EFBC}") = "Phoneword.Windows", "Phoneword\Phoneword.Windows\Phoneword.Windows.csproj", "{7591239E-02E3-4082-96D4-8DDA6D2C27FE}"
EndProject
Project("{FAE04EC0-301F-11D3-BF4B-00C04F79EFBC}") = "Phoneword", "Phoneword\Phoneword\Phoneword.csproj", "{0E31697C-28B8-43D4-B6FE-FF3834AAC9A7}"
EndProject
Global
	GlobalSection(SolutionConfigurationPlatforms) = preSolution
		Ad-Hoc|Any CPU = Ad-Hoc|Any CPU
		Ad-Hoc|ARM = Ad-Hoc|ARM
		Ad-Hoc|iPhone = Ad-Hoc|iPhone
		Ad-Hoc|iPhoneSimulator = Ad-Hoc|iPhoneSimulator
		Ad-Hoc|x64 = Ad-Hoc|x64
		Ad-Hoc|x86 = Ad-Hoc|x86
		AppStore|Any CPU = AppStore|Any CPU
		AppStore|ARM = AppStore|ARM
		AppStore|iPhone = AppStore|iPhone
		AppStore|iPhoneSimulator = AppStore|iPhoneSimulator
		AppStore|x64 = AppStore|x64
		AppStore|x86 = AppStore|x86
		Debug|Any CPU = Debug|Any CPU
		Debug|ARM = Debug|ARM
		Debug|iPhone = Debug|iPhone
		Debug|iPhoneSimulator = Debug|iPhoneSimulator
		Debug|x64 = Debug|x64
		Debug|x86 = Debug|x86
		Release|Any CPU = Release|Any CPU
		Release|ARM = Release|ARM
		Release|iPhone = Release|iPhone
		Release|iPhoneSimulator = Release|iPhoneSimulator
		Release|x64 = Release|x64
		Release|x86 = Release|x86
	EndGlobalSection
	GlobalSection(ProjectConfigurationPlatforms) = postSolution
		{66DC4616-DBBE-46D6-BC0C-747D2985674D}.Ad-Hoc|Any CPU.ActiveCfg = Release|Any CPU
		{66DC4616-DBBE-46D6-BC0C-747D2985674D}.Ad-Hoc|Any CPU.Build.0 = Release|Any CPU
		{66DC4616-DBBE-46D6-BC0C-747D2985674D}.Ad-Hoc|Any CPU.Deploy.0 = Release|Any CPU
		{66DC4616-DBBE-46D6-BC0C-747D2985674D}.Ad-Hoc|ARM.ActiveCfg = Release|Any CPU
		{66DC4616-DBBE-46D6-BC0C-747D2985674D}.Ad-Hoc|ARM.Build.0 = Release|Any CPU
		{66DC4616-DBBE-46D6-BC0C-747D2985674D}.Ad-Hoc|ARM.Deploy.0 = Release|Any CPU
		{66DC4616-DBBE-46D6-BC0C-747D2985674D}.Ad-Hoc|iPhone.ActiveCfg = Release|Any CPU
		{66DC4616-DBBE-46D6-BC0C-747D2985674D}.Ad-Hoc|iPhone.Build.0 = Release|Any CPU
		{66DC4616-DBBE-46D6-BC0C-747D2985674D}.Ad-Hoc|iPhone.Deploy.0 = Release|Any CPU
		{66DC4616-DBBE-46D6-BC0C-747D2985674D}.Ad-Hoc|iPhoneSimulator.ActiveCfg = Release|Any CPU
		{66DC4616-DBBE-46D6-BC0C-747D2985674D}.Ad-Hoc|iPhoneSimulator.Build.0 = Release|Any CPU
		{66DC4616-DBBE-46D6-BC0C-747D2985674D}.Ad-Hoc|iPhoneSimulator.Deploy.0 = Release|Any CPU
		{66DC4616-DBBE-46D6-BC0C-747D2985674D}.Ad-Hoc|x64.ActiveCfg = Release|Any CPU
		{66DC4616-DBBE-46D6-BC0C-747D2985674D}.Ad-Hoc|x64.Build.0 = Release|Any CPU
		{66DC4616-DBBE-46D6-BC0C-747D2985674D}.Ad-Hoc|x64.Deploy.0 = Release|Any CPU
		{66DC4616-DBBE-46D6-BC0C-747D2985674D}.Ad-Hoc|x86.ActiveCfg = Release|Any CPU
		{66DC4616-DBBE-46D6-BC0C-747D2985674D}.Ad-Hoc|x86.Build.0 = Release|Any CPU
		{66DC4616-DBBE-46D6-BC0C-747D2985674D}.Ad-Hoc|x86.Deploy.0 = Release|Any CPU
		{66DC4616-DBBE-46D6-BC0C-747D2985674D}.AppStore|Any CPU.ActiveCfg = Release|Any CPU
		{66DC4616-DBBE-46D6-BC0C-747D2985674D}.AppStore|Any CPU.Build.0 = Release|Any CPU
		{66DC4616-DBBE-46D6-BC0C-747D2985674D}.AppStore|Any CPU.Deploy.0 = Release|Any CPU
		{66DC4616-DBBE-46D6-BC0C-747D2985674D}.AppStore|ARM.ActiveCfg = Release|Any CPU
		{66DC4616-DBBE-46D6-BC0C-747D2985674D}.AppStore|ARM.Build.0 = Release|Any CPU
		{66DC4616-DBBE-46D6-BC0C-747D2985674D}.AppStore|ARM.Deploy.0 = Release|Any CPU
		{66DC4616-DBBE-46D6-BC0C-747D2985674D}.AppStore|iPhone.ActiveCfg = Release|Any CPU
		{66DC4616-DBBE-46D6-BC0C-747D2985674D}.AppStore|iPhone.Build.0 = Release|Any CPU
		{66DC4616-DBBE-46D6-BC0C-747D2985674D}.AppStore|iPhone.Deploy.0 = Release|Any CPU
		{66DC4616-DBBE-46D6-BC0C-747D2985674D}.AppStore|iPhoneSimulator.ActiveCfg = Release|Any CPU
		{66DC4616-DBBE-46D6-BC0C-747D2985674D}.AppStore|iPhoneSimulator.Build.0 = Release|Any CPU
		{66DC4616-DBBE-46D6-BC0C-747D2985674D}.AppStore|iPhoneSimulator.Deploy.0 = Release|Any CPU
		{66DC4616-DBBE-46D6-BC0C-747D2985674D}.AppStore|x64.ActiveCfg = Release|Any CPU
		{66DC4616-DBBE-46D6-BC0C-747D2985674D}.AppStore|x64.Build.0 = Release|Any CPU
		{66DC4616-DBBE-46D6-BC0C-747D2985674D}.AppStore|x64.Deploy.0 = Release|Any CPU
		{66DC4616-DBBE-46D6-BC0C-747D2985674D}.AppStore|x86.ActiveCfg = Release|Any CPU
		{66DC4616-DBBE-46D6-BC0C-747D2985674D}.AppStore|x86.Build.0 = Release|Any CPU
		{66DC4616-DBBE-46D6-BC0C-747D2985674D}.AppStore|x86.Deploy.0 = Release|Any CPU
		{66DC4616-DBBE-46D6-BC0C-747D2985674D}.Debug|Any CPU.ActiveCfg = Debug|Any CPU
		{66DC4616-DBBE-46D6-BC0C-747D2985674D}.Debug|Any CPU.Build.0 = Debug|Any CPU
		{66DC4616-DBBE-46D6-BC0C-747D2985674D}.Debug|Any CPU.Deploy.0 = Debug|Any CPU
		{66DC4616-DBBE-46D6-BC0C-747D2985674D}.Debug|ARM.ActiveCfg = Debug|Any CPU
		{66DC4616-DBBE-46D6-BC0C-747D2985674D}.Debug|ARM.Build.0 = Debug|Any CPU
		{66DC4616-DBBE-46D6-BC0C-747D2985674D}.Debug|ARM.Deploy.0 = Debug|Any CPU
		{66DC4616-DBBE-46D6-BC0C-747D2985674D}.Debug|iPhone.ActiveCfg = Debug|Any CPU
		{66DC4616-DBBE-46D6-BC0C-747D2985674D}.Debug|iPhone.Build.0 = Debug|Any CPU
		{66DC4616-DBBE-46D6-BC0C-747D2985674D}.Debug|iPhone.Deploy.0 = Debug|Any CPU
		{66DC4616-DBBE-46D6-BC0C-747D2985674D}.Debug|iPhoneSimulator.ActiveCfg = Debug|Any CPU
		{66DC4616-DBBE-46D6-BC0C-747D2985674D}.Debug|iPhoneSimulator.Build.0 = Debug|Any CPU
		{66DC4616-DBBE-46D6-BC0C-747D2985674D}.Debug|iPhoneSimulator.Deploy.0 = Debug|Any CPU
		{66DC4616-DBBE-46D6-BC0C-747D2985674D}.Debug|x64.ActiveCfg = Debug|Any CPU
		{66DC4616-DBBE-46D6-BC0C-747D2985674D}.Debug|x64.Build.0 = Debug|Any CPU
		{66DC4616-DBBE-46D6-BC0C-747D2985674D}.Debug|x64.Deploy.0 = Debug|Any CPU
		{66DC4616-DBBE-46D6-BC0C-747D2985674D}.Debug|x86.ActiveCfg = Debug|Any CPU
		{66DC4616-DBBE-46D6-BC0C-747D2985674D}.Debug|x86.Build.0 = Debug|Any CPU
		{66DC4616-DBBE-46D6-BC0C-747D2985674D}.Debug|x86.Deploy.0 = Debug|Any CPU
		{66DC4616-DBBE-46D6-BC0C-747D2985674D}.Release|Any CPU.ActiveCfg = Release|Any CPU
		{66DC4616-DBBE-46D6-BC0C-747D2985674D}.Release|Any CPU.Build.0 = Release|Any CPU
		{66DC4616-DBBE-46D6-BC0C-747D2985674D}.Release|Any CPU.Deploy.0 = Release|Any CPU
		{66DC4616-DBBE-46D6-BC0C-747D2985674D}.Release|ARM.ActiveCfg = Release|Any CPU
		{66DC4616-DBBE-46D6-BC0C-747D2985674D}.Release|ARM.Build.0 = Release|Any CPU
		{66DC4616-DBBE-46D6-BC0C-747D2985674D}.Release|ARM.Deploy.0 = Release|Any CPU
		{66DC4616-DBBE-46D6-BC0C-747D2985674D}.Release|iPhone.ActiveCfg = Release|Any CPU
		{66DC4616-DBBE-46D6-BC0C-747D2985674D}.Release|iPhone.Build.0 = Release|Any CPU
		{66DC4616-DBBE-46D6-BC0C-747D2985674D}.Release|iPhone.Deploy.0 = Release|Any CPU
		{66DC4616-DBBE-46D6-BC0C-747D2985674D}.Release|iPhoneSimulator.ActiveCfg = Release|Any CPU
		{66DC4616-DBBE-46D6-BC0C-747D2985674D}.Release|iPhoneSimulator.Build.0 = Release|Any CPU
		{66DC4616-DBBE-46D6-BC0C-747D2985674D}.Release|iPhoneSimulator.Deploy.0 = Release|Any CPU
		{66DC4616-DBBE-46D6-BC0C-747D2985674D}.Release|x64.ActiveCfg = Release|Any CPU
		{66DC4616-DBBE-46D6-BC0C-747D2985674D}.Release|x64.Build.0 = Release|Any CPU
		{66DC4616-DBBE-46D6-BC0C-747D2985674D}.Release|x64.Deploy.0 = Release|Any CPU
		{66DC4616-DBBE-46D6-BC0C-747D2985674D}.Release|x86.ActiveCfg = Release|Any CPU
		{66DC4616-DBBE-46D6-BC0C-747D2985674D}.Release|x86.Build.0 = Release|Any CPU
		{66DC4616-DBBE-46D6-BC0C-747D2985674D}.Release|x86.Deploy.0 = Release|Any CPU
		{7AFCD180-966F-4AFE-B9C0-A6F881DBF608}.Ad-Hoc|Any CPU.ActiveCfg = Ad-Hoc|iPhone
		{7AFCD180-966F-4AFE-B9C0-A6F881DBF608}.Ad-Hoc|ARM.ActiveCfg = Ad-Hoc|iPhone
		{7AFCD180-966F-4AFE-B9C0-A6F881DBF608}.Ad-Hoc|iPhone.ActiveCfg = Ad-Hoc|iPhone
		{7AFCD180-966F-4AFE-B9C0-A6F881DBF608}.Ad-Hoc|iPhone.Build.0 = Ad-Hoc|iPhone
		{7AFCD180-966F-4AFE-B9C0-A6F881DBF608}.Ad-Hoc|iPhoneSimulator.ActiveCfg = Ad-Hoc|iPhoneSimulator
		{7AFCD180-966F-4AFE-B9C0-A6F881DBF608}.Ad-Hoc|iPhoneSimulator.Build.0 = Ad-Hoc|iPhoneSimulator
		{7AFCD180-966F-4AFE-B9C0-A6F881DBF608}.Ad-Hoc|x64.ActiveCfg = Ad-Hoc|iPhone
		{7AFCD180-966F-4AFE-B9C0-A6F881DBF608}.Ad-Hoc|x86.ActiveCfg = Ad-Hoc|iPhone
		{7AFCD180-966F-4AFE-B9C0-A6F881DBF608}.AppStore|Any CPU.ActiveCfg = AppStore|iPhone
		{7AFCD180-966F-4AFE-B9C0-A6F881DBF608}.AppStore|ARM.ActiveCfg = AppStore|iPhone
		{7AFCD180-966F-4AFE-B9C0-A6F881DBF608}.AppStore|iPhone.ActiveCfg = AppStore|iPhone
		{7AFCD180-966F-4AFE-B9C0-A6F881DBF608}.AppStore|iPhone.Build.0 = AppStore|iPhone
		{7AFCD180-966F-4AFE-B9C0-A6F881DBF608}.AppStore|iPhoneSimulator.ActiveCfg = AppStore|iPhoneSimulator
		{7AFCD180-966F-4AFE-B9C0-A6F881DBF608}.AppStore|iPhoneSimulator.Build.0 = AppStore|iPhoneSimulator
		{7AFCD180-966F-4AFE-B9C0-A6F881DBF608}.AppStore|x64.ActiveCfg = AppStore|iPhone
		{7AFCD180-966F-4AFE-B9C0-A6F881DBF608}.AppStore|x86.ActiveCfg = AppStore|iPhone
		{7AFCD180-966F-4AFE-B9C0-A6F881DBF608}.Debug|Any CPU.ActiveCfg = Debug|iPhone
		{7AFCD180-966F-4AFE-B9C0-A6F881DBF608}.Debug|ARM.ActiveCfg = Debug|iPhone
		{7AFCD180-966F-4AFE-B9C0-A6F881DBF608}.Debug|iPhone.ActiveCfg = Debug|iPhone
		{7AFCD180-966F-4AFE-B9C0-A6F881DBF608}.Debug|iPhone.Build.0 = Debug|iPhone
		{7AFCD180-966F-4AFE-B9C0-A6F881DBF608}.Debug|iPhoneSimulator.ActiveCfg = Debug|iPhoneSimulator
		{7AFCD180-966F-4AFE-B9C0-A6F881DBF608}.Debug|iPhoneSimulator.Build.0 = Debug|iPhoneSimulator
		{7AFCD180-966F-4AFE-B9C0-A6F881DBF608}.Debug|x64.ActiveCfg = Debug|iPhone
		{7AFCD180-966F-4AFE-B9C0-A6F881DBF608}.Debug|x86.ActiveCfg = Debug|iPhone
		{7AFCD180-966F-4AFE-B9C0-A6F881DBF608}.Release|Any CPU.ActiveCfg = Release|iPhone
		{7AFCD180-966F-4AFE-B9C0-A6F881DBF608}.Release|ARM.ActiveCfg = Release|iPhone
		{7AFCD180-966F-4AFE-B9C0-A6F881DBF608}.Release|iPhone.ActiveCfg = Release|iPhone
		{7AFCD180-966F-4AFE-B9C0-A6F881DBF608}.Release|iPhone.Build.0 = Release|iPhone
		{7AFCD180-966F-4AFE-B9C0-A6F881DBF608}.Release|iPhoneSimulator.ActiveCfg = Release|iPhoneSimulator
		{7AFCD180-966F-4AFE-B9C0-A6F881DBF608}.Release|iPhoneSimulator.Build.0 = Release|iPhoneSimulator
		{7AFCD180-966F-4AFE-B9C0-A6F881DBF608}.Release|x64.ActiveCfg = Release|iPhone
		{7AFCD180-966F-4AFE-B9C0-A6F881DBF608}.Release|x86.ActiveCfg = Release|iPhone
		{D69193E5-F4F2-4B62-86FA-025DE949A063}.Ad-Hoc|Any CPU.ActiveCfg = Release|Any CPU
		{D69193E5-F4F2-4B62-86FA-025DE949A063}.Ad-Hoc|Any CPU.Build.0 = Release|Any CPU
		{D69193E5-F4F2-4B62-86FA-025DE949A063}.Ad-Hoc|Any CPU.Deploy.0 = Release|Any CPU
		{D69193E5-F4F2-4B62-86FA-025DE949A063}.Ad-Hoc|ARM.ActiveCfg = Release|ARM
		{D69193E5-F4F2-4B62-86FA-025DE949A063}.Ad-Hoc|ARM.Build.0 = Release|ARM
		{D69193E5-F4F2-4B62-86FA-025DE949A063}.Ad-Hoc|ARM.Deploy.0 = Release|ARM
		{D69193E5-F4F2-4B62-86FA-025DE949A063}.Ad-Hoc|iPhone.ActiveCfg = Release|Any CPU
		{D69193E5-F4F2-4B62-86FA-025DE949A063}.Ad-Hoc|iPhone.Build.0 = Release|Any CPU
		{D69193E5-F4F2-4B62-86FA-025DE949A063}.Ad-Hoc|iPhone.Deploy.0 = Release|Any CPU
		{D69193E5-F4F2-4B62-86FA-025DE949A063}.Ad-Hoc|iPhoneSimulator.ActiveCfg = Release|Any CPU
		{D69193E5-F4F2-4B62-86FA-025DE949A063}.Ad-Hoc|iPhoneSimulator.Build.0 = Release|Any CPU
		{D69193E5-F4F2-4B62-86FA-025DE949A063}.Ad-Hoc|iPhoneSimulator.Deploy.0 = Release|Any CPU
		{D69193E5-F4F2-4B62-86FA-025DE949A063}.Ad-Hoc|x64.ActiveCfg = Release|Any CPU
		{D69193E5-F4F2-4B62-86FA-025DE949A063}.Ad-Hoc|x64.Build.0 = Release|Any CPU
		{D69193E5-F4F2-4B62-86FA-025DE949A063}.Ad-Hoc|x64.Deploy.0 = Release|Any CPU
		{D69193E5-F4F2-4B62-86FA-025DE949A063}.Ad-Hoc|x86.ActiveCfg = Release|x86
		{D69193E5-F4F2-4B62-86FA-025DE949A063}.Ad-Hoc|x86.Build.0 = Release|x86
		{D69193E5-F4F2-4B62-86FA-025DE949A063}.Ad-Hoc|x86.Deploy.0 = Release|x86
		{D69193E5-F4F2-4B62-86FA-025DE949A063}.AppStore|Any CPU.ActiveCfg = Release|Any CPU
		{D69193E5-F4F2-4B62-86FA-025DE949A063}.AppStore|Any CPU.Build.0 = Release|Any CPU
		{D69193E5-F4F2-4B62-86FA-025DE949A063}.AppStore|Any CPU.Deploy.0 = Release|Any CPU
		{D69193E5-F4F2-4B62-86FA-025DE949A063}.AppStore|ARM.ActiveCfg = Release|ARM
		{D69193E5-F4F2-4B62-86FA-025DE949A063}.AppStore|ARM.Build.0 = Release|ARM
		{D69193E5-F4F2-4B62-86FA-025DE949A063}.AppStore|ARM.Deploy.0 = Release|ARM
		{D69193E5-F4F2-4B62-86FA-025DE949A063}.AppStore|iPhone.ActiveCfg = Release|Any CPU
		{D69193E5-F4F2-4B62-86FA-025DE949A063}.AppStore|iPhone.Build.0 = Release|Any CPU
		{D69193E5-F4F2-4B62-86FA-025DE949A063}.AppStore|iPhone.Deploy.0 = Release|Any CPU
		{D69193E5-F4F2-4B62-86FA-025DE949A063}.AppStore|iPhoneSimulator.ActiveCfg = Release|Any CPU
		{D69193E5-F4F2-4B62-86FA-025DE949A063}.AppStore|iPhoneSimulator.Build.0 = Release|Any CPU
		{D69193E5-F4F2-4B62-86FA-025DE949A063}.AppStore|iPhoneSimulator.Deploy.0 = Release|Any CPU
		{D69193E5-F4F2-4B62-86FA-025DE949A063}.AppStore|x64.ActiveCfg = Release|Any CPU
		{D69193E5-F4F2-4B62-86FA-025DE949A063}.AppStore|x64.Build.0 = Release|Any CPU
		{D69193E5-F4F2-4B62-86FA-025DE949A063}.AppStore|x64.Deploy.0 = Release|Any CPU
		{D69193E5-F4F2-4B62-86FA-025DE949A063}.AppStore|x86.ActiveCfg = Release|x86
		{D69193E5-F4F2-4B62-86FA-025DE949A063}.AppStore|x86.Build.0 = Release|x86
		{D69193E5-F4F2-4B62-86FA-025DE949A063}.AppStore|x86.Deploy.0 = Release|x86
		{D69193E5-F4F2-4B62-86FA-025DE949A063}.Debug|Any CPU.ActiveCfg = Debug|Any CPU
		{D69193E5-F4F2-4B62-86FA-025DE949A063}.Debug|Any CPU.Build.0 = Debug|Any CPU
		{D69193E5-F4F2-4B62-86FA-025DE949A063}.Debug|Any CPU.Deploy.0 = Debug|Any CPU
		{D69193E5-F4F2-4B62-86FA-025DE949A063}.Debug|ARM.ActiveCfg = Debug|ARM
		{D69193E5-F4F2-4B62-86FA-025DE949A063}.Debug|ARM.Build.0 = Debug|ARM
		{D69193E5-F4F2-4B62-86FA-025DE949A063}.Debug|ARM.Deploy.0 = Debug|ARM
		{D69193E5-F4F2-4B62-86FA-025DE949A063}.Debug|iPhone.ActiveCfg = Debug|Any CPU
		{D69193E5-F4F2-4B62-86FA-025DE949A063}.Debug|iPhone.Build.0 = Debug|Any CPU
		{D69193E5-F4F2-4B62-86FA-025DE949A063}.Debug|iPhone.Deploy.0 = Debug|Any CPU
		{D69193E5-F4F2-4B62-86FA-025DE949A063}.Debug|iPhoneSimulator.ActiveCfg = Debug|Any CPU
		{D69193E5-F4F2-4B62-86FA-025DE949A063}.Debug|iPhoneSimulator.Build.0 = Debug|Any CPU
		{D69193E5-F4F2-4B62-86FA-025DE949A063}.Debug|iPhoneSimulator.Deploy.0 = Debug|Any CPU
		{D69193E5-F4F2-4B62-86FA-025DE949A063}.Debug|x64.ActiveCfg = Debug|Any CPU
		{D69193E5-F4F2-4B62-86FA-025DE949A063}.Debug|x64.Build.0 = Debug|Any CPU
		{D69193E5-F4F2-4B62-86FA-025DE949A063}.Debug|x64.Deploy.0 = Debug|Any CPU
		{D69193E5-F4F2-4B62-86FA-025DE949A063}.Debug|x86.ActiveCfg = Debug|x86
		{D69193E5-F4F2-4B62-86FA-025DE949A063}.Debug|x86.Build.0 = Debug|x86
		{D69193E5-F4F2-4B62-86FA-025DE949A063}.Debug|x86.Deploy.0 = Debug|x86
		{D69193E5-F4F2-4B62-86FA-025DE949A063}.Release|Any CPU.ActiveCfg = Release|Any CPU
		{D69193E5-F4F2-4B62-86FA-025DE949A063}.Release|Any CPU.Build.0 = Release|Any CPU
		{D69193E5-F4F2-4B62-86FA-025DE949A063}.Release|Any CPU.Deploy.0 = Release|Any CPU
		{D69193E5-F4F2-4B62-86FA-025DE949A063}.Release|ARM.ActiveCfg = Release|ARM
		{D69193E5-F4F2-4B62-86FA-025DE949A063}.Release|ARM.Build.0 = Release|ARM
		{D69193E5-F4F2-4B62-86FA-025DE949A063}.Release|ARM.Deploy.0 = Release|ARM
		{D69193E5-F4F2-4B62-86FA-025DE949A063}.Release|iPhone.ActiveCfg = Release|Any CPU
		{D69193E5-F4F2-4B62-86FA-025DE949A063}.Release|iPhone.Build.0 = Release|Any CPU
		{D69193E5-F4F2-4B62-86FA-025DE949A063}.Release|iPhone.Deploy.0 = Release|Any CPU
		{D69193E5-F4F2-4B62-86FA-025DE949A063}.Release|iPhoneSimulator.ActiveCfg = Release|Any CPU
		{D69193E5-F4F2-4B62-86FA-025DE949A063}.Release|iPhoneSimulator.Build.0 = Release|Any CPU
		{D69193E5-F4F2-4B62-86FA-025DE949A063}.Release|iPhoneSimulator.Deploy.0 = Release|Any CPU
		{D69193E5-F4F2-4B62-86FA-025DE949A063}.Release|x64.ActiveCfg = Release|Any CPU
		{D69193E5-F4F2-4B62-86FA-025DE949A063}.Release|x64.Build.0 = Release|Any CPU
		{D69193E5-F4F2-4B62-86FA-025DE949A063}.Release|x64.Deploy.0 = Release|Any CPU
		{D69193E5-F4F2-4B62-86FA-025DE949A063}.Release|x86.ActiveCfg = Release|x86
		{D69193E5-F4F2-4B62-86FA-025DE949A063}.Release|x86.Build.0 = Release|x86
		{D69193E5-F4F2-4B62-86FA-025DE949A063}.Release|x86.Deploy.0 = Release|x86
		{9DAB93A5-78FC-4669-B48C-8E66BABEFB31}.Ad-Hoc|Any CPU.ActiveCfg = Release|x86
		{9DAB93A5-78FC-4669-B48C-8E66BABEFB31}.Ad-Hoc|Any CPU.Build.0 = Release|x86
		{9DAB93A5-78FC-4669-B48C-8E66BABEFB31}.Ad-Hoc|Any CPU.Deploy.0 = Release|x86
		{9DAB93A5-78FC-4669-B48C-8E66BABEFB31}.Ad-Hoc|ARM.ActiveCfg = Release|ARM
		{9DAB93A5-78FC-4669-B48C-8E66BABEFB31}.Ad-Hoc|ARM.Build.0 = Release|ARM
		{9DAB93A5-78FC-4669-B48C-8E66BABEFB31}.Ad-Hoc|ARM.Deploy.0 = Release|ARM
		{9DAB93A5-78FC-4669-B48C-8E66BABEFB31}.Ad-Hoc|iPhone.ActiveCfg = Release|x86
		{9DAB93A5-78FC-4669-B48C-8E66BABEFB31}.Ad-Hoc|iPhone.Build.0 = Release|x86
		{9DAB93A5-78FC-4669-B48C-8E66BABEFB31}.Ad-Hoc|iPhone.Deploy.0 = Release|x86
		{9DAB93A5-78FC-4669-B48C-8E66BABEFB31}.Ad-Hoc|iPhoneSimulator.ActiveCfg = Release|x86
		{9DAB93A5-78FC-4669-B48C-8E66BABEFB31}.Ad-Hoc|iPhoneSimulator.Build.0 = Release|x86
		{9DAB93A5-78FC-4669-B48C-8E66BABEFB31}.Ad-Hoc|iPhoneSimulator.Deploy.0 = Release|x86
		{9DAB93A5-78FC-4669-B48C-8E66BABEFB31}.Ad-Hoc|x64.ActiveCfg = Release|x64
		{9DAB93A5-78FC-4669-B48C-8E66BABEFB31}.Ad-Hoc|x64.Build.0 = Release|x64
		{9DAB93A5-78FC-4669-B48C-8E66BABEFB31}.Ad-Hoc|x64.Deploy.0 = Release|x64
		{9DAB93A5-78FC-4669-B48C-8E66BABEFB31}.Ad-Hoc|x86.ActiveCfg = Release|x86
		{9DAB93A5-78FC-4669-B48C-8E66BABEFB31}.Ad-Hoc|x86.Build.0 = Release|x86
		{9DAB93A5-78FC-4669-B48C-8E66BABEFB31}.Ad-Hoc|x86.Deploy.0 = Release|x86
		{9DAB93A5-78FC-4669-B48C-8E66BABEFB31}.AppStore|Any CPU.ActiveCfg = Release|x86
		{9DAB93A5-78FC-4669-B48C-8E66BABEFB31}.AppStore|Any CPU.Build.0 = Release|x86
		{9DAB93A5-78FC-4669-B48C-8E66BABEFB31}.AppStore|Any CPU.Deploy.0 = Release|x86
		{9DAB93A5-78FC-4669-B48C-8E66BABEFB31}.AppStore|ARM.ActiveCfg = Release|ARM
		{9DAB93A5-78FC-4669-B48C-8E66BABEFB31}.AppStore|ARM.Build.0 = Release|ARM
		{9DAB93A5-78FC-4669-B48C-8E66BABEFB31}.AppStore|ARM.Deploy.0 = Release|ARM
		{9DAB93A5-78FC-4669-B48C-8E66BABEFB31}.AppStore|iPhone.ActiveCfg = Release|x86
		{9DAB93A5-78FC-4669-B48C-8E66BABEFB31}.AppStore|iPhone.Build.0 = Release|x86
		{9DAB93A5-78FC-4669-B48C-8E66BABEFB31}.AppStore|iPhone.Deploy.0 = Release|x86
		{9DAB93A5-78FC-4669-B48C-8E66BABEFB31}.AppStore|iPhoneSimulator.ActiveCfg = Release|x86
		{9DAB93A5-78FC-4669-B48C-8E66BABEFB31}.AppStore|iPhoneSimulator.Build.0 = Release|x86
		{9DAB93A5-78FC-4669-B48C-8E66BABEFB31}.AppStore|iPhoneSimulator.Deploy.0 = Release|x86
		{9DAB93A5-78FC-4669-B48C-8E66BABEFB31}.AppStore|x64.ActiveCfg = Release|x64
		{9DAB93A5-78FC-4669-B48C-8E66BABEFB31}.AppStore|x64.Build.0 = Release|x64
		{9DAB93A5-78FC-4669-B48C-8E66BABEFB31}.AppStore|x64.Deploy.0 = Release|x64
		{9DAB93A5-78FC-4669-B48C-8E66BABEFB31}.AppStore|x86.ActiveCfg = Release|x86
		{9DAB93A5-78FC-4669-B48C-8E66BABEFB31}.AppStore|x86.Build.0 = Release|x86
		{9DAB93A5-78FC-4669-B48C-8E66BABEFB31}.AppStore|x86.Deploy.0 = Release|x86
		{9DAB93A5-78FC-4669-B48C-8E66BABEFB31}.Debug|Any CPU.ActiveCfg = Debug|x86
		{9DAB93A5-78FC-4669-B48C-8E66BABEFB31}.Debug|ARM.ActiveCfg = Debug|ARM
		{9DAB93A5-78FC-4669-B48C-8E66BABEFB31}.Debug|ARM.Build.0 = Debug|ARM
		{9DAB93A5-78FC-4669-B48C-8E66BABEFB31}.Debug|ARM.Deploy.0 = Debug|ARM
		{9DAB93A5-78FC-4669-B48C-8E66BABEFB31}.Debug|iPhone.ActiveCfg = Debug|x86
		{9DAB93A5-78FC-4669-B48C-8E66BABEFB31}.Debug|iPhoneSimulator.ActiveCfg = Debug|x86
		{9DAB93A5-78FC-4669-B48C-8E66BABEFB31}.Debug|x64.ActiveCfg = Debug|x64
		{9DAB93A5-78FC-4669-B48C-8E66BABEFB31}.Debug|x64.Build.0 = Debug|x64
		{9DAB93A5-78FC-4669-B48C-8E66BABEFB31}.Debug|x64.Deploy.0 = Debug|x64
		{9DAB93A5-78FC-4669-B48C-8E66BABEFB31}.Debug|x86.ActiveCfg = Debug|x86
		{9DAB93A5-78FC-4669-B48C-8E66BABEFB31}.Debug|x86.Build.0 = Debug|x86
		{9DAB93A5-78FC-4669-B48C-8E66BABEFB31}.Debug|x86.Deploy.0 = Debug|x86
		{9DAB93A5-78FC-4669-B48C-8E66BABEFB31}.Release|Any CPU.ActiveCfg = Release|x86
		{9DAB93A5-78FC-4669-B48C-8E66BABEFB31}.Release|ARM.ActiveCfg = Release|ARM
		{9DAB93A5-78FC-4669-B48C-8E66BABEFB31}.Release|ARM.Build.0 = Release|ARM
		{9DAB93A5-78FC-4669-B48C-8E66BABEFB31}.Release|ARM.Deploy.0 = Release|ARM
		{9DAB93A5-78FC-4669-B48C-8E66BABEFB31}.Release|iPhone.ActiveCfg = Release|x86
		{9DAB93A5-78FC-4669-B48C-8E66BABEFB31}.Release|iPhoneSimulator.ActiveCfg = Release|x86
		{9DAB93A5-78FC-4669-B48C-8E66BABEFB31}.Release|x64.ActiveCfg = Release|x64
		{9DAB93A5-78FC-4669-B48C-8E66BABEFB31}.Release|x64.Build.0 = Release|x64
		{9DAB93A5-78FC-4669-B48C-8E66BABEFB31}.Release|x64.Deploy.0 = Release|x64
		{9DAB93A5-78FC-4669-B48C-8E66BABEFB31}.Release|x86.ActiveCfg = Release|x86
		{9DAB93A5-78FC-4669-B48C-8E66BABEFB31}.Release|x86.Build.0 = Release|x86
		{9DAB93A5-78FC-4669-B48C-8E66BABEFB31}.Release|x86.Deploy.0 = Release|x86
		{7591239E-02E3-4082-96D4-8DDA6D2C27FE}.Ad-Hoc|Any CPU.ActiveCfg = Release|Any CPU
		{7591239E-02E3-4082-96D4-8DDA6D2C27FE}.Ad-Hoc|Any CPU.Build.0 = Release|Any CPU
		{7591239E-02E3-4082-96D4-8DDA6D2C27FE}.Ad-Hoc|Any CPU.Deploy.0 = Release|Any CPU
		{7591239E-02E3-4082-96D4-8DDA6D2C27FE}.Ad-Hoc|ARM.ActiveCfg = Release|ARM
		{7591239E-02E3-4082-96D4-8DDA6D2C27FE}.Ad-Hoc|ARM.Build.0 = Release|ARM
		{7591239E-02E3-4082-96D4-8DDA6D2C27FE}.Ad-Hoc|ARM.Deploy.0 = Release|ARM
		{7591239E-02E3-4082-96D4-8DDA6D2C27FE}.Ad-Hoc|iPhone.ActiveCfg = Release|Any CPU
		{7591239E-02E3-4082-96D4-8DDA6D2C27FE}.Ad-Hoc|iPhone.Build.0 = Release|Any CPU
		{7591239E-02E3-4082-96D4-8DDA6D2C27FE}.Ad-Hoc|iPhone.Deploy.0 = Release|Any CPU
		{7591239E-02E3-4082-96D4-8DDA6D2C27FE}.Ad-Hoc|iPhoneSimulator.ActiveCfg = Release|Any CPU
		{7591239E-02E3-4082-96D4-8DDA6D2C27FE}.Ad-Hoc|iPhoneSimulator.Build.0 = Release|Any CPU
		{7591239E-02E3-4082-96D4-8DDA6D2C27FE}.Ad-Hoc|iPhoneSimulator.Deploy.0 = Release|Any CPU
		{7591239E-02E3-4082-96D4-8DDA6D2C27FE}.Ad-Hoc|x64.ActiveCfg = Release|x64
		{7591239E-02E3-4082-96D4-8DDA6D2C27FE}.Ad-Hoc|x64.Build.0 = Release|x64
		{7591239E-02E3-4082-96D4-8DDA6D2C27FE}.Ad-Hoc|x64.Deploy.0 = Release|x64
		{7591239E-02E3-4082-96D4-8DDA6D2C27FE}.Ad-Hoc|x86.ActiveCfg = Release|x86
		{7591239E-02E3-4082-96D4-8DDA6D2C27FE}.Ad-Hoc|x86.Build.0 = Release|x86
		{7591239E-02E3-4082-96D4-8DDA6D2C27FE}.Ad-Hoc|x86.Deploy.0 = Release|x86
		{7591239E-02E3-4082-96D4-8DDA6D2C27FE}.AppStore|Any CPU.ActiveCfg = Release|Any CPU
		{7591239E-02E3-4082-96D4-8DDA6D2C27FE}.AppStore|Any CPU.Build.0 = Release|Any CPU
		{7591239E-02E3-4082-96D4-8DDA6D2C27FE}.AppStore|Any CPU.Deploy.0 = Release|Any CPU
		{7591239E-02E3-4082-96D4-8DDA6D2C27FE}.AppStore|ARM.ActiveCfg = Release|ARM
		{7591239E-02E3-4082-96D4-8DDA6D2C27FE}.AppStore|ARM.Build.0 = Release|ARM
		{7591239E-02E3-4082-96D4-8DDA6D2C27FE}.AppStore|ARM.Deploy.0 = Release|ARM
		{7591239E-02E3-4082-96D4-8DDA6D2C27FE}.AppStore|iPhone.ActiveCfg = Release|Any CPU
		{7591239E-02E3-4082-96D4-8DDA6D2C27FE}.AppStore|iPhone.Build.0 = Release|Any CPU
		{7591239E-02E3-4082-96D4-8DDA6D2C27FE}.AppStore|iPhone.Deploy.0 = Release|Any CPU
		{7591239E-02E3-4082-96D4-8DDA6D2C27FE}.AppStore|iPhoneSimulator.ActiveCfg = Release|Any CPU
		{7591239E-02E3-4082-96D4-8DDA6D2C27FE}.AppStore|iPhoneSimulator.Build.0 = Release|Any CPU
		{7591239E-02E3-4082-96D4-8DDA6D2C27FE}.AppStore|iPhoneSimulator.Deploy.0 = Release|Any CPU
		{7591239E-02E3-4082-96D4-8DDA6D2C27FE}.AppStore|x64.ActiveCfg = Release|x64
		{7591239E-02E3-4082-96D4-8DDA6D2C27FE}.AppStore|x64.Build.0 = Release|x64
		{7591239E-02E3-4082-96D4-8DDA6D2C27FE}.AppStore|x64.Deploy.0 = Release|x64
		{7591239E-02E3-4082-96D4-8DDA6D2C27FE}.AppStore|x86.ActiveCfg = Release|x86
		{7591239E-02E3-4082-96D4-8DDA6D2C27FE}.AppStore|x86.Build.0 = Release|x86
		{7591239E-02E3-4082-96D4-8DDA6D2C27FE}.AppStore|x86.Deploy.0 = Release|x86
		{7591239E-02E3-4082-96D4-8DDA6D2C27FE}.Debug|Any CPU.ActiveCfg = Debug|Any CPU
		{7591239E-02E3-4082-96D4-8DDA6D2C27FE}.Debug|Any CPU.Build.0 = Debug|Any CPU
		{7591239E-02E3-4082-96D4-8DDA6D2C27FE}.Debug|Any CPU.Deploy.0 = Debug|Any CPU
		{7591239E-02E3-4082-96D4-8DDA6D2C27FE}.Debug|ARM.ActiveCfg = Debug|ARM
		{7591239E-02E3-4082-96D4-8DDA6D2C27FE}.Debug|ARM.Build.0 = Debug|ARM
		{7591239E-02E3-4082-96D4-8DDA6D2C27FE}.Debug|ARM.Deploy.0 = Debug|ARM
		{7591239E-02E3-4082-96D4-8DDA6D2C27FE}.Debug|iPhone.ActiveCfg = Debug|Any CPU
		{7591239E-02E3-4082-96D4-8DDA6D2C27FE}.Debug|iPhone.Build.0 = Debug|Any CPU
		{7591239E-02E3-4082-96D4-8DDA6D2C27FE}.Debug|iPhone.Deploy.0 = Debug|Any CPU
		{7591239E-02E3-4082-96D4-8DDA6D2C27FE}.Debug|iPhoneSimulator.ActiveCfg = Debug|Any CPU
		{7591239E-02E3-4082-96D4-8DDA6D2C27FE}.Debug|iPhoneSimulator.Build.0 = Debug|Any CPU
		{7591239E-02E3-4082-96D4-8DDA6D2C27FE}.Debug|iPhoneSimulator.Deploy.0 = Debug|Any CPU
		{7591239E-02E3-4082-96D4-8DDA6D2C27FE}.Debug|x64.ActiveCfg = Debug|x64
		{7591239E-02E3-4082-96D4-8DDA6D2C27FE}.Debug|x64.Build.0 = Debug|x64
		{7591239E-02E3-4082-96D4-8DDA6D2C27FE}.Debug|x64.Deploy.0 = Debug|x64
		{7591239E-02E3-4082-96D4-8DDA6D2C27FE}.Debug|x86.ActiveCfg = Debug|x86
		{7591239E-02E3-4082-96D4-8DDA6D2C27FE}.Debug|x86.Build.0 = Debug|x86
		{7591239E-02E3-4082-96D4-8DDA6D2C27FE}.Debug|x86.Deploy.0 = Debug|x86
		{7591239E-02E3-4082-96D4-8DDA6D2C27FE}.Release|Any CPU.ActiveCfg = Release|Any CPU
		{7591239E-02E3-4082-96D4-8DDA6D2C27FE}.Release|Any CPU.Build.0 = Release|Any CPU
		{7591239E-02E3-4082-96D4-8DDA6D2C27FE}.Release|Any CPU.Deploy.0 = Release|Any CPU
		{7591239E-02E3-4082-96D4-8DDA6D2C27FE}.Release|ARM.ActiveCfg = Release|ARM
		{7591239E-02E3-4082-96D4-8DDA6D2C27FE}.Release|ARM.Build.0 = Release|ARM
		{7591239E-02E3-4082-96D4-8DDA6D2C27FE}.Release|ARM.Deploy.0 = Release|ARM
		{7591239E-02E3-4082-96D4-8DDA6D2C27FE}.Release|iPhone.ActiveCfg = Release|Any CPU
		{7591239E-02E3-4082-96D4-8DDA6D2C27FE}.Release|iPhone.Build.0 = Release|Any CPU
		{7591239E-02E3-4082-96D4-8DDA6D2C27FE}.Release|iPhone.Deploy.0 = Release|Any CPU
		{7591239E-02E3-4082-96D4-8DDA6D2C27FE}.Release|iPhoneSimulator.ActiveCfg = Release|Any CPU
		{7591239E-02E3-4082-96D4-8DDA6D2C27FE}.Release|iPhoneSimulator.Build.0 = Release|Any CPU
		{7591239E-02E3-4082-96D4-8DDA6D2C27FE}.Release|iPhoneSimulator.Deploy.0 = Release|Any CPU
		{7591239E-02E3-4082-96D4-8DDA6D2C27FE}.Release|x64.ActiveCfg = Release|x64
		{7591239E-02E3-4082-96D4-8DDA6D2C27FE}.Release|x64.Build.0 = Release|x64
		{7591239E-02E3-4082-96D4-8DDA6D2C27FE}.Release|x64.Deploy.0 = Release|x64
		{7591239E-02E3-4082-96D4-8DDA6D2C27FE}.Release|x86.ActiveCfg = Release|x86
		{7591239E-02E3-4082-96D4-8DDA6D2C27FE}.Release|x86.Build.0 = Release|x86
		{7591239E-02E3-4082-96D4-8DDA6D2C27FE}.Release|x86.Deploy.0 = Release|x86
		{0E31697C-28B8-43D4-B6FE-FF3834AAC9A7}.Ad-Hoc|Any CPU.ActiveCfg = Release|Any CPU
		{0E31697C-28B8-43D4-B6FE-FF3834AAC9A7}.Ad-Hoc|Any CPU.Build.0 = Release|Any CPU
		{0E31697C-28B8-43D4-B6FE-FF3834AAC9A7}.Ad-Hoc|ARM.ActiveCfg = Release|Any CPU
		{0E31697C-28B8-43D4-B6FE-FF3834AAC9A7}.Ad-Hoc|ARM.Build.0 = Release|Any CPU
		{0E31697C-28B8-43D4-B6FE-FF3834AAC9A7}.Ad-Hoc|iPhone.ActiveCfg = Release|Any CPU
		{0E31697C-28B8-43D4-B6FE-FF3834AAC9A7}.Ad-Hoc|iPhone.Build.0 = Release|Any CPU
		{0E31697C-28B8-43D4-B6FE-FF3834AAC9A7}.Ad-Hoc|iPhoneSimulator.ActiveCfg = Release|Any CPU
		{0E31697C-28B8-43D4-B6FE-FF3834AAC9A7}.Ad-Hoc|iPhoneSimulator.Build.0 = Release|Any CPU
		{0E31697C-28B8-43D4-B6FE-FF3834AAC9A7}.Ad-Hoc|x64.ActiveCfg = Release|Any CPU
		{0E31697C-28B8-43D4-B6FE-FF3834AAC9A7}.Ad-Hoc|x64.Build.0 = Release|Any CPU
		{0E31697C-28B8-43D4-B6FE-FF3834AAC9A7}.Ad-Hoc|x86.ActiveCfg = Release|Any CPU
		{0E31697C-28B8-43D4-B6FE-FF3834AAC9A7}.Ad-Hoc|x86.Build.0 = Release|Any CPU
		{0E31697C-28B8-43D4-B6FE-FF3834AAC9A7}.AppStore|Any CPU.ActiveCfg = Release|Any CPU
		{0E31697C-28B8-43D4-B6FE-FF3834AAC9A7}.AppStore|Any CPU.Build.0 = Release|Any CPU
		{0E31697C-28B8-43D4-B6FE-FF3834AAC9A7}.AppStore|ARM.ActiveCfg = Release|Any CPU
		{0E31697C-28B8-43D4-B6FE-FF3834AAC9A7}.AppStore|ARM.Build.0 = Release|Any CPU
		{0E31697C-28B8-43D4-B6FE-FF3834AAC9A7}.AppStore|iPhone.ActiveCfg = Release|Any CPU
		{0E31697C-28B8-43D4-B6FE-FF3834AAC9A7}.AppStore|iPhone.Build.0 = Release|Any CPU
		{0E31697C-28B8-43D4-B6FE-FF3834AAC9A7}.AppStore|iPhoneSimulator.ActiveCfg = Release|Any CPU
		{0E31697C-28B8-43D4-B6FE-FF3834AAC9A7}.AppStore|iPhoneSimulator.Build.0 = Release|Any CPU
		{0E31697C-28B8-43D4-B6FE-FF3834AAC9A7}.AppStore|x64.ActiveCfg = Release|Any CPU
		{0E31697C-28B8-43D4-B6FE-FF3834AAC9A7}.AppStore|x64.Build.0 = Release|Any CPU
		{0E31697C-28B8-43D4-B6FE-FF3834AAC9A7}.AppStore|x86.ActiveCfg = Release|Any CPU
		{0E31697C-28B8-43D4-B6FE-FF3834AAC9A7}.AppStore|x86.Build.0 = Release|Any CPU
		{0E31697C-28B8-43D4-B6FE-FF3834AAC9A7}.Debug|Any CPU.ActiveCfg = Debug|Any CPU
		{0E31697C-28B8-43D4-B6FE-FF3834AAC9A7}.Debug|Any CPU.Build.0 = Debug|Any CPU
		{0E31697C-28B8-43D4-B6FE-FF3834AAC9A7}.Debug|ARM.ActiveCfg = Debug|Any CPU
		{0E31697C-28B8-43D4-B6FE-FF3834AAC9A7}.Debug|ARM.Build.0 = Debug|Any CPU
		{0E31697C-28B8-43D4-B6FE-FF3834AAC9A7}.Debug|iPhone.ActiveCfg = Debug|Any CPU
		{0E31697C-28B8-43D4-B6FE-FF3834AAC9A7}.Debug|iPhone.Build.0 = Debug|Any CPU
		{0E31697C-28B8-43D4-B6FE-FF3834AAC9A7}.Debug|iPhoneSimulator.ActiveCfg = Debug|Any CPU
		{0E31697C-28B8-43D4-B6FE-FF3834AAC9A7}.Debug|iPhoneSimulator.Build.0 = Debug|Any CPU
		{0E31697C-28B8-43D4-B6FE-FF3834AAC9A7}.Debug|x64.ActiveCfg = Debug|Any CPU
		{0E31697C-28B8-43D4-B6FE-FF3834AAC9A7}.Debug|x64.Build.0 = Debug|Any CPU
		{0E31697C-28B8-43D4-B6FE-FF3834AAC9A7}.Debug|x86.ActiveCfg = Debug|Any CPU
		{0E31697C-28B8-43D4-B6FE-FF3834AAC9A7}.Debug|x86.Build.0 = Debug|Any CPU
		{0E31697C-28B8-43D4-B6FE-FF3834AAC9A7}.Release|Any CPU.ActiveCfg = Release|Any CPU
		{0E31697C-28B8-43D4-B6FE-FF3834AAC9A7}.Release|Any CPU.Build.0 = Release|Any CPU
		{0E31697C-28B8-43D4-B6FE-FF3834AAC9A7}.Release|ARM.ActiveCfg = Release|Any CPU
		{0E31697C-28B8-43D4-B6FE-FF3834AAC9A7}.Release|ARM.Build.0 = Release|Any CPU
		{0E31697C-28B8-43D4-B6FE-FF3834AAC9A7}.Release|iPhone.ActiveCfg = Release|Any CPU
		{0E31697C-28B8-43D4-B6FE-FF3834AAC9A7}.Release|iPhone.Build.0 = Release|Any CPU
		{0E31697C-28B8-43D4-B6FE-FF3834AAC9A7}.Release|iPhoneSimulator.ActiveCfg = Release|Any CPU
		{0E31697C-28B8-43D4-B6FE-FF3834AAC9A7}.Release|iPhoneSimulator.Build.0 = Release|Any CPU
		{0E31697C-28B8-43D4-B6FE-FF3834AAC9A7}.Release|x64.ActiveCfg = Release|Any CPU
		{0E31697C-28B8-43D4-B6FE-FF3834AAC9A7}.Release|x64.Build.0 = Release|Any CPU
		{0E31697C-28B8-43D4-B6FE-FF3834AAC9A7}.Release|x86.ActiveCfg = Release|Any CPU
		{0E31697C-28B8-43D4-B6FE-FF3834AAC9A7}.Release|x86.Build.0 = Release|Any CPU
	EndGlobalSection
	GlobalSection(SolutionProperties) = preSolution
		HideSolutionNode = FALSE
	EndGlobalSection
EndGlobal
