
Microsoft Visual Studio Solution File, Format Version 12.00
# Visual Studio 14
VisualStudioVersion = 14.0.25420.1
MinimumVisualStudioVersion = 10.0.40219.1
Project("{FAE04EC0-301F-11D3-BF4B-00C04F79EFBC}") = "IOS2.Droid", "IOS2\IOS2.Droid\IOS2.Droid.csproj", "{19FD2673-B915-4E25-9E96-9DD8A72F56F3}"
EndProject
Project("{FAE04EC0-301F-11D3-BF4B-00C04F79EFBC}") = "IOS2.iOS", "IOS2\IOS2.iOS\IOS2.iOS.csproj", "{2B420FA2-8205-4577-B73D-F9A02CA40B62}"
EndProject
Project("{FAE04EC0-301F-11D3-BF4B-00C04F79EFBC}") = "IOS2", "IOS2\IOS2\IOS2.csproj", "{DBAA4B9B-0331-4867-86D6-0B3DAA766525}"
EndProject
Global
	GlobalSection(SolutionConfigurationPlatforms) = preSolution
		Ad-Hoc|Any CPU = Ad-Hoc|Any CPU
		Ad-Hoc|ARM = Ad-Hoc|ARM
		Ad-Hoc|iPhone = Ad-Hoc|iPhone
		Ad-Hoc|iPhoneSimulator = Ad-Hoc|iPhoneSimulator
		Ad-Hoc|x64 = Ad-Hoc|x64
		Ad-Hoc|x86 = Ad-Hoc|x86
		AppStore|Any CPU = AppStore|Any CPU
		AppStore|ARM = AppStore|ARM
		AppStore|iPhone = AppStore|iPhone
		AppStore|iPhoneSimulator = AppStore|iPhoneSimulator
		AppStore|x64 = AppStore|x64
		AppStore|x86 = AppStore|x86
		Debug|Any CPU = Debug|Any CPU
		Debug|ARM = Debug|ARM
		Debug|iPhone = Debug|iPhone
		Debug|iPhoneSimulator = Debug|iPhoneSimulator
		Debug|x64 = Debug|x64
		Debug|x86 = Debug|x86
		Release|Any CPU = Release|Any CPU
		Release|ARM = Release|ARM
		Release|iPhone = Release|iPhone
		Release|iPhoneSimulator = Release|iPhoneSimulator
		Release|x64 = Release|x64
		Release|x86 = Release|x86
	EndGlobalSection
	GlobalSection(ProjectConfigurationPlatforms) = postSolution
		{19FD2673-B915-4E25-9E96-9DD8A72F56F3}.Ad-Hoc|Any CPU.ActiveCfg = Release|Any CPU
		{19FD2673-B915-4E25-9E96-9DD8A72F56F3}.Ad-Hoc|Any CPU.Build.0 = Release|Any CPU
		{19FD2673-B915-4E25-9E96-9DD8A72F56F3}.Ad-Hoc|Any CPU.Deploy.0 = Release|Any CPU
		{19FD2673-B915-4E25-9E96-9DD8A72F56F3}.Ad-Hoc|ARM.ActiveCfg = Release|Any CPU
		{19FD2673-B915-4E25-9E96-9DD8A72F56F3}.Ad-Hoc|ARM.Build.0 = Release|Any CPU
		{19FD2673-B915-4E25-9E96-9DD8A72F56F3}.Ad-Hoc|ARM.Deploy.0 = Release|Any CPU
		{19FD2673-B915-4E25-9E96-9DD8A72F56F3}.Ad-Hoc|iPhone.ActiveCfg = Release|Any CPU
		{19FD2673-B915-4E25-9E96-9DD8A72F56F3}.Ad-Hoc|iPhone.Build.0 = Release|Any CPU
		{19FD2673-B915-4E25-9E96-9DD8A72F56F3}.Ad-Hoc|iPhone.Deploy.0 = Release|Any CPU
		{19FD2673-B915-4E25-9E96-9DD8A72F56F3}.Ad-Hoc|iPhoneSimulator.ActiveCfg = Release|Any CPU
		{19FD2673-B915-4E25-9E96-9DD8A72F56F3}.Ad-Hoc|iPhoneSimulator.Build.0 = Release|Any CPU
		{19FD2673-B915-4E25-9E96-9DD8A72F56F3}.Ad-Hoc|iPhoneSimulator.Deploy.0 = Release|Any CPU
		{19FD2673-B915-4E25-9E96-9DD8A72F56F3}.Ad-Hoc|x64.ActiveCfg = Release|Any CPU
		{19FD2673-B915-4E25-9E96-9DD8A72F56F3}.Ad-Hoc|x64.Build.0 = Release|Any CPU
		{19FD2673-B915-4E25-9E96-9DD8A72F56F3}.Ad-Hoc|x64.Deploy.0 = Release|Any CPU
		{19FD2673-B915-4E25-9E96-9DD8A72F56F3}.Ad-Hoc|x86.ActiveCfg = Release|Any CPU
		{19FD2673-B915-4E25-9E96-9DD8A72F56F3}.Ad-Hoc|x86.Build.0 = Release|Any CPU
		{19FD2673-B915-4E25-9E96-9DD8A72F56F3}.Ad-Hoc|x86.Deploy.0 = Release|Any CPU
		{19FD2673-B915-4E25-9E96-9DD8A72F56F3}.AppStore|Any CPU.ActiveCfg = Release|Any CPU
		{19FD2673-B915-4E25-9E96-9DD8A72F56F3}.AppStore|Any CPU.Build.0 = Release|Any CPU
		{19FD2673-B915-4E25-9E96-9DD8A72F56F3}.AppStore|Any CPU.Deploy.0 = Release|Any CPU
		{19FD2673-B915-4E25-9E96-9DD8A72F56F3}.AppStore|ARM.ActiveCfg = Release|Any CPU
		{19FD2673-B915-4E25-9E96-9DD8A72F56F3}.AppStore|ARM.Build.0 = Release|Any CPU
		{19FD2673-B915-4E25-9E96-9DD8A72F56F3}.AppStore|ARM.Deploy.0 = Release|Any CPU
		{19FD2673-B915-4E25-9E96-9DD8A72F56F3}.AppStore|iPhone.ActiveCfg = Release|Any CPU
		{19FD2673-B915-4E25-9E96-9DD8A72F56F3}.AppStore|iPhone.Build.0 = Release|Any CPU
		{19FD2673-B915-4E25-9E96-9DD8A72F56F3}.AppStore|iPhone.Deploy.0 = Release|Any CPU
		{19FD2673-B915-4E25-9E96-9DD8A72F56F3}.AppStore|iPhoneSimulator.ActiveCfg = Release|Any CPU
		{19FD2673-B915-4E25-9E96-9DD8A72F56F3}.AppStore|iPhoneSimulator.Build.0 = Release|Any CPU
		{19FD2673-B915-4E25-9E96-9DD8A72F56F3}.AppStore|iPhoneSimulator.Deploy.0 = Release|Any CPU
		{19FD2673-B915-4E25-9E96-9DD8A72F56F3}.AppStore|x64.ActiveCfg = Release|Any CPU
		{19FD2673-B915-4E25-9E96-9DD8A72F56F3}.AppStore|x64.Build.0 = Release|Any CPU
		{19FD2673-B915-4E25-9E96-9DD8A72F56F3}.AppStore|x64.Deploy.0 = Release|Any CPU
		{19FD2673-B915-4E25-9E96-9DD8A72F56F3}.AppStore|x86.ActiveCfg = Release|Any CPU
		{19FD2673-B915-4E25-9E96-9DD8A72F56F3}.AppStore|x86.Build.0 = Release|Any CPU
		{19FD2673-B915-4E25-9E96-9DD8A72F56F3}.AppStore|x86.Deploy.0 = Release|Any CPU
		{19FD2673-B915-4E25-9E96-9DD8A72F56F3}.Debug|Any CPU.ActiveCfg = Debug|Any CPU
		{19FD2673-B915-4E25-9E96-9DD8A72F56F3}.Debug|Any CPU.Build.0 = Debug|Any CPU
		{19FD2673-B915-4E25-9E96-9DD8A72F56F3}.Debug|Any CPU.Deploy.0 = Debug|Any CPU
		{19FD2673-B915-4E25-9E96-9DD8A72F56F3}.Debug|ARM.ActiveCfg = Debug|Any CPU
		{19FD2673-B915-4E25-9E96-9DD8A72F56F3}.Debug|ARM.Build.0 = Debug|Any CPU
		{19FD2673-B915-4E25-9E96-9DD8A72F56F3}.Debug|ARM.Deploy.0 = Debug|Any CPU
		{19FD2673-B915-4E25-9E96-9DD8A72F56F3}.Debug|iPhone.ActiveCfg = Debug|Any CPU
		{19FD2673-B915-4E25-9E96-9DD8A72F56F3}.Debug|iPhone.Build.0 = Debug|Any CPU
		{19FD2673-B915-4E25-9E96-9DD8A72F56F3}.Debug|iPhone.Deploy.0 = Debug|Any CPU
		{19FD2673-B915-4E25-9E96-9DD8A72F56F3}.Debug|iPhoneSimulator.ActiveCfg = Debug|Any CPU
		{19FD2673-B915-4E25-9E96-9DD8A72F56F3}.Debug|iPhoneSimulator.Build.0 = Debug|Any CPU
		{19FD2673-B915-4E25-9E96-9DD8A72F56F3}.Debug|iPhoneSimulator.Deploy.0 = Debug|Any CPU
		{19FD2673-B915-4E25-9E96-9DD8A72F56F3}.Debug|x64.ActiveCfg = Debug|Any CPU
		{19FD2673-B915-4E25-9E96-9DD8A72F56F3}.Debug|x64.Build.0 = Debug|Any CPU
		{19FD2673-B915-4E25-9E96-9DD8A72F56F3}.Debug|x64.Deploy.0 = Debug|Any CPU
		{19FD2673-B915-4E25-9E96-9DD8A72F56F3}.Debug|x86.ActiveCfg = Debug|Any CPU
		{19FD2673-B915-4E25-9E96-9DD8A72F56F3}.Debug|x86.Build.0 = Debug|Any CPU
		{19FD2673-B915-4E25-9E96-9DD8A72F56F3}.Debug|x86.Deploy.0 = Debug|Any CPU
		{19FD2673-B915-4E25-9E96-9DD8A72F56F3}.Release|Any CPU.ActiveCfg = Release|Any CPU
		{19FD2673-B915-4E25-9E96-9DD8A72F56F3}.Release|Any CPU.Build.0 = Release|Any CPU
		{19FD2673-B915-4E25-9E96-9DD8A72F56F3}.Release|Any CPU.Deploy.0 = Release|Any CPU
		{19FD2673-B915-4E25-9E96-9DD8A72F56F3}.Release|ARM.ActiveCfg = Release|Any CPU
		{19FD2673-B915-4E25-9E96-9DD8A72F56F3}.Release|ARM.Build.0 = Release|Any CPU
		{19FD2673-B915-4E25-9E96-9DD8A72F56F3}.Release|ARM.Deploy.0 = Release|Any CPU
		{19FD2673-B915-4E25-9E96-9DD8A72F56F3}.Release|iPhone.ActiveCfg = Release|Any CPU
		{19FD2673-B915-4E25-9E96-9DD8A72F56F3}.Release|iPhone.Build.0 = Release|Any CPU
		{19FD2673-B915-4E25-9E96-9DD8A72F56F3}.Release|iPhone.Deploy.0 = Release|Any CPU
		{19FD2673-B915-4E25-9E96-9DD8A72F56F3}.Release|iPhoneSimulator.ActiveCfg = Release|Any CPU
		{19FD2673-B915-4E25-9E96-9DD8A72F56F3}.Release|iPhoneSimulator.Build.0 = Release|Any CPU
		{19FD2673-B915-4E25-9E96-9DD8A72F56F3}.Release|iPhoneSimulator.Deploy.0 = Release|Any CPU
		{19FD2673-B915-4E25-9E96-9DD8A72F56F3}.Release|x64.ActiveCfg = Release|Any CPU
		{19FD2673-B915-4E25-9E96-9DD8A72F56F3}.Release|x64.Build.0 = Release|Any CPU
		{19FD2673-B915-4E25-9E96-9DD8A72F56F3}.Release|x64.Deploy.0 = Release|Any CPU
		{19FD2673-B915-4E25-9E96-9DD8A72F56F3}.Release|x86.ActiveCfg = Release|Any CPU
		{19FD2673-B915-4E25-9E96-9DD8A72F56F3}.Release|x86.Build.0 = Release|Any CPU
		{19FD2673-B915-4E25-9E96-9DD8A72F56F3}.Release|x86.Deploy.0 = Release|Any CPU
		{2B420FA2-8205-4577-B73D-F9A02CA40B62}.Ad-Hoc|Any CPU.ActiveCfg = Ad-Hoc|iPhone
		{2B420FA2-8205-4577-B73D-F9A02CA40B62}.Ad-Hoc|ARM.ActiveCfg = Ad-Hoc|iPhone
		{2B420FA2-8205-4577-B73D-F9A02CA40B62}.Ad-Hoc|iPhone.ActiveCfg = Ad-Hoc|iPhone
		{2B420FA2-8205-4577-B73D-F9A02CA40B62}.Ad-Hoc|iPhone.Build.0 = Ad-Hoc|iPhone
		{2B420FA2-8205-4577-B73D-F9A02CA40B62}.Ad-Hoc|iPhoneSimulator.ActiveCfg = Ad-Hoc|iPhoneSimulator
		{2B420FA2-8205-4577-B73D-F9A02CA40B62}.Ad-Hoc|iPhoneSimulator.Build.0 = Ad-Hoc|iPhoneSimulator
		{2B420FA2-8205-4577-B73D-F9A02CA40B62}.Ad-Hoc|x64.ActiveCfg = Ad-Hoc|iPhone
		{2B420FA2-8205-4577-B73D-F9A02CA40B62}.Ad-Hoc|x86.ActiveCfg = Ad-Hoc|iPhone
		{2B420FA2-8205-4577-B73D-F9A02CA40B62}.AppStore|Any CPU.ActiveCfg = AppStore|iPhone
		{2B420FA2-8205-4577-B73D-F9A02CA40B62}.AppStore|ARM.ActiveCfg = AppStore|iPhone
		{2B420FA2-8205-4577-B73D-F9A02CA40B62}.AppStore|iPhone.ActiveCfg = AppStore|iPhone
		{2B420FA2-8205-4577-B73D-F9A02CA40B62}.AppStore|iPhone.Build.0 = AppStore|iPhone
		{2B420FA2-8205-4577-B73D-F9A02CA40B62}.AppStore|iPhoneSimulator.ActiveCfg = AppStore|iPhoneSimulator
		{2B420FA2-8205-4577-B73D-F9A02CA40B62}.AppStore|iPhoneSimulator.Build.0 = AppStore|iPhoneSimulator
		{2B420FA2-8205-4577-B73D-F9A02CA40B62}.AppStore|x64.ActiveCfg = AppStore|iPhone
		{2B420FA2-8205-4577-B73D-F9A02CA40B62}.AppStore|x86.ActiveCfg = AppStore|iPhone
		{2B420FA2-8205-4577-B73D-F9A02CA40B62}.Debug|Any CPU.ActiveCfg = Debug|iPhone
		{2B420FA2-8205-4577-B73D-F9A02CA40B62}.Debug|ARM.ActiveCfg = Debug|iPhone
		{2B420FA2-8205-4577-B73D-F9A02CA40B62}.Debug|iPhone.ActiveCfg = Debug|iPhone
		{2B420FA2-8205-4577-B73D-F9A02CA40B62}.Debug|iPhone.Build.0 = Debug|iPhone
		{2B420FA2-8205-4577-B73D-F9A02CA40B62}.Debug|iPhoneSimulator.ActiveCfg = Debug|iPhoneSimulator
		{2B420FA2-8205-4577-B73D-F9A02CA40B62}.Debug|iPhoneSimulator.Build.0 = Debug|iPhoneSimulator
		{2B420FA2-8205-4577-B73D-F9A02CA40B62}.Debug|x64.ActiveCfg = Debug|iPhone
		{2B420FA2-8205-4577-B73D-F9A02CA40B62}.Debug|x86.ActiveCfg = Debug|iPhone
		{2B420FA2-8205-4577-B73D-F9A02CA40B62}.Release|Any CPU.ActiveCfg = Release|iPhone
		{2B420FA2-8205-4577-B73D-F9A02CA40B62}.Release|ARM.ActiveCfg = Release|iPhone
		{2B420FA2-8205-4577-B73D-F9A02CA40B62}.Release|iPhone.ActiveCfg = Release|iPhone
		{2B420FA2-8205-4577-B73D-F9A02CA40B62}.Release|iPhone.Build.0 = Release|iPhone
		{2B420FA2-8205-4577-B73D-F9A02CA40B62}.Release|iPhoneSimulator.ActiveCfg = Release|iPhoneSimulator
		{2B420FA2-8205-4577-B73D-F9A02CA40B62}.Release|iPhoneSimulator.Build.0 = Release|iPhoneSimulator
		{2B420FA2-8205-4577-B73D-F9A02CA40B62}.Release|x64.ActiveCfg = Release|iPhone
		{2B420FA2-8205-4577-B73D-F9A02CA40B62}.Release|x86.ActiveCfg = Release|iPhone
		{DBAA4B9B-0331-4867-86D6-0B3DAA766525}.Ad-Hoc|Any CPU.ActiveCfg = Release|Any CPU
		{DBAA4B9B-0331-4867-86D6-0B3DAA766525}.Ad-Hoc|Any CPU.Build.0 = Release|Any CPU
		{DBAA4B9B-0331-4867-86D6-0B3DAA766525}.Ad-Hoc|ARM.ActiveCfg = Release|Any CPU
		{DBAA4B9B-0331-4867-86D6-0B3DAA766525}.Ad-Hoc|ARM.Build.0 = Release|Any CPU
		{DBAA4B9B-0331-4867-86D6-0B3DAA766525}.Ad-Hoc|iPhone.ActiveCfg = Release|Any CPU
		{DBAA4B9B-0331-4867-86D6-0B3DAA766525}.Ad-Hoc|iPhone.Build.0 = Release|Any CPU
		{DBAA4B9B-0331-4867-86D6-0B3DAA766525}.Ad-Hoc|iPhoneSimulator.ActiveCfg = Release|Any CPU
		{DBAA4B9B-0331-4867-86D6-0B3DAA766525}.Ad-Hoc|iPhoneSimulator.Build.0 = Release|Any CPU
		{DBAA4B9B-0331-4867-86D6-0B3DAA766525}.Ad-Hoc|x64.ActiveCfg = Release|Any CPU
		{DBAA4B9B-0331-4867-86D6-0B3DAA766525}.Ad-Hoc|x64.Build.0 = Release|Any CPU
		{DBAA4B9B-0331-4867-86D6-0B3DAA766525}.Ad-Hoc|x86.ActiveCfg = Release|Any CPU
		{DBAA4B9B-0331-4867-86D6-0B3DAA766525}.Ad-Hoc|x86.Build.0 = Release|Any CPU
		{DBAA4B9B-0331-4867-86D6-0B3DAA766525}.AppStore|Any CPU.ActiveCfg = Release|Any CPU
		{DBAA4B9B-0331-4867-86D6-0B3DAA766525}.AppStore|Any CPU.Build.0 = Release|Any CPU
		{DBAA4B9B-0331-4867-86D6-0B3DAA766525}.AppStore|ARM.ActiveCfg = Release|Any CPU
		{DBAA4B9B-0331-4867-86D6-0B3DAA766525}.AppStore|ARM.Build.0 = Release|Any CPU
		{DBAA4B9B-0331-4867-86D6-0B3DAA766525}.AppStore|iPhone.ActiveCfg = Release|Any CPU
		{DBAA4B9B-0331-4867-86D6-0B3DAA766525}.AppStore|iPhone.Build.0 = Release|Any CPU
		{DBAA4B9B-0331-4867-86D6-0B3DAA766525}.AppStore|iPhoneSimulator.ActiveCfg = Release|Any CPU
		{DBAA4B9B-0331-4867-86D6-0B3DAA766525}.AppStore|iPhoneSimulator.Build.0 = Release|Any CPU
		{DBAA4B9B-0331-4867-86D6-0B3DAA766525}.AppStore|x64.ActiveCfg = Release|Any CPU
		{DBAA4B9B-0331-4867-86D6-0B3DAA766525}.AppStore|x64.Build.0 = Release|Any CPU
		{DBAA4B9B-0331-4867-86D6-0B3DAA766525}.AppStore|x86.ActiveCfg = Release|Any CPU
		{DBAA4B9B-0331-4867-86D6-0B3DAA766525}.AppStore|x86.Build.0 = Release|Any CPU
		{DBAA4B9B-0331-4867-86D6-0B3DAA766525}.Debug|Any CPU.ActiveCfg = Debug|Any CPU
		{DBAA4B9B-0331-4867-86D6-0B3DAA766525}.Debug|Any CPU.Build.0 = Debug|Any CPU
		{DBAA4B9B-0331-4867-86D6-0B3DAA766525}.Debug|ARM.ActiveCfg = Debug|Any CPU
		{DBAA4B9B-0331-4867-86D6-0B3DAA766525}.Debug|ARM.Build.0 = Debug|Any CPU
		{DBAA4B9B-0331-4867-86D6-0B3DAA766525}.Debug|iPhone.ActiveCfg = Debug|Any CPU
		{DBAA4B9B-0331-4867-86D6-0B3DAA766525}.Debug|iPhone.Build.0 = Debug|Any CPU
		{DBAA4B9B-0331-4867-86D6-0B3DAA766525}.Debug|iPhoneSimulator.ActiveCfg = Debug|Any CPU
		{DBAA4B9B-0331-4867-86D6-0B3DAA766525}.Debug|iPhoneSimulator.Build.0 = Debug|Any CPU
		{DBAA4B9B-0331-4867-86D6-0B3DAA766525}.Debug|x64.ActiveCfg = Debug|Any CPU
		{DBAA4B9B-0331-4867-86D6-0B3DAA766525}.Debug|x64.Build.0 = Debug|Any CPU
		{DBAA4B9B-0331-4867-86D6-0B3DAA766525}.Debug|x86.ActiveCfg = Debug|Any CPU
		{DBAA4B9B-0331-4867-86D6-0B3DAA766525}.Debug|x86.Build.0 = Debug|Any CPU
		{DBAA4B9B-0331-4867-86D6-0B3DAA766525}.Release|Any CPU.ActiveCfg = Release|Any CPU
		{DBAA4B9B-0331-4867-86D6-0B3DAA766525}.Release|Any CPU.Build.0 = Release|Any CPU
		{DBAA4B9B-0331-4867-86D6-0B3DAA766525}.Release|ARM.ActiveCfg = Release|Any CPU
		{DBAA4B9B-0331-4867-86D6-0B3DAA766525}.Release|ARM.Build.0 = Release|Any CPU
		{DBAA4B9B-0331-4867-86D6-0B3DAA766525}.Release|iPhone.ActiveCfg = Release|Any CPU
		{DBAA4B9B-0331-4867-86D6-0B3DAA766525}.Release|iPhone.Build.0 = Release|Any CPU
		{DBAA4B9B-0331-4867-86D6-0B3DAA766525}.Release|iPhoneSimulator.ActiveCfg = Release|Any CPU
		{DBAA4B9B-0331-4867-86D6-0B3DAA766525}.Release|iPhoneSimulator.Build.0 = Release|Any CPU
		{DBAA4B9B-0331-4867-86D6-0B3DAA766525}.Release|x64.ActiveCfg = Release|Any CPU
		{DBAA4B9B-0331-4867-86D6-0B3DAA766525}.Release|x64.Build.0 = Release|Any CPU
		{DBAA4B9B-0331-4867-86D6-0B3DAA766525}.Release|x86.ActiveCfg = Release|Any CPU
		{DBAA4B9B-0331-4867-86D6-0B3DAA766525}.Release|x86.Build.0 = Release|Any CPU
	EndGlobalSection
	GlobalSection(SolutionProperties) = preSolution
		HideSolutionNode = FALSE
	EndGlobalSection
EndGlobal
